{
  "version": 4,
  "terraform_version": "1.4.2",
  "serial": 1367,
  "lineage": "2092e402-075f-95b6-812d-d471d091cdf1",
  "outputs": {},
  "resources": [
    {
      "mode": "data",
      "type": "oci_core_service_gateways",
      "name": "service_gateways",
      "provider": "provider[\"registry.terraform.io/oracle/oci\"]",
      "instances": [
        {
          "schema_version": 0,
          "attributes": {
            "compartment_id": "ocid1.tenancy.oc1..aaaaaaaavq7mli6vqbhibwzbkywghhu7v233cjudlejd5jgyqwsdsuen77ba",
            "filter": null,
            "id": "CoreServiceGatewaysDataSource-1353887103",
            "service_gateways": [],
            "state": null,
            "vcn_id": "ocid1.vcn.oc1.iad.amaaaaaaxvowp3iafaj64rfo2dai5cpqwluke7s4rsj3dzdnxct7adydgn6a"
          },
          "sensitive_attributes": []
        }
      ]
    },
    {
      "mode": "data",
      "type": "oci_core_services",
      "name": "non_prod_services",
      "provider": "provider[\"registry.terraform.io/oracle/oci\"].non_prod_reg",
      "instances": [
        {
          "schema_version": 0,
          "attributes": {
            "filter": null,
            "id": "CoreServicesDataSource-0",
            "services": [
              {
                "cidr_block": "all-phx-services-in-oracle-services-network",
                "description": "All PHX Services In Oracle Services Network",
                "id": "ocid1.service.oc1.phx.aaaaaaaasgvxtsqcj2jkt2xppos637xym4ab5qqqptgwjd4guj7v3d26t7oa",
                "name": "All PHX Services In Oracle Services Network"
              },
              {
                "cidr_block": "oci-phx-objectstorage",
                "description": "OCI PHX Object Storage",
                "id": "ocid1.service.oc1.phx.aaaaaaaazp7dkucj2vrojgsu54cjgdqu4bn7gyn6zoi2ds6qa5hrrjggzbdq",
                "name": "OCI PHX Object Storage"
              }
            ]
          },
          "sensitive_attributes": []
        }
      ]
    },
    {
      "mode": "data",
      "type": "oci_core_services",
      "name": "services",
      "provider": "provider[\"registry.terraform.io/oracle/oci\"]",
      "instances": [
        {
          "schema_version": 0,
          "attributes": {
            "filter": null,
            "id": "CoreServicesDataSource-0",
            "services": [
              {
                "cidr_block": "oci-iad-objectstorage",
                "description": "OCI IAD Object Storage",
                "id": "ocid1.service.oc1.iad.aaaaaaaa74z6sqsezqf6znyomdp5jkvfwb4j2ol33abgosvnhxcqphyl3eaq",
                "name": "OCI IAD Object Storage"
              },
              {
                "cidr_block": "all-iad-services-in-oracle-services-network",
                "description": "All IAD Services In Oracle Services Network",
                "id": "ocid1.service.oc1.iad.aaaaaaaam4zfmy2rjue6fmglumm3czgisxzrnvrwqeodtztg7hwa272mlfna",
                "name": "All IAD Services In Oracle Services Network"
              }
            ]
          },
          "sensitive_attributes": []
        }
      ]
    },
    {
      "mode": "data",
      "type": "oci_identity_availability_domains",
      "name": "non_prod_region",
      "provider": "provider[\"registry.terraform.io/oracle/oci\"]",
      "instances": [
        {
          "schema_version": 0,
          "attributes": {
            "availability_domains": [
              {
                "compartment_id": "ocid1.tenancy.oc1..aaaaaaaavq7mli6vqbhibwzbkywghhu7v233cjudlejd5jgyqwsdsuen77ba",
                "id": "ocid1.availabilitydomain.oc1..aaaaaaaatrwxaogr7dl4yschqtrmqrdv6uzis3mgbnomiagqrfhcb7mxsfdq",
                "name": "QofI:US-ASHBURN-AD-1"
              },
              {
                "compartment_id": "ocid1.tenancy.oc1..aaaaaaaavq7mli6vqbhibwzbkywghhu7v233cjudlejd5jgyqwsdsuen77ba",
                "id": "ocid1.availabilitydomain.oc1..aaaaaaaauvt2n7pijol7uqgdnnsoojcukrijtmcltvfwxazmitk235wyohta",
                "name": "QofI:US-ASHBURN-AD-2"
              },
              {
                "compartment_id": "ocid1.tenancy.oc1..aaaaaaaavq7mli6vqbhibwzbkywghhu7v233cjudlejd5jgyqwsdsuen77ba",
                "id": "ocid1.availabilitydomain.oc1..aaaaaaaaztunlny6ae4yw2vghp5go2zceaonwp6wiioe3tnh2vlaxjjl2n3a",
                "name": "QofI:US-ASHBURN-AD-3"
              }
            ],
            "compartment_id": "ocid1.tenancy.oc1..aaaaaaaavq7mli6vqbhibwzbkywghhu7v233cjudlejd5jgyqwsdsuen77ba",
            "filter": null,
            "id": "IdentityAvailabilityDomainsDataSource-1894861944"
          },
          "sensitive_attributes": []
        }
      ]
    },
    {
      "mode": "data",
      "type": "oci_identity_region_subscriptions",
      "name": "regions",
      "provider": "provider[\"registry.terraform.io/oracle/oci\"]",
      "instances": [
        {
          "schema_version": 0,
          "attributes": {
            "filter": null,
            "id": "IdentityRegionSubscriptionsDataSource-1894861944",
            "region_subscriptions": [
              {
                "is_home_region": true,
                "region_key": "IAD",
                "region_name": "us-ashburn-1",
                "state": "READY",
                "tenancy_id": ""
              },
              {
                "is_home_region": false,
                "region_key": "PHX",
                "region_name": "us-phoenix-1",
                "state": "READY",
                "tenancy_id": ""
              }
            ],
            "tenancy_id": "ocid1.tenancy.oc1..aaaaaaaavq7mli6vqbhibwzbkywghhu7v233cjudlejd5jgyqwsdsuen77ba"
          },
          "sensitive_attributes": []
        }
      ]
    },
    {
      "mode": "managed",
      "type": "oci_announcements_service_announcement_subscription",
      "name": "announcement_subscription",
      "provider": "provider[\"registry.terraform.io/oracle/oci\"]",
      "instances": [
        {
          "schema_version": 0,
          "attributes": {
            "compartment_id": "ocid1.compartment.oc1..aaaaaaaasngmebgnyqvnk46o72zd4nvryidpjdxxzzu6avnbtlnmdzigemda",
            "defined_tags": {
              "Oracle-Tags.CreatedBy": "default/gaurav.shirsathe@infosys.com",
              "Oracle-Tags.CreatedOn": "2023-09-12T13:34:10.892Z"
            },
            "description": null,
            "display_name": "Prod-Security-Critical-Announcement",
            "filter_groups": [],
            "freeform_tags": {},
            "id": "ocid1.announcementsubscription.oc1.iad.amaaaaaaxvowp3iatz54eyntk7ugfzcle22dxptiwjhdt4u2egxblqtdbljq",
            "lifecycle_details": null,
            "ons_topic_id": "ocid1.onstopic.oc1.iad.aaaaaaaaamasbywolmufcjpbyeiruj5lex3fqly2fnkuiskdaqquady3uobq",
            "preferred_language": null,
            "preferred_time_zone": "UTC",
            "state": "ACTIVE",
            "system_tags": {},
            "time_created": "2023-09-12 13:34:11.261 +0000 UTC",
            "time_updated": "2023-09-12 13:34:11.261 +0000 UTC",
            "timeouts": null
          },
          "sensitive_attributes": [],
          "private": "eyJlMmJmYjczMC1lY2FhLTExZTYtOGY4OC0zNDM2M2JjN2M0YzAiOnsiY3JlYXRlIjoxMjAwMDAwMDAwMDAwLCJkZWxldGUiOjEyMDAwMDAwMDAwMDAsInVwZGF0ZSI6MTIwMDAwMDAwMDAwMH19",
          "dependencies": [
            "oci_identity_compartment.home_compartment",
            "oci_identity_compartment.prod_environment_compartment",
            "oci_identity_compartment.prod_security_compartment",
            "oci_ons_notification_topic.budget_notification_topic"
          ]
        }
      ]
    },
    {
      "mode": "managed",
      "type": "oci_bastion_bastion",
      "name": "bastion",
      "provider": "provider[\"registry.terraform.io/oracle/oci\"]",
      "instances": [
        {
          "schema_version": 0,
          "attributes": {
            "bastion_type": "STANDARD",
            "client_cidr_block_allow_list": [
              "0.0.0.0/0"
            ],
            "compartment_id": "ocid1.compartment.oc1..aaaaaaaaa7v2byym23kfkyhdz34a6qsdfzz3xrjsdoihykwqtjspcccjciaa",
            "defined_tags": {
              "tag-oci.tag-key-env": "prod",
              "tag-oci.tag-key-reg": "ash"
            },
            "dns_proxy_status": "DISABLED",
            "freeform_tags": {},
            "id": "ocid1.bastion.oc1.iad.amaaaaaaxvowp3iaosr4yamywrn3csvzy5serj6yhi6ze3liuphjoc52p5nq",
            "lifecycle_details": null,
            "max_session_ttl_in_seconds": 1800,
            "max_sessions_allowed": 20,
            "name": "DEMO_BASTION",
            "phone_book_entry": null,
            "private_endpoint_ip_address": "10.0.66.26",
            "state": "ACTIVE",
            "static_jump_host_ip_addresses": [],
            "system_tags": {},
            "target_subnet_id": "ocid1.subnet.oc1.iad.aaaaaaaas2jlqkqekxfooj4bl33wah7icg6ghiebl5ttq2jfqv6jq27vvpsq",
            "target_vcn_id": "ocid1.vcn.oc1.iad.amaaaaaaxvowp3iafaj64rfo2dai5cpqwluke7s4rsj3dzdnxct7adydgn6a",
            "time_created": "2023-09-12 13:34:30.611 +0000 UTC",
            "time_updated": "2023-09-12 13:36:36.904 +0000 UTC",
            "timeouts": null
          },
          "sensitive_attributes": [],
          "private": "eyJlMmJmYjczMC1lY2FhLTExZTYtOGY4OC0zNDM2M2JjN2M0YzAiOnsiY3JlYXRlIjoxMjAwMDAwMDAwMDAwLCJkZWxldGUiOjEyMDAwMDAwMDAwMDAsInVwZGF0ZSI6MTIwMDAwMDAwMDAwMH19",
          "dependencies": [
            "oci_core_nat_gateway.hub_nat_gateway",
            "oci_core_route_table.hub_mgmt_route_table",
            "oci_core_security_list.hub_mgmt_security_list",
            "oci_core_subnet.hub_mgmt_subnet",
            "oci_core_vcn.hub_vcn",
            "oci_identity_compartment.home_compartment",
            "oci_identity_compartment.hub_compartment",
            "oci_identity_compartment.hub_management_compartment",
            "oci_identity_compartment.hub_network_compartment"
          ]
        }
      ]
    },
    {
      "mode": "managed",
      "type": "oci_core_drg",
      "name": "drg",
      "provider": "provider[\"registry.terraform.io/oracle/oci\"]",
      "instances": [
        {
          "schema_version": 0,
          "attributes": {
            "compartment_id": "ocid1.compartment.oc1..aaaaaaaacr7x7wu5dssnigfwunej3xkh36csqdc3jk3cnzixuds4kjkea5zq",
            "default_drg_route_tables": [
              {
                "ipsec_tunnel": "ocid1.drgroutetable.oc1.iad.aaaaaaaah7ei2eknegoxtoass456whdarouawyap4yf3dy2jc6zykrtyloia",
                "remote_peering_connection": "ocid1.drgroutetable.oc1.iad.aaaaaaaah7ei2eknegoxtoass456whdarouawyap4yf3dy2jc6zykrtyloia",
                "vcn": "ocid1.drgroutetable.oc1.iad.aaaaaaaasu2drq5szauxgmozbry5t3apd7gpruscysksxa7vwbhizbqioysa",
                "virtual_circuit": "ocid1.drgroutetable.oc1.iad.aaaaaaaah7ei2eknegoxtoass456whdarouawyap4yf3dy2jc6zykrtyloia"
              }
            ],
            "default_export_drg_route_distribution_id": "ocid1.drgroutedistribution.oc1.iad.aaaaaaaai3r32lttadyudl2yjinwxm5xwidsz3bbhx3zjmprojnr5sv2gdmq",
            "defined_tags": {
              "tag-oci.tag-key-env": "prod",
              "tag-oci.tag-key-reg": "ash"
            },
            "display_name": "drg-hub-iad",
            "freeform_tags": {},
            "id": "ocid1.drg.oc1.iad.aaaaaaaawrnec727gkzngro27yjxowl677xtpmfsqb4zwq6cjs3d545brorq",
            "redundancy_status": "NOT_AVAILABLE",
            "state": "AVAILABLE",
            "time_created": "2023-09-12 13:34:19.82 +0000 UTC",
            "timeouts": null
          },
          "sensitive_attributes": [],
          "private": "eyJlMmJmYjczMC1lY2FhLTExZTYtOGY4OC0zNDM2M2JjN2M0YzAiOnsiY3JlYXRlIjoxMjAwMDAwMDAwMDAwLCJkZWxldGUiOjEyMDAwMDAwMDAwMDAsInVwZGF0ZSI6MTIwMDAwMDAwMDAwMH19",
          "dependencies": [
            "oci_identity_compartment.home_compartment",
            "oci_identity_compartment.hub_compartment",
            "oci_identity_compartment.hub_network_compartment"
          ]
        }
      ]
    },
    {
      "mode": "managed",
      "type": "oci_core_drg",
      "name": "np_drg",
      "provider": "provider[\"registry.terraform.io/oracle/oci\"].non_prod_reg",
      "instances": [
        {
          "schema_version": 0,
          "attributes": {
            "compartment_id": "ocid1.compartment.oc1..aaaaaaaacr7x7wu5dssnigfwunej3xkh36csqdc3jk3cnzixuds4kjkea5zq",
            "default_drg_route_tables": [
              {
                "ipsec_tunnel": "ocid1.drgroutetable.oc1.phx.aaaaaaaaiqolsphpza5m56kmqlyped5pzexhjtgta6xt4k6alcfrn2hgx3tq",
                "remote_peering_connection": "ocid1.drgroutetable.oc1.phx.aaaaaaaaiqolsphpza5m56kmqlyped5pzexhjtgta6xt4k6alcfrn2hgx3tq",
                "vcn": "ocid1.drgroutetable.oc1.phx.aaaaaaaafya74vbyhydr4nd7er2qazhlp52cl725hfdmej27dpkhx3ybeoyq",
                "virtual_circuit": "ocid1.drgroutetable.oc1.phx.aaaaaaaaiqolsphpza5m56kmqlyped5pzexhjtgta6xt4k6alcfrn2hgx3tq"
              }
            ],
            "default_export_drg_route_distribution_id": "ocid1.drgroutedistribution.oc1.phx.aaaaaaaabfntahsfy5cgxt2jbiywqkpssymkd6a6dkzriebdh7eqqlpqvcva",
            "defined_tags": {
              "tag-oci.tag-key-env": "non-prod",
              "tag-oci.tag-key-reg": "phx"
            },
            "display_name": "drg-np-hub-phx",
            "freeform_tags": {},
            "id": "ocid1.drg.oc1.phx.aaaaaaaau2yecaq4qcjlgc72rdsiezpr67yxvu6ivgrtfa3oiwmcgq2nnjtq",
            "redundancy_status": "NOT_AVAILABLE",
            "state": "AVAILABLE",
            "time_created": "2023-09-25 10:30:29.974 +0000 UTC",
            "timeouts": null
          },
          "sensitive_attributes": [],
          "private": "eyJlMmJmYjczMC1lY2FhLTExZTYtOGY4OC0zNDM2M2JjN2M0YzAiOnsiY3JlYXRlIjoxMjAwMDAwMDAwMDAwLCJkZWxldGUiOjEyMDAwMDAwMDAwMDAsInVwZGF0ZSI6MTIwMDAwMDAwMDAwMH19",
          "dependencies": [
            "oci_identity_compartment.home_compartment",
            "oci_identity_compartment.hub_compartment",
            "oci_identity_compartment.hub_network_compartment"
          ]
        }
      ]
    },
    {
      "mode": "managed",
      "type": "oci_core_drg_attachment",
      "name": "hub_drg_attachment",
      "provider": "provider[\"registry.terraform.io/oracle/oci\"]",
      "instances": [
        {
          "schema_version": 0,
          "attributes": {
            "compartment_id": "ocid1.compartment.oc1..aaaaaaaacr7x7wu5dssnigfwunej3xkh36csqdc3jk3cnzixuds4kjkea5zq",
            "defined_tags": {
              "tag-oci.tag-key-reg": "ash"
            },
            "display_name": "drg-hub-attachment",
            "drg_id": "ocid1.drg.oc1.iad.aaaaaaaawrnec727gkzngro27yjxowl677xtpmfsqb4zwq6cjs3d545brorq",
            "drg_route_table_id": "ocid1.drgroutetable.oc1.iad.aaaaaaaaxzehm534bqfnxpztodg4vzahgczmg45fc2n67nod4iqywchadwiq",
            "export_drg_route_distribution_id": null,
            "freeform_tags": {},
            "id": "ocid1.drgattachment.oc1.iad.aaaaaaaa4mbvluccgwoazvekbwcoyawmcgl4r4qqbpg5n32d3huutak2foiq",
            "is_cross_tenancy": false,
            "network_details": [
              {
                "id": "ocid1.vcn.oc1.iad.amaaaaaaxvowp3iafaj64rfo2dai5cpqwluke7s4rsj3dzdnxct7adydgn6a",
                "ipsec_connection_id": "",
                "route_table_id": "",
                "type": "VCN",
                "vcn_route_type": "SUBNET_CIDRS"
              }
            ],
            "remove_export_drg_route_distribution_trigger": null,
            "route_table_id": null,
            "state": "ATTACHED",
            "time_created": "2023-09-12 13:34:49.439 +0000 UTC",
            "timeouts": null,
            "vcn_id": "ocid1.vcn.oc1.iad.amaaaaaaxvowp3iafaj64rfo2dai5cpqwluke7s4rsj3dzdnxct7adydgn6a"
          },
          "sensitive_attributes": [],
          "private": "eyJlMmJmYjczMC1lY2FhLTExZTYtOGY4OC0zNDM2M2JjN2M0YzAiOnsiY3JlYXRlIjoxMjAwMDAwMDAwMDAwLCJkZWxldGUiOjEyMDAwMDAwMDAwMDAsInVwZGF0ZSI6MTIwMDAwMDAwMDAwMH19",
          "dependencies": [
            "oci_core_drg.drg",
            "oci_core_drg_route_distribution.drg_route_distribution",
            "oci_core_drg_route_table.drg_route_table",
            "oci_core_vcn.hub_vcn",
            "oci_identity_compartment.home_compartment",
            "oci_identity_compartment.hub_compartment",
            "oci_identity_compartment.hub_network_compartment"
          ]
        }
      ]
    },
    {
      "mode": "managed",
      "type": "oci_core_drg_attachment",
      "name": "non_prod_drg_attachment",
      "provider": "provider[\"registry.terraform.io/oracle/oci\"].non_prod_reg",
      "instances": [
        {
          "schema_version": 0,
          "attributes": {
            "compartment_id": "ocid1.compartment.oc1..aaaaaaaab6xzxe5v5sls7inhtote65hzulx5bflt4yewgoe4q24ymnekjopq",
            "defined_tags": {
              "tag-oci.tag-key-env": "non-prod",
              "tag-oci.tag-key-reg": "phx"
            },
            "display_name": "drg-non-prod-attachment",
            "drg_id": "ocid1.drg.oc1.phx.aaaaaaaau2yecaq4qcjlgc72rdsiezpr67yxvu6ivgrtfa3oiwmcgq2nnjtq",
            "drg_route_table_id": "ocid1.drgroutetable.oc1.phx.aaaaaaaasqavkitmfumqjq5njjew5nikw7x5tj77s2ds2e7rfynucm64vfja",
            "export_drg_route_distribution_id": null,
            "freeform_tags": {},
            "id": "ocid1.drgattachment.oc1.phx.aaaaaaaak7cae4qck64lwvx4ugej6mf4fa3se3l6i7cpo3kzcordhudvfh2a",
            "is_cross_tenancy": false,
            "network_details": [
              {
                "id": "ocid1.vcn.oc1.phx.amaaaaaaxvowp3iabzyb5hnidkp4acbs6ss42qrx43csaqaec4um2rusyr7a",
                "ipsec_connection_id": "",
                "route_table_id": "",
                "type": "VCN",
                "vcn_route_type": "SUBNET_CIDRS"
              }
            ],
            "remove_export_drg_route_distribution_trigger": null,
            "route_table_id": null,
            "state": "ATTACHED",
            "time_created": "2023-09-25 10:33:18.03 +0000 UTC",
            "timeouts": null,
            "vcn_id": "ocid1.vcn.oc1.phx.amaaaaaaxvowp3iabzyb5hnidkp4acbs6ss42qrx43csaqaec4um2rusyr7a"
          },
          "sensitive_attributes": [],
          "private": "eyJlMmJmYjczMC1lY2FhLTExZTYtOGY4OC0zNDM2M2JjN2M0YzAiOnsiY3JlYXRlIjoxMjAwMDAwMDAwMDAwLCJkZWxldGUiOjEyMDAwMDAwMDAwMDAsInVwZGF0ZSI6MTIwMDAwMDAwMDAwMH19",
          "dependencies": [
            "oci_core_drg.np_drg",
            "oci_core_drg_route_distribution.np_drg_route_distribution",
            "oci_core_drg_route_table.np_drg_route_table",
            "oci_core_vcn.non_prod_vcn",
            "oci_identity_compartment.home_compartment",
            "oci_identity_compartment.hub_compartment",
            "oci_identity_compartment.hub_network_compartment",
            "oci_identity_compartment.non_prod_environment_compartment",
            "oci_identity_compartment.non_prod_network_compartment"
          ]
        }
      ]
    },
    {
      "mode": "managed",
      "type": "oci_core_drg_attachment",
      "name": "prod_drg_attachment",
      "provider": "provider[\"registry.terraform.io/oracle/oci\"]",
      "instances": [
        {
          "schema_version": 0,
          "attributes": {
            "compartment_id": "ocid1.compartment.oc1..aaaaaaaafhpn4aq77jvuwt5ih5qojxbawesnvm3hnga3wd5o54mhnzom6lja",
            "defined_tags": {
              "tag-oci.tag-key-env": "prod",
              "tag-oci.tag-key-reg": "ash"
            },
            "display_name": "drg-prod-attachment",
            "drg_id": "ocid1.drg.oc1.iad.aaaaaaaawrnec727gkzngro27yjxowl677xtpmfsqb4zwq6cjs3d545brorq",
            "drg_route_table_id": "ocid1.drgroutetable.oc1.iad.aaaaaaaaxzehm534bqfnxpztodg4vzahgczmg45fc2n67nod4iqywchadwiq",
            "export_drg_route_distribution_id": null,
            "freeform_tags": {},
            "id": "ocid1.drgattachment.oc1.iad.aaaaaaaanz6bq65i5rjjxz5x72olqyw6sx6663u6sdhdrqn543g64iuai5kq",
            "is_cross_tenancy": false,
            "network_details": [
              {
                "id": "ocid1.vcn.oc1.iad.amaaaaaaxvowp3iat5lm4jvnbeyflsgnkl5etb2774ectag5nxcx2wcmfsnq",
                "ipsec_connection_id": "",
                "route_table_id": "",
                "type": "VCN",
                "vcn_route_type": "SUBNET_CIDRS"
              }
            ],
            "remove_export_drg_route_distribution_trigger": null,
            "route_table_id": null,
            "state": "ATTACHED",
            "time_created": "2023-09-12 13:34:49.585 +0000 UTC",
            "timeouts": null,
            "vcn_id": "ocid1.vcn.oc1.iad.amaaaaaaxvowp3iat5lm4jvnbeyflsgnkl5etb2774ectag5nxcx2wcmfsnq"
          },
          "sensitive_attributes": [],
          "private": "eyJlMmJmYjczMC1lY2FhLTExZTYtOGY4OC0zNDM2M2JjN2M0YzAiOnsiY3JlYXRlIjoxMjAwMDAwMDAwMDAwLCJkZWxldGUiOjEyMDAwMDAwMDAwMDAsInVwZGF0ZSI6MTIwMDAwMDAwMDAwMH19",
          "dependencies": [
            "oci_core_drg.drg",
            "oci_core_drg_route_distribution.drg_route_distribution",
            "oci_core_drg_route_table.drg_route_table",
            "oci_core_vcn.prod_vcn",
            "oci_identity_compartment.home_compartment",
            "oci_identity_compartment.hub_compartment",
            "oci_identity_compartment.hub_network_compartment",
            "oci_identity_compartment.prod_environment_compartment",
            "oci_identity_compartment.prod_network_compartment"
          ]
        }
      ]
    },
    {
      "mode": "managed",
      "type": "oci_core_drg_route_distribution",
      "name": "drg_route_distribution",
      "provider": "provider[\"registry.terraform.io/oracle/oci\"]",
      "instances": [
        {
          "schema_version": 0,
          "attributes": {
            "compartment_id": "ocid1.compartment.oc1..aaaaaaaacr7x7wu5dssnigfwunej3xkh36csqdc3jk3cnzixuds4kjkea5zq",
            "defined_tags": {
              "Oracle-Tags.CreatedBy": "default/gaurav.shirsathe@infosys.com",
              "Oracle-Tags.CreatedOn": "2023-09-12T13:34:19.777Z",
              "tag-oci.tag-key-env": "prod",
              "tag-oci.tag-key-reg": "ash"
            },
            "display_name": "DRG-RT-DIS",
            "distribution_type": "IMPORT",
            "drg_id": "ocid1.drg.oc1.iad.aaaaaaaawrnec727gkzngro27yjxowl677xtpmfsqb4zwq6cjs3d545brorq",
            "freeform_tags": {},
            "id": "ocid1.drgroutedistribution.oc1.iad.aaaaaaaawxy27e5qommi27k3ndcfgsnhnbwgsa577gagyvcixyhk2byevwkq",
            "state": "AVAILABLE",
            "time_created": "2023-09-12 13:34:34.906 +0000 UTC",
            "timeouts": null
          },
          "sensitive_attributes": [],
          "private": "eyJlMmJmYjczMC1lY2FhLTExZTYtOGY4OC0zNDM2M2JjN2M0YzAiOnsiY3JlYXRlIjoxMjAwMDAwMDAwMDAwLCJkZWxldGUiOjEyMDAwMDAwMDAwMDAsInVwZGF0ZSI6MTIwMDAwMDAwMDAwMH19",
          "dependencies": [
            "oci_core_drg.drg",
            "oci_identity_compartment.home_compartment",
            "oci_identity_compartment.hub_compartment",
            "oci_identity_compartment.hub_network_compartment"
          ]
        }
      ]
    },
    {
      "mode": "managed",
      "type": "oci_core_drg_route_distribution",
      "name": "np_drg_route_distribution",
      "provider": "provider[\"registry.terraform.io/oracle/oci\"].non_prod_reg",
      "instances": [
        {
          "schema_version": 0,
          "attributes": {
            "compartment_id": "ocid1.compartment.oc1..aaaaaaaacr7x7wu5dssnigfwunej3xkh36csqdc3jk3cnzixuds4kjkea5zq",
            "defined_tags": {
              "Oracle-Tags.CreatedBy": "default/gaurav.shirsathe@infosys.com",
              "Oracle-Tags.CreatedOn": "2023-09-25T10:30:29.928Z",
              "tag-oci.tag-key-env": "non-prod",
              "tag-oci.tag-key-reg": "phx"
            },
            "display_name": "DRG-RT-DIS",
            "distribution_type": "IMPORT",
            "drg_id": "ocid1.drg.oc1.phx.aaaaaaaau2yecaq4qcjlgc72rdsiezpr67yxvu6ivgrtfa3oiwmcgq2nnjtq",
            "freeform_tags": {},
            "id": "ocid1.drgroutedistribution.oc1.phx.aaaaaaaamojrb7ov66ixhq5gy4l3q7gwzqidznnigb4us3rmkd6mxbuvp3aq",
            "state": "AVAILABLE",
            "time_created": "2023-09-25 10:30:45.27 +0000 UTC",
            "timeouts": null
          },
          "sensitive_attributes": [],
          "private": "eyJlMmJmYjczMC1lY2FhLTExZTYtOGY4OC0zNDM2M2JjN2M0YzAiOnsiY3JlYXRlIjoxMjAwMDAwMDAwMDAwLCJkZWxldGUiOjEyMDAwMDAwMDAwMDAsInVwZGF0ZSI6MTIwMDAwMDAwMDAwMH19",
          "dependencies": [
            "oci_core_drg.np_drg",
            "oci_identity_compartment.home_compartment",
            "oci_identity_compartment.hub_compartment",
            "oci_identity_compartment.hub_network_compartment"
          ]
        }
      ]
    },
    {
      "mode": "managed",
      "type": "oci_core_drg_route_distribution_statement",
      "name": "drg_route_distribution_statement",
      "provider": "provider[\"registry.terraform.io/oracle/oci\"]",
      "instances": [
        {
          "schema_version": 0,
          "attributes": {
            "action": "ACCEPT",
            "drg_route_distribution_id": "ocid1.drgroutedistribution.oc1.iad.aaaaaaaawxy27e5qommi27k3ndcfgsnhnbwgsa577gagyvcixyhk2byevwkq",
            "id": "drgRouteDistributions/ocid1.drgroutedistribution.oc1.iad.aaaaaaaawxy27e5qommi27k3ndcfgsnhnbwgsa577gagyvcixyhk2byevwkq/statements/267",
            "match_criteria": [
              {
                "attachment_type": "VCN",
                "drg_attachment_id": "",
                "match_type": "DRG_ATTACHMENT_TYPE"
              }
            ],
            "priority": 1,
            "timeouts": null
          },
          "sensitive_attributes": [],
          "private": "eyJlMmJmYjczMC1lY2FhLTExZTYtOGY4OC0zNDM2M2JjN2M0YzAiOnsiY3JlYXRlIjoxMjAwMDAwMDAwMDAwLCJkZWxldGUiOjEyMDAwMDAwMDAwMDAsInVwZGF0ZSI6MTIwMDAwMDAwMDAwMH19",
          "dependencies": [
            "oci_core_drg_attachment.hub_drg_attachment",
            "oci_core_drg_route_distribution.drg_route_distribution"
          ]
        }
      ]
    },
    {
      "mode": "managed",
      "type": "oci_core_drg_route_distribution_statement",
      "name": "np_drg_route_distribution_statement",
      "provider": "provider[\"registry.terraform.io/oracle/oci\"].non_prod_reg",
      "instances": [
        {
          "schema_version": 0,
          "attributes": {
            "action": "ACCEPT",
            "drg_route_distribution_id": "ocid1.drgroutedistribution.oc1.phx.aaaaaaaamojrb7ov66ixhq5gy4l3q7gwzqidznnigb4us3rmkd6mxbuvp3aq",
            "id": "drgRouteDistributions/ocid1.drgroutedistribution.oc1.phx.aaaaaaaamojrb7ov66ixhq5gy4l3q7gwzqidznnigb4us3rmkd6mxbuvp3aq/statements/789",
            "match_criteria": [
              {
                "attachment_type": "VCN",
                "drg_attachment_id": "",
                "match_type": "DRG_ATTACHMENT_TYPE"
              }
            ],
            "priority": 1,
            "timeouts": null
          },
          "sensitive_attributes": [],
          "private": "eyJlMmJmYjczMC1lY2FhLTExZTYtOGY4OC0zNDM2M2JjN2M0YzAiOnsiY3JlYXRlIjoxMjAwMDAwMDAwMDAwLCJkZWxldGUiOjEyMDAwMDAwMDAwMDAsInVwZGF0ZSI6MTIwMDAwMDAwMDAwMH19",
          "dependencies": [
            "oci_core_drg_attachment.non_prod_drg_attachment",
            "oci_core_drg_route_distribution.np_drg_route_distribution"
          ]
        }
      ]
    },
    {
      "mode": "managed",
      "type": "oci_core_drg_route_table",
      "name": "drg_route_table",
      "provider": "provider[\"registry.terraform.io/oracle/oci\"]",
      "instances": [
        {
          "schema_version": 0,
          "attributes": {
            "compartment_id": "ocid1.compartment.oc1..aaaaaaaacr7x7wu5dssnigfwunej3xkh36csqdc3jk3cnzixuds4kjkea5zq",
            "defined_tags": {
              "tag-oci.tag-key-env": "prod",
              "tag-oci.tag-key-reg": "ash"
            },
            "display_name": "drgroutetable20230912133435",
            "drg_id": "ocid1.drg.oc1.iad.aaaaaaaawrnec727gkzngro27yjxowl677xtpmfsqb4zwq6cjs3d545brorq",
            "freeform_tags": {},
            "id": "ocid1.drgroutetable.oc1.iad.aaaaaaaaxzehm534bqfnxpztodg4vzahgczmg45fc2n67nod4iqywchadwiq",
            "import_drg_route_distribution_id": "ocid1.drgroutedistribution.oc1.iad.aaaaaaaawxy27e5qommi27k3ndcfgsnhnbwgsa577gagyvcixyhk2byevwkq",
            "is_ecmp_enabled": false,
            "remove_import_trigger": null,
            "state": "AVAILABLE",
            "time_created": "2023-09-12 13:34:35.378 +0000 UTC",
            "timeouts": null
          },
          "sensitive_attributes": [],
          "private": "eyJlMmJmYjczMC1lY2FhLTExZTYtOGY4OC0zNDM2M2JjN2M0YzAiOnsiY3JlYXRlIjoxMjAwMDAwMDAwMDAwLCJkZWxldGUiOjEyMDAwMDAwMDAwMDAsInVwZGF0ZSI6MTIwMDAwMDAwMDAwMH19",
          "dependencies": [
            "oci_core_drg.drg",
            "oci_core_drg_route_distribution.drg_route_distribution",
            "oci_identity_compartment.home_compartment",
            "oci_identity_compartment.hub_compartment",
            "oci_identity_compartment.hub_network_compartment"
          ]
        }
      ]
    },
    {
      "mode": "managed",
      "type": "oci_core_drg_route_table",
      "name": "np_drg_route_table",
      "provider": "provider[\"registry.terraform.io/oracle/oci\"].non_prod_reg",
      "instances": [
        {
          "schema_version": 0,
          "attributes": {
            "compartment_id": "ocid1.compartment.oc1..aaaaaaaacr7x7wu5dssnigfwunej3xkh36csqdc3jk3cnzixuds4kjkea5zq",
            "defined_tags": {
              "tag-oci.tag-key-env": "non-prod",
              "tag-oci.tag-key-reg": "phx"
            },
            "display_name": "drgroutetable20230925103045",
            "drg_id": "ocid1.drg.oc1.phx.aaaaaaaau2yecaq4qcjlgc72rdsiezpr67yxvu6ivgrtfa3oiwmcgq2nnjtq",
            "freeform_tags": {},
            "id": "ocid1.drgroutetable.oc1.phx.aaaaaaaasqavkitmfumqjq5njjew5nikw7x5tj77s2ds2e7rfynucm64vfja",
            "import_drg_route_distribution_id": "ocid1.drgroutedistribution.oc1.phx.aaaaaaaamojrb7ov66ixhq5gy4l3q7gwzqidznnigb4us3rmkd6mxbuvp3aq",
            "is_ecmp_enabled": false,
            "remove_import_trigger": null,
            "state": "AVAILABLE",
            "time_created": "2023-09-25 10:30:45.678 +0000 UTC",
            "timeouts": null
          },
          "sensitive_attributes": [],
          "private": "eyJlMmJmYjczMC1lY2FhLTExZTYtOGY4OC0zNDM2M2JjN2M0YzAiOnsiY3JlYXRlIjoxMjAwMDAwMDAwMDAwLCJkZWxldGUiOjEyMDAwMDAwMDAwMDAsInVwZGF0ZSI6MTIwMDAwMDAwMDAwMH19",
          "dependencies": [
            "oci_core_drg.np_drg",
            "oci_core_drg_route_distribution.np_drg_route_distribution",
            "oci_identity_compartment.home_compartment",
            "oci_identity_compartment.hub_compartment",
            "oci_identity_compartment.hub_network_compartment"
          ]
        }
      ]
    },
    {
      "mode": "managed",
      "type": "oci_core_internet_gateway",
      "name": "hub_internet_gateway",
      "provider": "provider[\"registry.terraform.io/oracle/oci\"]",
      "instances": [
        {
          "schema_version": 0,
          "attributes": {
            "compartment_id": "ocid1.compartment.oc1..aaaaaaaacr7x7wu5dssnigfwunej3xkh36csqdc3jk3cnzixuds4kjkea5zq",
            "defined_tags": {
              "Oracle-Tags.CreatedBy": "default/gaurav.shirsathe@infosys.com",
              "Oracle-Tags.CreatedOn": "2023-09-12T13:34:20.342Z"
            },
            "display_name": "igw-hub-iad",
            "enabled": true,
            "freeform_tags": {},
            "id": "ocid1.internetgateway.oc1.iad.aaaaaaaaaswf73qiou2s3cicsvvpvkrqvxyurc3ujguzh4egphr2hrj2yzzq",
            "route_table_id": null,
            "state": "AVAILABLE",
            "time_created": "2023-09-12 13:34:20.399 +0000 UTC",
            "timeouts": null,
            "vcn_id": "ocid1.vcn.oc1.iad.amaaaaaaxvowp3iafaj64rfo2dai5cpqwluke7s4rsj3dzdnxct7adydgn6a"
          },
          "sensitive_attributes": [],
          "private": "eyJlMmJmYjczMC1lY2FhLTExZTYtOGY4OC0zNDM2M2JjN2M0YzAiOnsiY3JlYXRlIjoxMjAwMDAwMDAwMDAwLCJkZWxldGUiOjEyMDAwMDAwMDAwMDAsInVwZGF0ZSI6MTIwMDAwMDAwMDAwMH19",
          "dependencies": [
            "oci_core_vcn.hub_vcn",
            "oci_identity_compartment.home_compartment",
            "oci_identity_compartment.hub_compartment",
            "oci_identity_compartment.hub_network_compartment"
          ]
        }
      ]
    },
    {
      "mode": "managed",
      "type": "oci_core_internet_gateway",
      "name": "non_prod_internet_gateway",
      "provider": "provider[\"registry.terraform.io/oracle/oci\"].non_prod_reg",
      "instances": [
        {
          "schema_version": 0,
          "attributes": {
            "compartment_id": "ocid1.compartment.oc1..aaaaaaaab6xzxe5v5sls7inhtote65hzulx5bflt4yewgoe4q24ymnekjopq",
            "defined_tags": {
              "tag-oci.tag-key-env": "non-prod",
              "tag-oci.tag-key-reg": "phx"
            },
            "display_name": "igw-non-prod-iad",
            "enabled": true,
            "freeform_tags": {},
            "id": "ocid1.internetgateway.oc1.phx.aaaaaaaaaylbvtqngtobklqxj7qjyeeqimjpf5bd6cc5p4slimkmu32yqjbq",
            "route_table_id": null,
            "state": "AVAILABLE",
            "time_created": "2023-09-12 13:36:34.795 +0000 UTC",
            "timeouts": null,
            "vcn_id": "ocid1.vcn.oc1.phx.amaaaaaaxvowp3iabzyb5hnidkp4acbs6ss42qrx43csaqaec4um2rusyr7a"
          },
          "sensitive_attributes": [],
          "private": "eyJlMmJmYjczMC1lY2FhLTExZTYtOGY4OC0zNDM2M2JjN2M0YzAiOnsiY3JlYXRlIjoxMjAwMDAwMDAwMDAwLCJkZWxldGUiOjEyMDAwMDAwMDAwMDAsInVwZGF0ZSI6MTIwMDAwMDAwMDAwMH19",
          "dependencies": [
            "oci_core_vcn.non_prod_vcn",
            "oci_identity_compartment.home_compartment",
            "oci_identity_compartment.non_prod_environment_compartment",
            "oci_identity_compartment.non_prod_network_compartment"
          ]
        }
      ]
    },
    {
      "mode": "managed",
      "type": "oci_core_internet_gateway",
      "name": "prod_internet_gateway",
      "provider": "provider[\"registry.terraform.io/oracle/oci\"]",
      "instances": [
        {
          "schema_version": 0,
          "attributes": {
            "compartment_id": "ocid1.compartment.oc1..aaaaaaaafhpn4aq77jvuwt5ih5qojxbawesnvm3hnga3wd5o54mhnzom6lja",
            "defined_tags": {
              "Oracle-Tags.CreatedBy": "default/gaurav.shirsathe@infosys.com",
              "Oracle-Tags.CreatedOn": "2023-09-12T13:34:30.793Z"
            },
            "display_name": "igw-prod-iad",
            "enabled": true,
            "freeform_tags": {},
            "id": "ocid1.internetgateway.oc1.iad.aaaaaaaa3tqculu4x3zelzu36y3t46u32na3sagq3fqf7jgh5fodtr3nbdaq",
            "route_table_id": null,
            "state": "AVAILABLE",
            "time_created": "2023-09-12 13:34:30.858 +0000 UTC",
            "timeouts": null,
            "vcn_id": "ocid1.vcn.oc1.iad.amaaaaaaxvowp3iat5lm4jvnbeyflsgnkl5etb2774ectag5nxcx2wcmfsnq"
          },
          "sensitive_attributes": [],
          "private": "eyJlMmJmYjczMC1lY2FhLTExZTYtOGY4OC0zNDM2M2JjN2M0YzAiOnsiY3JlYXRlIjoxMjAwMDAwMDAwMDAwLCJkZWxldGUiOjEyMDAwMDAwMDAwMDAsInVwZGF0ZSI6MTIwMDAwMDAwMDAwMH19",
          "dependencies": [
            "oci_core_vcn.prod_vcn",
            "oci_identity_compartment.home_compartment",
            "oci_identity_compartment.prod_environment_compartment",
            "oci_identity_compartment.prod_network_compartment"
          ]
        }
      ]
    },
    {
      "mode": "managed",
      "type": "oci_core_nat_gateway",
      "name": "hub_nat_gateway",
      "provider": "provider[\"registry.terraform.io/oracle/oci\"]",
      "instances": [
        {
          "schema_version": 0,
          "attributes": {
            "block_traffic": false,
            "compartment_id": "ocid1.compartment.oc1..aaaaaaaacr7x7wu5dssnigfwunej3xkh36csqdc3jk3cnzixuds4kjkea5zq",
            "defined_tags": {
              "tag-oci.tag-key-env": "prod",
              "tag-oci.tag-key-reg": "ash",
              "tag-oci.tag-key-stack": "hub"
            },
            "display_name": "nat-hub-iad",
            "freeform_tags": {},
            "id": "ocid1.natgateway.oc1.iad.aaaaaaaahn3yhukc6tu4fkcuog6tvqncmtvbexxc6vmhx3ho6g3kivmqa2za",
            "nat_ip": "129.159.81.68",
            "public_ip_id": "ocid1.publicip.oc1.iad.aaaaaaaao5j5pnoz2j46jpexyqjjjxgcfxldw4pgwxqmzfrhadzcdtq6mcka",
            "route_table_id": null,
            "state": "AVAILABLE",
            "time_created": "2023-09-12 13:34:20.665 +0000 UTC",
            "timeouts": null,
            "vcn_id": "ocid1.vcn.oc1.iad.amaaaaaaxvowp3iafaj64rfo2dai5cpqwluke7s4rsj3dzdnxct7adydgn6a"
          },
          "sensitive_attributes": [],
          "private": "eyJlMmJmYjczMC1lY2FhLTExZTYtOGY4OC0zNDM2M2JjN2M0YzAiOnsiY3JlYXRlIjoxMjAwMDAwMDAwMDAwLCJkZWxldGUiOjEyMDAwMDAwMDAwMDAsInVwZGF0ZSI6MTIwMDAwMDAwMDAwMH19",
          "dependencies": [
            "oci_core_vcn.hub_vcn",
            "oci_identity_compartment.home_compartment",
            "oci_identity_compartment.hub_compartment",
            "oci_identity_compartment.hub_network_compartment"
          ]
        }
      ]
    },
    {
      "mode": "managed",
      "type": "oci_core_nat_gateway",
      "name": "non_prod_nat_gateway",
      "provider": "provider[\"registry.terraform.io/oracle/oci\"].non_prod_reg",
      "instances": [
        {
          "schema_version": 0,
          "attributes": {
            "block_traffic": false,
            "compartment_id": "ocid1.compartment.oc1..aaaaaaaab6xzxe5v5sls7inhtote65hzulx5bflt4yewgoe4q24ymnekjopq",
            "defined_tags": {
              "tag-oci.tag-key-env": "non-prod",
              "tag-oci.tag-key-reg": "phx"
            },
            "display_name": "nat-non-prod-iad",
            "freeform_tags": {},
            "id": "ocid1.natgateway.oc1.phx.aaaaaaaat6b5m3aevnvbcyzogvv3k3fcwc6hsgdcni2uufzmzifoj6y5jqva",
            "nat_ip": "141.148.132.98",
            "public_ip_id": "ocid1.publicip.oc1.phx.aaaaaaaan7unzbgjwolsypiokht3kx3ueirnduq3p5txdkr7p7jrnvepik3a",
            "route_table_id": null,
            "state": "AVAILABLE",
            "time_created": "2023-09-12 13:36:35.32 +0000 UTC",
            "timeouts": null,
            "vcn_id": "ocid1.vcn.oc1.phx.amaaaaaaxvowp3iabzyb5hnidkp4acbs6ss42qrx43csaqaec4um2rusyr7a"
          },
          "sensitive_attributes": [],
          "private": "eyJlMmJmYjczMC1lY2FhLTExZTYtOGY4OC0zNDM2M2JjN2M0YzAiOnsiY3JlYXRlIjoxMjAwMDAwMDAwMDAwLCJkZWxldGUiOjEyMDAwMDAwMDAwMDAsInVwZGF0ZSI6MTIwMDAwMDAwMDAwMH19",
          "dependencies": [
            "oci_core_vcn.non_prod_vcn",
            "oci_identity_compartment.home_compartment",
            "oci_identity_compartment.non_prod_environment_compartment",
            "oci_identity_compartment.non_prod_network_compartment"
          ]
        }
      ]
    },
    {
      "mode": "managed",
      "type": "oci_core_nat_gateway",
      "name": "prod_nat_gateway",
      "provider": "provider[\"registry.terraform.io/oracle/oci\"]",
      "instances": [
        {
          "schema_version": 0,
          "attributes": {
            "block_traffic": false,
            "compartment_id": "ocid1.compartment.oc1..aaaaaaaafhpn4aq77jvuwt5ih5qojxbawesnvm3hnga3wd5o54mhnzom6lja",
            "defined_tags": {
              "tag-oci.tag-key-env": "prod",
              "tag-oci.tag-key-reg": "ash"
            },
            "display_name": "nat-prod-iad",
            "freeform_tags": {},
            "id": "ocid1.natgateway.oc1.iad.aaaaaaaal4aktjlc5zpedo52u73vbkbw3q7qpxzr22rm6u47cbp2hhdtdx3q",
            "nat_ip": "129.153.224.92",
            "public_ip_id": "ocid1.publicip.oc1.iad.aaaaaaaatm26vlgw2x3o3jir7m4ea4ec462dilhwo2pfxe6lobrg3k5e6bma",
            "route_table_id": null,
            "state": "AVAILABLE",
            "time_created": "2023-09-12 13:34:31.162 +0000 UTC",
            "timeouts": null,
            "vcn_id": "ocid1.vcn.oc1.iad.amaaaaaaxvowp3iat5lm4jvnbeyflsgnkl5etb2774ectag5nxcx2wcmfsnq"
          },
          "sensitive_attributes": [],
          "private": "eyJlMmJmYjczMC1lY2FhLTExZTYtOGY4OC0zNDM2M2JjN2M0YzAiOnsiY3JlYXRlIjoxMjAwMDAwMDAwMDAwLCJkZWxldGUiOjEyMDAwMDAwMDAwMDAsInVwZGF0ZSI6MTIwMDAwMDAwMDAwMH19",
          "dependencies": [
            "oci_core_vcn.prod_vcn",
            "oci_identity_compartment.home_compartment",
            "oci_identity_compartment.prod_environment_compartment",
            "oci_identity_compartment.prod_network_compartment"
          ]
        }
      ]
    },
    {
      "mode": "managed",
      "type": "oci_core_route_table",
      "name": "hub_mgmt_route_table",
      "provider": "provider[\"registry.terraform.io/oracle/oci\"]",
      "instances": [
        {
          "schema_version": 0,
          "attributes": {
            "compartment_id": "ocid1.compartment.oc1..aaaaaaaacr7x7wu5dssnigfwunej3xkh36csqdc3jk3cnzixuds4kjkea5zq",
            "defined_tags": {
              "tag-oci.tag-key-reg": "ash",
              "tag-oci.tag-key-stack": "hub"
            },
            "display_name": "rt-mgmt-sub-iad",
            "freeform_tags": {},
            "id": "ocid1.routetable.oc1.iad.aaaaaaaaof7toxqyhznycopohkonrv3l7nfokozuelqe7x5hxder3c5u6moq",
            "route_rules": [
              {
                "cidr_block": "",
                "description": "",
                "destination": "0.0.0.0/0",
                "destination_type": "CIDR_BLOCK",
                "network_entity_id": "ocid1.natgateway.oc1.iad.aaaaaaaahn3yhukc6tu4fkcuog6tvqncmtvbexxc6vmhx3ho6g3kivmqa2za",
                "route_type": ""
              }
            ],
            "state": "AVAILABLE",
            "time_created": "2023-09-12 13:34:22.243 +0000 UTC",
            "timeouts": null,
            "vcn_id": "ocid1.vcn.oc1.iad.amaaaaaaxvowp3iafaj64rfo2dai5cpqwluke7s4rsj3dzdnxct7adydgn6a"
          },
          "sensitive_attributes": [],
          "private": "eyJlMmJmYjczMC1lY2FhLTExZTYtOGY4OC0zNDM2M2JjN2M0YzAiOnsiY3JlYXRlIjoxMjAwMDAwMDAwMDAwLCJkZWxldGUiOjEyMDAwMDAwMDAwMDAsInVwZGF0ZSI6MTIwMDAwMDAwMDAwMH19",
          "dependencies": [
            "oci_core_nat_gateway.hub_nat_gateway",
            "oci_core_vcn.hub_vcn",
            "oci_identity_compartment.home_compartment",
            "oci_identity_compartment.hub_compartment",
            "oci_identity_compartment.hub_network_compartment"
          ]
        }
      ]
    },
    {
      "mode": "managed",
      "type": "oci_core_route_table",
      "name": "hub_trt_route_table",
      "provider": "provider[\"registry.terraform.io/oracle/oci\"]",
      "instances": [
        {
          "schema_version": 0,
          "attributes": {
            "compartment_id": "ocid1.compartment.oc1..aaaaaaaacr7x7wu5dssnigfwunej3xkh36csqdc3jk3cnzixuds4kjkea5zq",
            "defined_tags": {
              "tag-oci.tag-key-reg": "ash",
              "tag-oci.tag-key-stack": "hub"
            },
            "display_name": "rt-trt-sub-iad",
            "freeform_tags": {},
            "id": "ocid1.routetable.oc1.iad.aaaaaaaaeuhw5jaupllgvk3howuu5pubio3je6u45rek2udowbsoic7tybga",
            "route_rules": [
              {
                "cidr_block": "",
                "description": "",
                "destination": "0.0.0.0/0",
                "destination_type": "CIDR_BLOCK",
                "network_entity_id": "ocid1.natgateway.oc1.iad.aaaaaaaahn3yhukc6tu4fkcuog6tvqncmtvbexxc6vmhx3ho6g3kivmqa2za",
                "route_type": ""
              }
            ],
            "state": "AVAILABLE",
            "time_created": "2023-09-12 13:34:22.269 +0000 UTC",
            "timeouts": null,
            "vcn_id": "ocid1.vcn.oc1.iad.amaaaaaaxvowp3iafaj64rfo2dai5cpqwluke7s4rsj3dzdnxct7adydgn6a"
          },
          "sensitive_attributes": [],
          "private": "eyJlMmJmYjczMC1lY2FhLTExZTYtOGY4OC0zNDM2M2JjN2M0YzAiOnsiY3JlYXRlIjoxMjAwMDAwMDAwMDAwLCJkZWxldGUiOjEyMDAwMDAwMDAwMDAsInVwZGF0ZSI6MTIwMDAwMDAwMDAwMH19",
          "dependencies": [
            "oci_core_nat_gateway.hub_nat_gateway",
            "oci_core_vcn.hub_vcn",
            "oci_identity_compartment.home_compartment",
            "oci_identity_compartment.hub_compartment",
            "oci_identity_compartment.hub_network_compartment"
          ]
        }
      ]
    },
    {
      "mode": "managed",
      "type": "oci_core_route_table",
      "name": "hub_untrt_route_table",
      "provider": "provider[\"registry.terraform.io/oracle/oci\"]",
      "instances": [
        {
          "schema_version": 0,
          "attributes": {
            "compartment_id": "ocid1.compartment.oc1..aaaaaaaacr7x7wu5dssnigfwunej3xkh36csqdc3jk3cnzixuds4kjkea5zq",
            "defined_tags": {
              "tag-oci.tag-key-reg": "ash",
              "tag-oci.tag-key-stack": "hub"
            },
            "display_name": "rt-untrt-sub-iad",
            "freeform_tags": {},
            "id": "ocid1.routetable.oc1.iad.aaaaaaaatxklkif5m2uirlxnpw7334hoj7vx7ggagrg5dpumlat7g2eqappq",
            "route_rules": [
              {
                "cidr_block": "",
                "description": "",
                "destination": "0.0.0.0/0",
                "destination_type": "CIDR_BLOCK",
                "network_entity_id": "ocid1.natgateway.oc1.iad.aaaaaaaahn3yhukc6tu4fkcuog6tvqncmtvbexxc6vmhx3ho6g3kivmqa2za",
                "route_type": ""
              }
            ],
            "state": "AVAILABLE",
            "time_created": "2023-09-12 13:34:22.276 +0000 UTC",
            "timeouts": null,
            "vcn_id": "ocid1.vcn.oc1.iad.amaaaaaaxvowp3iafaj64rfo2dai5cpqwluke7s4rsj3dzdnxct7adydgn6a"
          },
          "sensitive_attributes": [],
          "private": "eyJlMmJmYjczMC1lY2FhLTExZTYtOGY4OC0zNDM2M2JjN2M0YzAiOnsiY3JlYXRlIjoxMjAwMDAwMDAwMDAwLCJkZWxldGUiOjEyMDAwMDAwMDAwMDAsInVwZGF0ZSI6MTIwMDAwMDAwMDAwMH19",
          "dependencies": [
            "oci_core_nat_gateway.hub_nat_gateway",
            "oci_core_vcn.hub_vcn",
            "oci_identity_compartment.home_compartment",
            "oci_identity_compartment.hub_compartment",
            "oci_identity_compartment.hub_network_compartment"
          ]
        }
      ]
    },
    {
      "mode": "managed",
      "type": "oci_core_route_table",
      "name": "non_prod_app_route_table",
      "provider": "provider[\"registry.terraform.io/oracle/oci\"].non_prod_reg",
      "instances": [
        {
          "schema_version": 0,
          "attributes": {
            "compartment_id": "ocid1.compartment.oc1..aaaaaaaab6xzxe5v5sls7inhtote65hzulx5bflt4yewgoe4q24ymnekjopq",
            "defined_tags": {
              "tag-oci.tag-key-env": "non-prod",
              "tag-oci.tag-key-reg": "phx",
              "tag-oci.tag-key-stack": "app"
            },
            "display_name": "rt-app-sub-iad",
            "freeform_tags": {},
            "id": "ocid1.routetable.oc1.phx.aaaaaaaahv6xzb473kt6swt4qcgdbafscmmirsrtxzrchkptetckwox7sy6a",
            "route_rules": [
              {
                "cidr_block": "",
                "description": "",
                "destination": "0.0.0.0/0",
                "destination_type": "CIDR_BLOCK",
                "network_entity_id": "ocid1.natgateway.oc1.phx.aaaaaaaat6b5m3aevnvbcyzogvv3k3fcwc6hsgdcni2uufzmzifoj6y5jqva",
                "route_type": ""
              }
            ],
            "state": "AVAILABLE",
            "time_created": "2023-09-12 13:36:37.306 +0000 UTC",
            "timeouts": null,
            "vcn_id": "ocid1.vcn.oc1.phx.amaaaaaaxvowp3iabzyb5hnidkp4acbs6ss42qrx43csaqaec4um2rusyr7a"
          },
          "sensitive_attributes": [],
          "private": "eyJlMmJmYjczMC1lY2FhLTExZTYtOGY4OC0zNDM2M2JjN2M0YzAiOnsiY3JlYXRlIjoxMjAwMDAwMDAwMDAwLCJkZWxldGUiOjEyMDAwMDAwMDAwMDAsInVwZGF0ZSI6MTIwMDAwMDAwMDAwMH19",
          "dependencies": [
            "oci_core_nat_gateway.non_prod_nat_gateway",
            "oci_core_vcn.non_prod_vcn",
            "oci_identity_compartment.home_compartment",
            "oci_identity_compartment.non_prod_environment_compartment",
            "oci_identity_compartment.non_prod_network_compartment"
          ]
        }
      ]
    },
    {
      "mode": "managed",
      "type": "oci_core_route_table",
      "name": "non_prod_db_route_table",
      "provider": "provider[\"registry.terraform.io/oracle/oci\"].non_prod_reg",
      "instances": [
        {
          "schema_version": 0,
          "attributes": {
            "compartment_id": "ocid1.compartment.oc1..aaaaaaaab6xzxe5v5sls7inhtote65hzulx5bflt4yewgoe4q24ymnekjopq",
            "defined_tags": {
              "tag-oci.tag-key-env": "non-prod",
              "tag-oci.tag-key-reg": "phx",
              "tag-oci.tag-key-stack": "db"
            },
            "display_name": "rt-db-sub-iad",
            "freeform_tags": {},
            "id": "ocid1.routetable.oc1.phx.aaaaaaaaarj4asrqtdko3b54l42lddx32azer4dbf2l4n56ddlmkmom7fkza",
            "route_rules": [
              {
                "cidr_block": "",
                "description": "",
                "destination": "0.0.0.0/0",
                "destination_type": "CIDR_BLOCK",
                "network_entity_id": "ocid1.natgateway.oc1.phx.aaaaaaaat6b5m3aevnvbcyzogvv3k3fcwc6hsgdcni2uufzmzifoj6y5jqva",
                "route_type": ""
              }
            ],
            "state": "AVAILABLE",
            "time_created": "2023-09-12 13:36:37.251 +0000 UTC",
            "timeouts": null,
            "vcn_id": "ocid1.vcn.oc1.phx.amaaaaaaxvowp3iabzyb5hnidkp4acbs6ss42qrx43csaqaec4um2rusyr7a"
          },
          "sensitive_attributes": [],
          "private": "eyJlMmJmYjczMC1lY2FhLTExZTYtOGY4OC0zNDM2M2JjN2M0YzAiOnsiY3JlYXRlIjoxMjAwMDAwMDAwMDAwLCJkZWxldGUiOjEyMDAwMDAwMDAwMDAsInVwZGF0ZSI6MTIwMDAwMDAwMDAwMH19",
          "dependencies": [
            "oci_core_nat_gateway.non_prod_nat_gateway",
            "oci_core_vcn.non_prod_vcn",
            "oci_identity_compartment.home_compartment",
            "oci_identity_compartment.non_prod_environment_compartment",
            "oci_identity_compartment.non_prod_network_compartment"
          ]
        }
      ]
    },
    {
      "mode": "managed",
      "type": "oci_core_route_table",
      "name": "non_prod_dmz_route_table",
      "provider": "provider[\"registry.terraform.io/oracle/oci\"].non_prod_reg",
      "instances": [
        {
          "schema_version": 0,
          "attributes": {
            "compartment_id": "ocid1.compartment.oc1..aaaaaaaab6xzxe5v5sls7inhtote65hzulx5bflt4yewgoe4q24ymnekjopq",
            "defined_tags": {
              "tag-oci.tag-key-env": "non-prod",
              "tag-oci.tag-key-reg": "phx",
              "tag-oci.tag-key-stack": "dmz"
            },
            "display_name": "rt-dmz-non-prod-sub-iad",
            "freeform_tags": {},
            "id": "ocid1.routetable.oc1.phx.aaaaaaaaykvgi53o6mcwuc6nmswa2vqmh4cpscmld6xfmawe4xara23jejba",
            "route_rules": [
              {
                "cidr_block": "",
                "description": "",
                "destination": "0.0.0.0/0",
                "destination_type": "CIDR_BLOCK",
                "network_entity_id": "ocid1.natgateway.oc1.phx.aaaaaaaat6b5m3aevnvbcyzogvv3k3fcwc6hsgdcni2uufzmzifoj6y5jqva",
                "route_type": ""
              }
            ],
            "state": "AVAILABLE",
            "time_created": "2023-09-12 13:36:37.097 +0000 UTC",
            "timeouts": null,
            "vcn_id": "ocid1.vcn.oc1.phx.amaaaaaaxvowp3iabzyb5hnidkp4acbs6ss42qrx43csaqaec4um2rusyr7a"
          },
          "sensitive_attributes": [],
          "private": "eyJlMmJmYjczMC1lY2FhLTExZTYtOGY4OC0zNDM2M2JjN2M0YzAiOnsiY3JlYXRlIjoxMjAwMDAwMDAwMDAwLCJkZWxldGUiOjEyMDAwMDAwMDAwMDAsInVwZGF0ZSI6MTIwMDAwMDAwMDAwMH19",
          "dependencies": [
            "oci_core_nat_gateway.non_prod_nat_gateway",
            "oci_core_vcn.non_prod_vcn",
            "oci_identity_compartment.home_compartment",
            "oci_identity_compartment.non_prod_environment_compartment",
            "oci_identity_compartment.non_prod_network_compartment"
          ]
        }
      ]
    },
    {
      "mode": "managed",
      "type": "oci_core_route_table",
      "name": "non_prod_exa_route_table",
      "provider": "provider[\"registry.terraform.io/oracle/oci\"].non_prod_reg",
      "instances": [
        {
          "schema_version": 0,
          "attributes": {
            "compartment_id": "ocid1.compartment.oc1..aaaaaaaab6xzxe5v5sls7inhtote65hzulx5bflt4yewgoe4q24ymnekjopq",
            "defined_tags": {
              "tag-oci.tag-key-env": "non-prod",
              "tag-oci.tag-key-reg": "phx",
              "tag-oci.tag-key-stack": "exa"
            },
            "display_name": "rt-exa-sub-iad",
            "freeform_tags": {},
            "id": "ocid1.routetable.oc1.phx.aaaaaaaasm2kdryvdscjlwocjzczrakj6tdqzvcoko4nxk2wawjqsgcxcbda",
            "route_rules": [
              {
                "cidr_block": "",
                "description": "",
                "destination": "0.0.0.0/0",
                "destination_type": "CIDR_BLOCK",
                "network_entity_id": "ocid1.natgateway.oc1.phx.aaaaaaaat6b5m3aevnvbcyzogvv3k3fcwc6hsgdcni2uufzmzifoj6y5jqva",
                "route_type": ""
              }
            ],
            "state": "AVAILABLE",
            "time_created": "2023-09-12 13:36:37.469 +0000 UTC",
            "timeouts": null,
            "vcn_id": "ocid1.vcn.oc1.phx.amaaaaaaxvowp3iabzyb5hnidkp4acbs6ss42qrx43csaqaec4um2rusyr7a"
          },
          "sensitive_attributes": [],
          "private": "eyJlMmJmYjczMC1lY2FhLTExZTYtOGY4OC0zNDM2M2JjN2M0YzAiOnsiY3JlYXRlIjoxMjAwMDAwMDAwMDAwLCJkZWxldGUiOjEyMDAwMDAwMDAwMDAsInVwZGF0ZSI6MTIwMDAwMDAwMDAwMH19",
          "dependencies": [
            "oci_core_nat_gateway.non_prod_nat_gateway",
            "oci_core_vcn.non_prod_vcn",
            "oci_identity_compartment.home_compartment",
            "oci_identity_compartment.non_prod_environment_compartment",
            "oci_identity_compartment.non_prod_network_compartment"
          ]
        }
      ]
    },
    {
      "mode": "managed",
      "type": "oci_core_route_table",
      "name": "non_prod_pub_lb_route_table",
      "provider": "provider[\"registry.terraform.io/oracle/oci\"].non_prod_reg",
      "instances": [
        {
          "schema_version": 0,
          "attributes": {
            "compartment_id": "ocid1.compartment.oc1..aaaaaaaab6xzxe5v5sls7inhtote65hzulx5bflt4yewgoe4q24ymnekjopq",
            "defined_tags": {
              "tag-oci.tag-key-env": "non-prod",
              "tag-oci.tag-key-reg": "phx",
              "tag-oci.tag-key-stack": "lb"
            },
            "display_name": "rt-pub-lb-sub-iad",
            "freeform_tags": {},
            "id": "ocid1.routetable.oc1.phx.aaaaaaaaruv6ul2tjryxnqvr6jgo3bp4m5lcxp3v6ojcyur4zape5e6jg46q",
            "route_rules": [
              {
                "cidr_block": "",
                "description": "",
                "destination": "0.0.0.0/0",
                "destination_type": "CIDR_BLOCK",
                "network_entity_id": "ocid1.natgateway.oc1.phx.aaaaaaaat6b5m3aevnvbcyzogvv3k3fcwc6hsgdcni2uufzmzifoj6y5jqva",
                "route_type": ""
              }
            ],
            "state": "AVAILABLE",
            "time_created": "2023-09-12 13:36:37.168 +0000 UTC",
            "timeouts": null,
            "vcn_id": "ocid1.vcn.oc1.phx.amaaaaaaxvowp3iabzyb5hnidkp4acbs6ss42qrx43csaqaec4um2rusyr7a"
          },
          "sensitive_attributes": [],
          "private": "eyJlMmJmYjczMC1lY2FhLTExZTYtOGY4OC0zNDM2M2JjN2M0YzAiOnsiY3JlYXRlIjoxMjAwMDAwMDAwMDAwLCJkZWxldGUiOjEyMDAwMDAwMDAwMDAsInVwZGF0ZSI6MTIwMDAwMDAwMDAwMH19",
          "dependencies": [
            "oci_core_nat_gateway.non_prod_nat_gateway",
            "oci_core_vcn.non_prod_vcn",
            "oci_identity_compartment.home_compartment",
            "oci_identity_compartment.non_prod_environment_compartment",
            "oci_identity_compartment.non_prod_network_compartment"
          ]
        }
      ]
    },
    {
      "mode": "managed",
      "type": "oci_core_route_table",
      "name": "non_prod_pvt_lb_route_table",
      "provider": "provider[\"registry.terraform.io/oracle/oci\"].non_prod_reg",
      "instances": [
        {
          "schema_version": 0,
          "attributes": {
            "compartment_id": "ocid1.compartment.oc1..aaaaaaaab6xzxe5v5sls7inhtote65hzulx5bflt4yewgoe4q24ymnekjopq",
            "defined_tags": {
              "tag-oci.tag-key-env": "non-prod",
              "tag-oci.tag-key-reg": "phx",
              "tag-oci.tag-key-stack": "lb"
            },
            "display_name": "rt-pvt-lb-sub-iad",
            "freeform_tags": {},
            "id": "ocid1.routetable.oc1.phx.aaaaaaaaaoz3psuaxfmcase6vwxcpp74q4chljicqrkolgemhtkyar3e2qia",
            "route_rules": [
              {
                "cidr_block": "",
                "description": "",
                "destination": "0.0.0.0/0",
                "destination_type": "CIDR_BLOCK",
                "network_entity_id": "ocid1.natgateway.oc1.phx.aaaaaaaat6b5m3aevnvbcyzogvv3k3fcwc6hsgdcni2uufzmzifoj6y5jqva",
                "route_type": ""
              }
            ],
            "state": "AVAILABLE",
            "time_created": "2023-09-12 13:36:37.394 +0000 UTC",
            "timeouts": null,
            "vcn_id": "ocid1.vcn.oc1.phx.amaaaaaaxvowp3iabzyb5hnidkp4acbs6ss42qrx43csaqaec4um2rusyr7a"
          },
          "sensitive_attributes": [],
          "private": "eyJlMmJmYjczMC1lY2FhLTExZTYtOGY4OC0zNDM2M2JjN2M0YzAiOnsiY3JlYXRlIjoxMjAwMDAwMDAwMDAwLCJkZWxldGUiOjEyMDAwMDAwMDAwMDAsInVwZGF0ZSI6MTIwMDAwMDAwMDAwMH19",
          "dependencies": [
            "oci_core_nat_gateway.non_prod_nat_gateway",
            "oci_core_vcn.non_prod_vcn",
            "oci_identity_compartment.home_compartment",
            "oci_identity_compartment.non_prod_environment_compartment",
            "oci_identity_compartment.non_prod_network_compartment"
          ]
        }
      ]
    },
    {
      "mode": "managed",
      "type": "oci_core_route_table",
      "name": "prod_app_route_table",
      "provider": "provider[\"registry.terraform.io/oracle/oci\"]",
      "instances": [
        {
          "schema_version": 0,
          "attributes": {
            "compartment_id": "ocid1.compartment.oc1..aaaaaaaafhpn4aq77jvuwt5ih5qojxbawesnvm3hnga3wd5o54mhnzom6lja",
            "defined_tags": {
              "tag-oci.tag-key-env": "prod",
              "tag-oci.tag-key-reg": "ash",
              "tag-oci.tag-key-stack": "app"
            },
            "display_name": "rt-app-sub-iad",
            "freeform_tags": {},
            "id": "ocid1.routetable.oc1.iad.aaaaaaaafmnwz7vgyrkew5ix36swjujjeystju7zaa3ouhoaop7ckfcj7jsq",
            "route_rules": [
              {
                "cidr_block": "",
                "description": "",
                "destination": "10.0.0.0/16",
                "destination_type": "CIDR_BLOCK",
                "network_entity_id": "ocid1.drg.oc1.iad.aaaaaaaawrnec727gkzngro27yjxowl677xtpmfsqb4zwq6cjs3d545brorq",
                "route_type": ""
              }
            ],
            "state": "AVAILABLE",
            "time_created": "2023-09-12 13:34:34.921 +0000 UTC",
            "timeouts": null,
            "vcn_id": "ocid1.vcn.oc1.iad.amaaaaaaxvowp3iat5lm4jvnbeyflsgnkl5etb2774ectag5nxcx2wcmfsnq"
          },
          "sensitive_attributes": [],
          "private": "eyJlMmJmYjczMC1lY2FhLTExZTYtOGY4OC0zNDM2M2JjN2M0YzAiOnsiY3JlYXRlIjoxMjAwMDAwMDAwMDAwLCJkZWxldGUiOjEyMDAwMDAwMDAwMDAsInVwZGF0ZSI6MTIwMDAwMDAwMDAwMH19",
          "dependencies": [
            "oci_core_drg.drg",
            "oci_core_vcn.prod_vcn",
            "oci_identity_compartment.home_compartment",
            "oci_identity_compartment.hub_compartment",
            "oci_identity_compartment.hub_network_compartment",
            "oci_identity_compartment.prod_environment_compartment",
            "oci_identity_compartment.prod_network_compartment"
          ]
        }
      ]
    },
    {
      "mode": "managed",
      "type": "oci_core_route_table",
      "name": "prod_db_route_table",
      "provider": "provider[\"registry.terraform.io/oracle/oci\"]",
      "instances": [
        {
          "schema_version": 0,
          "attributes": {
            "compartment_id": "ocid1.compartment.oc1..aaaaaaaafhpn4aq77jvuwt5ih5qojxbawesnvm3hnga3wd5o54mhnzom6lja",
            "defined_tags": {
              "tag-oci.tag-key-env": "prod",
              "tag-oci.tag-key-reg": "ash",
              "tag-oci.tag-key-stack": "db"
            },
            "display_name": "rt-db-sub-iad",
            "freeform_tags": {},
            "id": "ocid1.routetable.oc1.iad.aaaaaaaabgu2wsvg6oagaphwab3woa634gavdwpg3x23m4dwadns4jzxaiga",
            "route_rules": [
              {
                "cidr_block": "",
                "description": "",
                "destination": "10.0.0.0/16",
                "destination_type": "CIDR_BLOCK",
                "network_entity_id": "ocid1.drg.oc1.iad.aaaaaaaawrnec727gkzngro27yjxowl677xtpmfsqb4zwq6cjs3d545brorq",
                "route_type": ""
              }
            ],
            "state": "AVAILABLE",
            "time_created": "2023-09-12 13:34:35.06 +0000 UTC",
            "timeouts": null,
            "vcn_id": "ocid1.vcn.oc1.iad.amaaaaaaxvowp3iat5lm4jvnbeyflsgnkl5etb2774ectag5nxcx2wcmfsnq"
          },
          "sensitive_attributes": [],
          "private": "eyJlMmJmYjczMC1lY2FhLTExZTYtOGY4OC0zNDM2M2JjN2M0YzAiOnsiY3JlYXRlIjoxMjAwMDAwMDAwMDAwLCJkZWxldGUiOjEyMDAwMDAwMDAwMDAsInVwZGF0ZSI6MTIwMDAwMDAwMDAwMH19",
          "dependencies": [
            "oci_core_drg.drg",
            "oci_core_vcn.prod_vcn",
            "oci_identity_compartment.home_compartment",
            "oci_identity_compartment.hub_compartment",
            "oci_identity_compartment.hub_network_compartment",
            "oci_identity_compartment.prod_environment_compartment",
            "oci_identity_compartment.prod_network_compartment"
          ]
        }
      ]
    },
    {
      "mode": "managed",
      "type": "oci_core_route_table",
      "name": "prod_dmz_route_table",
      "provider": "provider[\"registry.terraform.io/oracle/oci\"]",
      "instances": [
        {
          "schema_version": 0,
          "attributes": {
            "compartment_id": "ocid1.compartment.oc1..aaaaaaaafhpn4aq77jvuwt5ih5qojxbawesnvm3hnga3wd5o54mhnzom6lja",
            "defined_tags": {
              "tag-oci.tag-key-env": "prod",
              "tag-oci.tag-key-reg": "ash",
              "tag-oci.tag-key-stack": "dmz"
            },
            "display_name": "rt-dmz-prod-sub-iad",
            "freeform_tags": {},
            "id": "ocid1.routetable.oc1.iad.aaaaaaaapx2mr4ydhb2ezhfpwv2w4avnr4cp4cefg2icbs5rktboqym7kikq",
            "route_rules": [
              {
                "cidr_block": "",
                "description": "",
                "destination": "10.0.0.0/16",
                "destination_type": "CIDR_BLOCK",
                "network_entity_id": "ocid1.drg.oc1.iad.aaaaaaaawrnec727gkzngro27yjxowl677xtpmfsqb4zwq6cjs3d545brorq",
                "route_type": ""
              }
            ],
            "state": "AVAILABLE",
            "time_created": "2023-09-12 13:34:34.922 +0000 UTC",
            "timeouts": null,
            "vcn_id": "ocid1.vcn.oc1.iad.amaaaaaaxvowp3iat5lm4jvnbeyflsgnkl5etb2774ectag5nxcx2wcmfsnq"
          },
          "sensitive_attributes": [],
          "private": "eyJlMmJmYjczMC1lY2FhLTExZTYtOGY4OC0zNDM2M2JjN2M0YzAiOnsiY3JlYXRlIjoxMjAwMDAwMDAwMDAwLCJkZWxldGUiOjEyMDAwMDAwMDAwMDAsInVwZGF0ZSI6MTIwMDAwMDAwMDAwMH19",
          "dependencies": [
            "oci_core_drg.drg",
            "oci_core_vcn.prod_vcn",
            "oci_identity_compartment.home_compartment",
            "oci_identity_compartment.hub_compartment",
            "oci_identity_compartment.hub_network_compartment",
            "oci_identity_compartment.prod_environment_compartment",
            "oci_identity_compartment.prod_network_compartment"
          ]
        }
      ]
    },
    {
      "mode": "managed",
      "type": "oci_core_route_table",
      "name": "prod_exa_route_table",
      "provider": "provider[\"registry.terraform.io/oracle/oci\"]",
      "instances": [
        {
          "schema_version": 0,
          "attributes": {
            "compartment_id": "ocid1.compartment.oc1..aaaaaaaafhpn4aq77jvuwt5ih5qojxbawesnvm3hnga3wd5o54mhnzom6lja",
            "defined_tags": {
              "tag-oci.tag-key-env": "prod",
              "tag-oci.tag-key-reg": "ash",
              "tag-oci.tag-key-stack": "exa"
            },
            "display_name": "rt-exa-sub-iad",
            "freeform_tags": {},
            "id": "ocid1.routetable.oc1.iad.aaaaaaaajmudo5ss7ikdpkcadq7rlunklntjuwqpvp34h6grvxsmbxmrx6oa",
            "route_rules": [
              {
                "cidr_block": "",
                "description": "",
                "destination": "10.0.0.0/16",
                "destination_type": "CIDR_BLOCK",
                "network_entity_id": "ocid1.drg.oc1.iad.aaaaaaaawrnec727gkzngro27yjxowl677xtpmfsqb4zwq6cjs3d545brorq",
                "route_type": ""
              }
            ],
            "state": "AVAILABLE",
            "time_created": "2023-09-12 13:34:34.952 +0000 UTC",
            "timeouts": null,
            "vcn_id": "ocid1.vcn.oc1.iad.amaaaaaaxvowp3iat5lm4jvnbeyflsgnkl5etb2774ectag5nxcx2wcmfsnq"
          },
          "sensitive_attributes": [],
          "private": "eyJlMmJmYjczMC1lY2FhLTExZTYtOGY4OC0zNDM2M2JjN2M0YzAiOnsiY3JlYXRlIjoxMjAwMDAwMDAwMDAwLCJkZWxldGUiOjEyMDAwMDAwMDAwMDAsInVwZGF0ZSI6MTIwMDAwMDAwMDAwMH19",
          "dependencies": [
            "oci_core_drg.drg",
            "oci_core_vcn.prod_vcn",
            "oci_identity_compartment.home_compartment",
            "oci_identity_compartment.hub_compartment",
            "oci_identity_compartment.hub_network_compartment",
            "oci_identity_compartment.prod_environment_compartment",
            "oci_identity_compartment.prod_network_compartment"
          ]
        }
      ]
    },
    {
      "mode": "managed",
      "type": "oci_core_route_table",
      "name": "prod_pub_lb_route_table",
      "provider": "provider[\"registry.terraform.io/oracle/oci\"]",
      "instances": [
        {
          "schema_version": 0,
          "attributes": {
            "compartment_id": "ocid1.compartment.oc1..aaaaaaaafhpn4aq77jvuwt5ih5qojxbawesnvm3hnga3wd5o54mhnzom6lja",
            "defined_tags": {
              "tag-oci.tag-key-env": "prod",
              "tag-oci.tag-key-reg": "ash",
              "tag-oci.tag-key-stack": "lb"
            },
            "display_name": "rt-pub-lb-sub-iad",
            "freeform_tags": {},
            "id": "ocid1.routetable.oc1.iad.aaaaaaaa6d67zb3bluupwgmntqjkis4ek4ddsbezd35iogaqdhdcjc3nmsza",
            "route_rules": [
              {
                "cidr_block": "",
                "description": "",
                "destination": "10.0.0.0/16",
                "destination_type": "CIDR_BLOCK",
                "network_entity_id": "ocid1.drg.oc1.iad.aaaaaaaawrnec727gkzngro27yjxowl677xtpmfsqb4zwq6cjs3d545brorq",
                "route_type": ""
              }
            ],
            "state": "AVAILABLE",
            "time_created": "2023-09-12 13:34:34.949 +0000 UTC",
            "timeouts": null,
            "vcn_id": "ocid1.vcn.oc1.iad.amaaaaaaxvowp3iat5lm4jvnbeyflsgnkl5etb2774ectag5nxcx2wcmfsnq"
          },
          "sensitive_attributes": [],
          "private": "eyJlMmJmYjczMC1lY2FhLTExZTYtOGY4OC0zNDM2M2JjN2M0YzAiOnsiY3JlYXRlIjoxMjAwMDAwMDAwMDAwLCJkZWxldGUiOjEyMDAwMDAwMDAwMDAsInVwZGF0ZSI6MTIwMDAwMDAwMDAwMH19",
          "dependencies": [
            "oci_core_drg.drg",
            "oci_core_vcn.prod_vcn",
            "oci_identity_compartment.home_compartment",
            "oci_identity_compartment.hub_compartment",
            "oci_identity_compartment.hub_network_compartment",
            "oci_identity_compartment.prod_environment_compartment",
            "oci_identity_compartment.prod_network_compartment"
          ]
        }
      ]
    },
    {
      "mode": "managed",
      "type": "oci_core_route_table",
      "name": "prod_pvt_lb_route_table",
      "provider": "provider[\"registry.terraform.io/oracle/oci\"]",
      "instances": [
        {
          "schema_version": 0,
          "attributes": {
            "compartment_id": "ocid1.compartment.oc1..aaaaaaaafhpn4aq77jvuwt5ih5qojxbawesnvm3hnga3wd5o54mhnzom6lja",
            "defined_tags": {
              "tag-oci.tag-key-env": "prod",
              "tag-oci.tag-key-reg": "ash",
              "tag-oci.tag-key-stack": "lb"
            },
            "display_name": "rt-pvt-lb-sub-iad",
            "freeform_tags": {},
            "id": "ocid1.routetable.oc1.iad.aaaaaaaan6r2auwwnueiav6dne7umfjs3og7a6mb6xu4qoxqrvjlzvzwhqlq",
            "route_rules": [
              {
                "cidr_block": "",
                "description": "",
                "destination": "10.0.0.0/16",
                "destination_type": "CIDR_BLOCK",
                "network_entity_id": "ocid1.drg.oc1.iad.aaaaaaaawrnec727gkzngro27yjxowl677xtpmfsqb4zwq6cjs3d545brorq",
                "route_type": ""
              }
            ],
            "state": "AVAILABLE",
            "time_created": "2023-09-12 13:34:35.128 +0000 UTC",
            "timeouts": null,
            "vcn_id": "ocid1.vcn.oc1.iad.amaaaaaaxvowp3iat5lm4jvnbeyflsgnkl5etb2774ectag5nxcx2wcmfsnq"
          },
          "sensitive_attributes": [],
          "private": "eyJlMmJmYjczMC1lY2FhLTExZTYtOGY4OC0zNDM2M2JjN2M0YzAiOnsiY3JlYXRlIjoxMjAwMDAwMDAwMDAwLCJkZWxldGUiOjEyMDAwMDAwMDAwMDAsInVwZGF0ZSI6MTIwMDAwMDAwMDAwMH19",
          "dependencies": [
            "oci_core_drg.drg",
            "oci_core_vcn.prod_vcn",
            "oci_identity_compartment.home_compartment",
            "oci_identity_compartment.hub_compartment",
            "oci_identity_compartment.hub_network_compartment",
            "oci_identity_compartment.prod_environment_compartment",
            "oci_identity_compartment.prod_network_compartment"
          ]
        }
      ]
    },
    {
      "mode": "managed",
      "type": "oci_core_security_list",
      "name": "hub_mgmt_security_list",
      "provider": "provider[\"registry.terraform.io/oracle/oci\"]",
      "instances": [
        {
          "schema_version": 0,
          "attributes": {
            "compartment_id": "ocid1.compartment.oc1..aaaaaaaacr7x7wu5dssnigfwunej3xkh36csqdc3jk3cnzixuds4kjkea5zq",
            "defined_tags": {
              "tag-oci.tag-key-env": "prod",
              "tag-oci.tag-key-reg": "ash",
              "tag-oci.tag-key-stack": "hub"
            },
            "display_name": "sl-mgmt-sub-iad",
            "egress_security_rules": [],
            "freeform_tags": {},
            "id": "ocid1.securitylist.oc1.iad.aaaaaaaa2xtlnmo3yadjnyrkbr5szviao3wna4jbiebpi7c2pucrzhgsyhya",
            "ingress_security_rules": [],
            "state": "AVAILABLE",
            "time_created": "2023-09-12 13:34:20.378 +0000 UTC",
            "timeouts": null,
            "vcn_id": "ocid1.vcn.oc1.iad.amaaaaaaxvowp3iafaj64rfo2dai5cpqwluke7s4rsj3dzdnxct7adydgn6a"
          },
          "sensitive_attributes": [],
          "private": "eyJlMmJmYjczMC1lY2FhLTExZTYtOGY4OC0zNDM2M2JjN2M0YzAiOnsiY3JlYXRlIjoxMjAwMDAwMDAwMDAwLCJkZWxldGUiOjEyMDAwMDAwMDAwMDAsInVwZGF0ZSI6MTIwMDAwMDAwMDAwMH19",
          "dependencies": [
            "oci_core_vcn.hub_vcn",
            "oci_identity_compartment.home_compartment",
            "oci_identity_compartment.hub_compartment",
            "oci_identity_compartment.hub_network_compartment"
          ]
        }
      ]
    },
    {
      "mode": "managed",
      "type": "oci_core_security_list",
      "name": "hub_trt_security_list",
      "provider": "provider[\"registry.terraform.io/oracle/oci\"]",
      "instances": [
        {
          "schema_version": 0,
          "attributes": {
            "compartment_id": "ocid1.compartment.oc1..aaaaaaaacr7x7wu5dssnigfwunej3xkh36csqdc3jk3cnzixuds4kjkea5zq",
            "defined_tags": {
              "tag-oci.tag-key-env": "prod",
              "tag-oci.tag-key-reg": "ash",
              "tag-oci.tag-key-stack": "hub"
            },
            "display_name": "sl-trt-sub-iad",
            "egress_security_rules": [],
            "freeform_tags": {},
            "id": "ocid1.securitylist.oc1.iad.aaaaaaaauntvpqeaftevh5wlx3w3hbyktol4s44xk5qr747qk2thre3yn6oa",
            "ingress_security_rules": [],
            "state": "AVAILABLE",
            "time_created": "2023-09-12 13:34:20.38 +0000 UTC",
            "timeouts": null,
            "vcn_id": "ocid1.vcn.oc1.iad.amaaaaaaxvowp3iafaj64rfo2dai5cpqwluke7s4rsj3dzdnxct7adydgn6a"
          },
          "sensitive_attributes": [],
          "private": "eyJlMmJmYjczMC1lY2FhLTExZTYtOGY4OC0zNDM2M2JjN2M0YzAiOnsiY3JlYXRlIjoxMjAwMDAwMDAwMDAwLCJkZWxldGUiOjEyMDAwMDAwMDAwMDAsInVwZGF0ZSI6MTIwMDAwMDAwMDAwMH19",
          "dependencies": [
            "oci_core_vcn.hub_vcn",
            "oci_identity_compartment.home_compartment",
            "oci_identity_compartment.hub_compartment",
            "oci_identity_compartment.hub_network_compartment"
          ]
        }
      ]
    },
    {
      "mode": "managed",
      "type": "oci_core_security_list",
      "name": "hub_untrt_security_list",
      "provider": "provider[\"registry.terraform.io/oracle/oci\"]",
      "instances": [
        {
          "schema_version": 0,
          "attributes": {
            "compartment_id": "ocid1.compartment.oc1..aaaaaaaacr7x7wu5dssnigfwunej3xkh36csqdc3jk3cnzixuds4kjkea5zq",
            "defined_tags": {
              "tag-oci.tag-key-env": "prod",
              "tag-oci.tag-key-reg": "ash",
              "tag-oci.tag-key-stack": "hub"
            },
            "display_name": "sl-untrt-sub-iad",
            "egress_security_rules": [],
            "freeform_tags": {},
            "id": "ocid1.securitylist.oc1.iad.aaaaaaaacubvoxjglyqymmdkfno6xgkgohjb5iu33jf2mckoyl6k3v72xgna",
            "ingress_security_rules": [],
            "state": "AVAILABLE",
            "time_created": "2023-09-12 13:34:20.414 +0000 UTC",
            "timeouts": null,
            "vcn_id": "ocid1.vcn.oc1.iad.amaaaaaaxvowp3iafaj64rfo2dai5cpqwluke7s4rsj3dzdnxct7adydgn6a"
          },
          "sensitive_attributes": [],
          "private": "eyJlMmJmYjczMC1lY2FhLTExZTYtOGY4OC0zNDM2M2JjN2M0YzAiOnsiY3JlYXRlIjoxMjAwMDAwMDAwMDAwLCJkZWxldGUiOjEyMDAwMDAwMDAwMDAsInVwZGF0ZSI6MTIwMDAwMDAwMDAwMH19",
          "dependencies": [
            "oci_core_vcn.hub_vcn",
            "oci_identity_compartment.home_compartment",
            "oci_identity_compartment.hub_compartment",
            "oci_identity_compartment.hub_network_compartment"
          ]
        }
      ]
    },
    {
      "mode": "managed",
      "type": "oci_core_security_list",
      "name": "non_prod_app_security_list",
      "provider": "provider[\"registry.terraform.io/oracle/oci\"].non_prod_reg",
      "instances": [
        {
          "schema_version": 0,
          "attributes": {
            "compartment_id": "ocid1.compartment.oc1..aaaaaaaab6xzxe5v5sls7inhtote65hzulx5bflt4yewgoe4q24ymnekjopq",
            "defined_tags": {
              "tag-oci.tag-key-env": "non-prod",
              "tag-oci.tag-key-reg": "phx",
              "tag-oci.tag-key-stack": "app"
            },
            "display_name": "sl-app-sub-iad",
            "egress_security_rules": [],
            "freeform_tags": {},
            "id": "ocid1.securitylist.oc1.phx.aaaaaaaa64se3pc4u353dwzhi7hupn3cc6bnuzemawptiqiboy4jnqvmjcfa",
            "ingress_security_rules": [],
            "state": "AVAILABLE",
            "time_created": "2023-09-12 13:36:34.655 +0000 UTC",
            "timeouts": null,
            "vcn_id": "ocid1.vcn.oc1.phx.amaaaaaaxvowp3iabzyb5hnidkp4acbs6ss42qrx43csaqaec4um2rusyr7a"
          },
          "sensitive_attributes": [],
          "private": "eyJlMmJmYjczMC1lY2FhLTExZTYtOGY4OC0zNDM2M2JjN2M0YzAiOnsiY3JlYXRlIjoxMjAwMDAwMDAwMDAwLCJkZWxldGUiOjEyMDAwMDAwMDAwMDAsInVwZGF0ZSI6MTIwMDAwMDAwMDAwMH19",
          "dependencies": [
            "oci_core_vcn.non_prod_vcn",
            "oci_identity_compartment.home_compartment",
            "oci_identity_compartment.non_prod_environment_compartment",
            "oci_identity_compartment.non_prod_network_compartment"
          ]
        }
      ]
    },
    {
      "mode": "managed",
      "type": "oci_core_security_list",
      "name": "non_prod_db_security_list",
      "provider": "provider[\"registry.terraform.io/oracle/oci\"].non_prod_reg",
      "instances": [
        {
          "schema_version": 0,
          "attributes": {
            "compartment_id": "ocid1.compartment.oc1..aaaaaaaab6xzxe5v5sls7inhtote65hzulx5bflt4yewgoe4q24ymnekjopq",
            "defined_tags": {
              "tag-oci.tag-key-env": "non-prod",
              "tag-oci.tag-key-reg": "phx",
              "tag-oci.tag-key-stack": "db"
            },
            "display_name": "sl-db-sub-iad",
            "egress_security_rules": [],
            "freeform_tags": {},
            "id": "ocid1.securitylist.oc1.phx.aaaaaaaakspabmqqb77scnkeogrwspshcll6phv343kiltifgavsxhzapuaa",
            "ingress_security_rules": [],
            "state": "AVAILABLE",
            "time_created": "2023-09-12 13:36:34.354 +0000 UTC",
            "timeouts": null,
            "vcn_id": "ocid1.vcn.oc1.phx.amaaaaaaxvowp3iabzyb5hnidkp4acbs6ss42qrx43csaqaec4um2rusyr7a"
          },
          "sensitive_attributes": [],
          "private": "eyJlMmJmYjczMC1lY2FhLTExZTYtOGY4OC0zNDM2M2JjN2M0YzAiOnsiY3JlYXRlIjoxMjAwMDAwMDAwMDAwLCJkZWxldGUiOjEyMDAwMDAwMDAwMDAsInVwZGF0ZSI6MTIwMDAwMDAwMDAwMH19",
          "dependencies": [
            "oci_core_vcn.non_prod_vcn",
            "oci_identity_compartment.home_compartment",
            "oci_identity_compartment.non_prod_environment_compartment",
            "oci_identity_compartment.non_prod_network_compartment"
          ]
        }
      ]
    },
    {
      "mode": "managed",
      "type": "oci_core_security_list",
      "name": "non_prod_dmz_security_list",
      "provider": "provider[\"registry.terraform.io/oracle/oci\"].non_prod_reg",
      "instances": [
        {
          "schema_version": 0,
          "attributes": {
            "compartment_id": "ocid1.compartment.oc1..aaaaaaaab6xzxe5v5sls7inhtote65hzulx5bflt4yewgoe4q24ymnekjopq",
            "defined_tags": {
              "tag-oci.tag-key-env": "non-prod",
              "tag-oci.tag-key-reg": "phx",
              "tag-oci.tag-key-stack": "dmz"
            },
            "display_name": "sl-dmz-non-prod-sub-iad",
            "egress_security_rules": [],
            "freeform_tags": {},
            "id": "ocid1.securitylist.oc1.phx.aaaaaaaakt5cst2jkwpeowzuaqn66mmovr27e7w6cr7jewd5e3br77k5p2ya",
            "ingress_security_rules": [],
            "state": "AVAILABLE",
            "time_created": "2023-09-12 13:36:34.659 +0000 UTC",
            "timeouts": null,
            "vcn_id": "ocid1.vcn.oc1.phx.amaaaaaaxvowp3iabzyb5hnidkp4acbs6ss42qrx43csaqaec4um2rusyr7a"
          },
          "sensitive_attributes": [],
          "private": "eyJlMmJmYjczMC1lY2FhLTExZTYtOGY4OC0zNDM2M2JjN2M0YzAiOnsiY3JlYXRlIjoxMjAwMDAwMDAwMDAwLCJkZWxldGUiOjEyMDAwMDAwMDAwMDAsInVwZGF0ZSI6MTIwMDAwMDAwMDAwMH19",
          "dependencies": [
            "oci_core_vcn.non_prod_vcn",
            "oci_identity_compartment.home_compartment",
            "oci_identity_compartment.non_prod_environment_compartment",
            "oci_identity_compartment.non_prod_network_compartment"
          ]
        }
      ]
    },
    {
      "mode": "managed",
      "type": "oci_core_security_list",
      "name": "non_prod_exa_security_list",
      "provider": "provider[\"registry.terraform.io/oracle/oci\"].non_prod_reg",
      "instances": [
        {
          "schema_version": 0,
          "attributes": {
            "compartment_id": "ocid1.compartment.oc1..aaaaaaaab6xzxe5v5sls7inhtote65hzulx5bflt4yewgoe4q24ymnekjopq",
            "defined_tags": {
              "tag-oci.tag-key-env": "non-prod",
              "tag-oci.tag-key-reg": "phx",
              "tag-oci.tag-key-stack": "exa"
            },
            "display_name": "sl-exa-sub-iad",
            "egress_security_rules": [],
            "freeform_tags": {},
            "id": "ocid1.securitylist.oc1.phx.aaaaaaaak2xbfei6oq3vz63vjwmluvcrgbqrijniio3byxjtd32cpglvfqsq",
            "ingress_security_rules": [],
            "state": "AVAILABLE",
            "time_created": "2023-09-12 13:36:34.489 +0000 UTC",
            "timeouts": null,
            "vcn_id": "ocid1.vcn.oc1.phx.amaaaaaaxvowp3iabzyb5hnidkp4acbs6ss42qrx43csaqaec4um2rusyr7a"
          },
          "sensitive_attributes": [],
          "private": "eyJlMmJmYjczMC1lY2FhLTExZTYtOGY4OC0zNDM2M2JjN2M0YzAiOnsiY3JlYXRlIjoxMjAwMDAwMDAwMDAwLCJkZWxldGUiOjEyMDAwMDAwMDAwMDAsInVwZGF0ZSI6MTIwMDAwMDAwMDAwMH19",
          "dependencies": [
            "oci_core_vcn.non_prod_vcn",
            "oci_identity_compartment.home_compartment",
            "oci_identity_compartment.non_prod_environment_compartment",
            "oci_identity_compartment.non_prod_network_compartment"
          ]
        }
      ]
    },
    {
      "mode": "managed",
      "type": "oci_core_security_list",
      "name": "non_prod_pub_lb_security_list",
      "provider": "provider[\"registry.terraform.io/oracle/oci\"].non_prod_reg",
      "instances": [
        {
          "schema_version": 0,
          "attributes": {
            "compartment_id": "ocid1.compartment.oc1..aaaaaaaab6xzxe5v5sls7inhtote65hzulx5bflt4yewgoe4q24ymnekjopq",
            "defined_tags": {
              "tag-oci.tag-key-env": "non-prod",
              "tag-oci.tag-key-reg": "phx",
              "tag-oci.tag-key-stack": "lb"
            },
            "display_name": "sl-pub-lb-sub-iad",
            "egress_security_rules": [],
            "freeform_tags": {},
            "id": "ocid1.securitylist.oc1.phx.aaaaaaaadh5oavdjao4fxcp4jczu4hwdua3udz4ed7374df6534yds2vkp7a",
            "ingress_security_rules": [],
            "state": "AVAILABLE",
            "time_created": "2023-09-12 13:36:34.367 +0000 UTC",
            "timeouts": null,
            "vcn_id": "ocid1.vcn.oc1.phx.amaaaaaaxvowp3iabzyb5hnidkp4acbs6ss42qrx43csaqaec4um2rusyr7a"
          },
          "sensitive_attributes": [],
          "private": "eyJlMmJmYjczMC1lY2FhLTExZTYtOGY4OC0zNDM2M2JjN2M0YzAiOnsiY3JlYXRlIjoxMjAwMDAwMDAwMDAwLCJkZWxldGUiOjEyMDAwMDAwMDAwMDAsInVwZGF0ZSI6MTIwMDAwMDAwMDAwMH19",
          "dependencies": [
            "oci_core_vcn.non_prod_vcn",
            "oci_identity_compartment.home_compartment",
            "oci_identity_compartment.non_prod_environment_compartment",
            "oci_identity_compartment.non_prod_network_compartment"
          ]
        }
      ]
    },
    {
      "mode": "managed",
      "type": "oci_core_security_list",
      "name": "non_prod_pvt_lb_security_list",
      "provider": "provider[\"registry.terraform.io/oracle/oci\"].non_prod_reg",
      "instances": [
        {
          "schema_version": 0,
          "attributes": {
            "compartment_id": "ocid1.compartment.oc1..aaaaaaaab6xzxe5v5sls7inhtote65hzulx5bflt4yewgoe4q24ymnekjopq",
            "defined_tags": {
              "tag-oci.tag-key-env": "non-prod",
              "tag-oci.tag-key-reg": "phx",
              "tag-oci.tag-key-stack": "lb"
            },
            "display_name": "sl-pvt-lb-sub-iad",
            "egress_security_rules": [],
            "freeform_tags": {},
            "id": "ocid1.securitylist.oc1.phx.aaaaaaaasoksaqb64so3x7cxb4pryo2nmha3oixpbvmobpxito7k2fivlrxq",
            "ingress_security_rules": [],
            "state": "AVAILABLE",
            "time_created": "2023-09-12 13:36:34.598 +0000 UTC",
            "timeouts": null,
            "vcn_id": "ocid1.vcn.oc1.phx.amaaaaaaxvowp3iabzyb5hnidkp4acbs6ss42qrx43csaqaec4um2rusyr7a"
          },
          "sensitive_attributes": [],
          "private": "eyJlMmJmYjczMC1lY2FhLTExZTYtOGY4OC0zNDM2M2JjN2M0YzAiOnsiY3JlYXRlIjoxMjAwMDAwMDAwMDAwLCJkZWxldGUiOjEyMDAwMDAwMDAwMDAsInVwZGF0ZSI6MTIwMDAwMDAwMDAwMH19",
          "dependencies": [
            "oci_core_vcn.non_prod_vcn",
            "oci_identity_compartment.home_compartment",
            "oci_identity_compartment.non_prod_environment_compartment",
            "oci_identity_compartment.non_prod_network_compartment"
          ]
        }
      ]
    },
    {
      "mode": "managed",
      "type": "oci_core_security_list",
      "name": "prod_app_security_list",
      "provider": "provider[\"registry.terraform.io/oracle/oci\"]",
      "instances": [
        {
          "schema_version": 0,
          "attributes": {
            "compartment_id": "ocid1.compartment.oc1..aaaaaaaafhpn4aq77jvuwt5ih5qojxbawesnvm3hnga3wd5o54mhnzom6lja",
            "defined_tags": {
              "tag-oci.tag-key-env": "prod",
              "tag-oci.tag-key-reg": "ash",
              "tag-oci.tag-key-stack": "app"
            },
            "display_name": "sl-app-sub-iad",
            "egress_security_rules": [],
            "freeform_tags": {},
            "id": "ocid1.securitylist.oc1.iad.aaaaaaaamzdxgcy3fbwndky4s4insm5ht64laejxcpoe2u75mw3jtffknmqq",
            "ingress_security_rules": [],
            "state": "AVAILABLE",
            "time_created": "2023-09-12 13:34:30.961 +0000 UTC",
            "timeouts": null,
            "vcn_id": "ocid1.vcn.oc1.iad.amaaaaaaxvowp3iat5lm4jvnbeyflsgnkl5etb2774ectag5nxcx2wcmfsnq"
          },
          "sensitive_attributes": [],
          "private": "eyJlMmJmYjczMC1lY2FhLTExZTYtOGY4OC0zNDM2M2JjN2M0YzAiOnsiY3JlYXRlIjoxMjAwMDAwMDAwMDAwLCJkZWxldGUiOjEyMDAwMDAwMDAwMDAsInVwZGF0ZSI6MTIwMDAwMDAwMDAwMH19",
          "dependencies": [
            "oci_core_vcn.prod_vcn",
            "oci_identity_compartment.home_compartment",
            "oci_identity_compartment.prod_environment_compartment",
            "oci_identity_compartment.prod_network_compartment"
          ]
        }
      ]
    },
    {
      "mode": "managed",
      "type": "oci_core_security_list",
      "name": "prod_db_security_list",
      "provider": "provider[\"registry.terraform.io/oracle/oci\"]",
      "instances": [
        {
          "schema_version": 0,
          "attributes": {
            "compartment_id": "ocid1.compartment.oc1..aaaaaaaafhpn4aq77jvuwt5ih5qojxbawesnvm3hnga3wd5o54mhnzom6lja",
            "defined_tags": {
              "tag-oci.tag-key-env": "prod",
              "tag-oci.tag-key-reg": "ash",
              "tag-oci.tag-key-stack": "db"
            },
            "display_name": "sl-db-sub-iad",
            "egress_security_rules": [],
            "freeform_tags": {},
            "id": "ocid1.securitylist.oc1.iad.aaaaaaaaitjoerqjx6yitjufkgi46jdt52vwhlksjdwr2ztnwnzjbznkfrlq",
            "ingress_security_rules": [],
            "state": "AVAILABLE",
            "time_created": "2023-09-12 13:34:30.845 +0000 UTC",
            "timeouts": null,
            "vcn_id": "ocid1.vcn.oc1.iad.amaaaaaaxvowp3iat5lm4jvnbeyflsgnkl5etb2774ectag5nxcx2wcmfsnq"
          },
          "sensitive_attributes": [],
          "private": "eyJlMmJmYjczMC1lY2FhLTExZTYtOGY4OC0zNDM2M2JjN2M0YzAiOnsiY3JlYXRlIjoxMjAwMDAwMDAwMDAwLCJkZWxldGUiOjEyMDAwMDAwMDAwMDAsInVwZGF0ZSI6MTIwMDAwMDAwMDAwMH19",
          "dependencies": [
            "oci_core_vcn.prod_vcn",
            "oci_identity_compartment.home_compartment",
            "oci_identity_compartment.prod_environment_compartment",
            "oci_identity_compartment.prod_network_compartment"
          ]
        }
      ]
    },
    {
      "mode": "managed",
      "type": "oci_core_security_list",
      "name": "prod_dmz_security_list",
      "provider": "provider[\"registry.terraform.io/oracle/oci\"]",
      "instances": [
        {
          "schema_version": 0,
          "attributes": {
            "compartment_id": "ocid1.compartment.oc1..aaaaaaaafhpn4aq77jvuwt5ih5qojxbawesnvm3hnga3wd5o54mhnzom6lja",
            "defined_tags": {
              "tag-oci.tag-key-env": "prod",
              "tag-oci.tag-key-reg": "ash",
              "tag-oci.tag-key-stack": "dmz"
            },
            "display_name": "sl-dmz-prod-sub-iad",
            "egress_security_rules": [],
            "freeform_tags": {},
            "id": "ocid1.securitylist.oc1.iad.aaaaaaaaa6rmmdhiuta5zqz3ouym5cw5v7bvw775kt7jph4k5l2b6h7mh5yq",
            "ingress_security_rules": [],
            "state": "AVAILABLE",
            "time_created": "2023-09-12 13:34:30.833 +0000 UTC",
            "timeouts": null,
            "vcn_id": "ocid1.vcn.oc1.iad.amaaaaaaxvowp3iat5lm4jvnbeyflsgnkl5etb2774ectag5nxcx2wcmfsnq"
          },
          "sensitive_attributes": [],
          "private": "eyJlMmJmYjczMC1lY2FhLTExZTYtOGY4OC0zNDM2M2JjN2M0YzAiOnsiY3JlYXRlIjoxMjAwMDAwMDAwMDAwLCJkZWxldGUiOjEyMDAwMDAwMDAwMDAsInVwZGF0ZSI6MTIwMDAwMDAwMDAwMH19",
          "dependencies": [
            "oci_core_vcn.prod_vcn",
            "oci_identity_compartment.home_compartment",
            "oci_identity_compartment.prod_environment_compartment",
            "oci_identity_compartment.prod_network_compartment"
          ]
        }
      ]
    },
    {
      "mode": "managed",
      "type": "oci_core_security_list",
      "name": "prod_exa_security_list",
      "provider": "provider[\"registry.terraform.io/oracle/oci\"]",
      "instances": [
        {
          "schema_version": 0,
          "attributes": {
            "compartment_id": "ocid1.compartment.oc1..aaaaaaaafhpn4aq77jvuwt5ih5qojxbawesnvm3hnga3wd5o54mhnzom6lja",
            "defined_tags": {
              "tag-oci.tag-key-env": "prod",
              "tag-oci.tag-key-reg": "ash",
              "tag-oci.tag-key-stack": "exa"
            },
            "display_name": "sl-exa-sub-iad",
            "egress_security_rules": [],
            "freeform_tags": {},
            "id": "ocid1.securitylist.oc1.iad.aaaaaaaaeboneng6yzpjuw32roxsuotilig3ciz4lme5gz6kp347r32dukua",
            "ingress_security_rules": [],
            "state": "AVAILABLE",
            "time_created": "2023-09-12 13:34:31.314 +0000 UTC",
            "timeouts": null,
            "vcn_id": "ocid1.vcn.oc1.iad.amaaaaaaxvowp3iat5lm4jvnbeyflsgnkl5etb2774ectag5nxcx2wcmfsnq"
          },
          "sensitive_attributes": [],
          "private": "eyJlMmJmYjczMC1lY2FhLTExZTYtOGY4OC0zNDM2M2JjN2M0YzAiOnsiY3JlYXRlIjoxMjAwMDAwMDAwMDAwLCJkZWxldGUiOjEyMDAwMDAwMDAwMDAsInVwZGF0ZSI6MTIwMDAwMDAwMDAwMH19",
          "dependencies": [
            "oci_core_vcn.prod_vcn",
            "oci_identity_compartment.home_compartment",
            "oci_identity_compartment.prod_environment_compartment",
            "oci_identity_compartment.prod_network_compartment"
          ]
        }
      ]
    },
    {
      "mode": "managed",
      "type": "oci_core_security_list",
      "name": "prod_pub_lb_security_list",
      "provider": "provider[\"registry.terraform.io/oracle/oci\"]",
      "instances": [
        {
          "schema_version": 0,
          "attributes": {
            "compartment_id": "ocid1.compartment.oc1..aaaaaaaafhpn4aq77jvuwt5ih5qojxbawesnvm3hnga3wd5o54mhnzom6lja",
            "defined_tags": {
              "tag-oci.tag-key-env": "prod",
              "tag-oci.tag-key-reg": "ash",
              "tag-oci.tag-key-stack": "lb"
            },
            "display_name": "sl-pub-lb-sub-iad",
            "egress_security_rules": [],
            "freeform_tags": {},
            "id": "ocid1.securitylist.oc1.iad.aaaaaaaaitv5vq6kum6rrs6nuvrzhvm5edysikscuz2fx2zeyzbip7wg5kbq",
            "ingress_security_rules": [],
            "state": "AVAILABLE",
            "time_created": "2023-09-12 13:34:30.844 +0000 UTC",
            "timeouts": null,
            "vcn_id": "ocid1.vcn.oc1.iad.amaaaaaaxvowp3iat5lm4jvnbeyflsgnkl5etb2774ectag5nxcx2wcmfsnq"
          },
          "sensitive_attributes": [],
          "private": "eyJlMmJmYjczMC1lY2FhLTExZTYtOGY4OC0zNDM2M2JjN2M0YzAiOnsiY3JlYXRlIjoxMjAwMDAwMDAwMDAwLCJkZWxldGUiOjEyMDAwMDAwMDAwMDAsInVwZGF0ZSI6MTIwMDAwMDAwMDAwMH19",
          "dependencies": [
            "oci_core_vcn.prod_vcn",
            "oci_identity_compartment.home_compartment",
            "oci_identity_compartment.prod_environment_compartment",
            "oci_identity_compartment.prod_network_compartment"
          ]
        }
      ]
    },
    {
      "mode": "managed",
      "type": "oci_core_security_list",
      "name": "prod_pvt_lb_security_list",
      "provider": "provider[\"registry.terraform.io/oracle/oci\"]",
      "instances": [
        {
          "schema_version": 0,
          "attributes": {
            "compartment_id": "ocid1.compartment.oc1..aaaaaaaafhpn4aq77jvuwt5ih5qojxbawesnvm3hnga3wd5o54mhnzom6lja",
            "defined_tags": {
              "tag-oci.tag-key-env": "prod",
              "tag-oci.tag-key-reg": "ash",
              "tag-oci.tag-key-stack": "lb"
            },
            "display_name": "sl-pvt-lb-sub-iad",
            "egress_security_rules": [],
            "freeform_tags": {},
            "id": "ocid1.securitylist.oc1.iad.aaaaaaaaqfyhb7kfczx3xtzsufe4kf4pwojoznlrlwd4h362kwiz4pkjnhma",
            "ingress_security_rules": [],
            "state": "AVAILABLE",
            "time_created": "2023-09-12 13:34:30.915 +0000 UTC",
            "timeouts": null,
            "vcn_id": "ocid1.vcn.oc1.iad.amaaaaaaxvowp3iat5lm4jvnbeyflsgnkl5etb2774ectag5nxcx2wcmfsnq"
          },
          "sensitive_attributes": [],
          "private": "eyJlMmJmYjczMC1lY2FhLTExZTYtOGY4OC0zNDM2M2JjN2M0YzAiOnsiY3JlYXRlIjoxMjAwMDAwMDAwMDAwLCJkZWxldGUiOjEyMDAwMDAwMDAwMDAsInVwZGF0ZSI6MTIwMDAwMDAwMDAwMH19",
          "dependencies": [
            "oci_core_vcn.prod_vcn",
            "oci_identity_compartment.home_compartment",
            "oci_identity_compartment.prod_environment_compartment",
            "oci_identity_compartment.prod_network_compartment"
          ]
        }
      ]
    },
    {
      "mode": "managed",
      "type": "oci_core_service_gateway",
      "name": "hub_service_gateway",
      "provider": "provider[\"registry.terraform.io/oracle/oci\"]",
      "instances": [
        {
          "schema_version": 0,
          "attributes": {
            "block_traffic": false,
            "compartment_id": "ocid1.compartment.oc1..aaaaaaaacr7x7wu5dssnigfwunej3xkh36csqdc3jk3cnzixuds4kjkea5zq",
            "defined_tags": {
              "tag-oci.tag-key-env": "prod",
              "tag-oci.tag-key-reg": "ash",
              "tag-oci.tag-key-stack": "hub"
            },
            "display_name": "sgw-hub-iad",
            "freeform_tags": {},
            "id": "ocid1.servicegateway.oc1.iad.aaaaaaaaqgwm3nyxvj24l5sbswc2bd34gcqm2vnc4parucyurr6wyp44xtba",
            "route_table_id": null,
            "services": [
              {
                "service_id": "ocid1.service.oc1.iad.aaaaaaaa74z6sqsezqf6znyomdp5jkvfwb4j2ol33abgosvnhxcqphyl3eaq",
                "service_name": "OCI IAD Object Storage"
              }
            ],
            "state": "AVAILABLE",
            "time_created": "2023-09-12 13:34:21.214 +0000 UTC",
            "timeouts": null,
            "vcn_id": "ocid1.vcn.oc1.iad.amaaaaaaxvowp3iafaj64rfo2dai5cpqwluke7s4rsj3dzdnxct7adydgn6a"
          },
          "sensitive_attributes": [],
          "private": "eyJlMmJmYjczMC1lY2FhLTExZTYtOGY4OC0zNDM2M2JjN2M0YzAiOnsiY3JlYXRlIjoxMjAwMDAwMDAwMDAwLCJkZWxldGUiOjEyMDAwMDAwMDAwMDAsInVwZGF0ZSI6MTIwMDAwMDAwMDAwMH19",
          "dependencies": [
            "data.oci_core_services.services",
            "oci_core_vcn.hub_vcn",
            "oci_identity_compartment.home_compartment",
            "oci_identity_compartment.hub_compartment",
            "oci_identity_compartment.hub_network_compartment"
          ]
        }
      ]
    },
    {
      "mode": "managed",
      "type": "oci_core_service_gateway",
      "name": "non_prod_service_gateway",
      "provider": "provider[\"registry.terraform.io/oracle/oci\"].non_prod_reg",
      "instances": [
        {
          "schema_version": 0,
          "attributes": {
            "block_traffic": false,
            "compartment_id": "ocid1.compartment.oc1..aaaaaaaab6xzxe5v5sls7inhtote65hzulx5bflt4yewgoe4q24ymnekjopq",
            "defined_tags": {
              "tag-oci.tag-key-env": "non-prod",
              "tag-oci.tag-key-reg": "phx"
            },
            "display_name": "sgw-non-prod-iad",
            "freeform_tags": {},
            "id": "ocid1.servicegateway.oc1.phx.aaaaaaaaz4dhqbrl5tpce3yydmimyul4tcv25o3pqxa7r2w64zrvsxl3qc2a",
            "route_table_id": null,
            "services": [
              {
                "service_id": "ocid1.service.oc1.phx.aaaaaaaasgvxtsqcj2jkt2xppos637xym4ab5qqqptgwjd4guj7v3d26t7oa",
                "service_name": "All PHX Services In Oracle Services Network"
              }
            ],
            "state": "AVAILABLE",
            "time_created": "2023-09-12 13:36:35.191 +0000 UTC",
            "timeouts": null,
            "vcn_id": "ocid1.vcn.oc1.phx.amaaaaaaxvowp3iabzyb5hnidkp4acbs6ss42qrx43csaqaec4um2rusyr7a"
          },
          "sensitive_attributes": [],
          "private": "eyJlMmJmYjczMC1lY2FhLTExZTYtOGY4OC0zNDM2M2JjN2M0YzAiOnsiY3JlYXRlIjoxMjAwMDAwMDAwMDAwLCJkZWxldGUiOjEyMDAwMDAwMDAwMDAsInVwZGF0ZSI6MTIwMDAwMDAwMDAwMH19",
          "dependencies": [
            "data.oci_core_services.non_prod_services",
            "oci_core_vcn.non_prod_vcn",
            "oci_identity_compartment.home_compartment",
            "oci_identity_compartment.non_prod_environment_compartment",
            "oci_identity_compartment.non_prod_network_compartment"
          ]
        }
      ]
    },
    {
      "mode": "managed",
      "type": "oci_core_service_gateway",
      "name": "prod_service_gateway",
      "provider": "provider[\"registry.terraform.io/oracle/oci\"]",
      "instances": [
        {
          "schema_version": 0,
          "attributes": {
            "block_traffic": false,
            "compartment_id": "ocid1.compartment.oc1..aaaaaaaafhpn4aq77jvuwt5ih5qojxbawesnvm3hnga3wd5o54mhnzom6lja",
            "defined_tags": {
              "tag-oci.tag-key-env": "prod",
              "tag-oci.tag-key-reg": "ash"
            },
            "display_name": "sgw-prod-iad",
            "freeform_tags": {},
            "id": "ocid1.servicegateway.oc1.iad.aaaaaaaamdqay6hi24ijza5q6c3456rwwu7zonjg3yqjnuigjdex63wcl36q",
            "route_table_id": null,
            "services": [
              {
                "service_id": "ocid1.service.oc1.iad.aaaaaaaa74z6sqsezqf6znyomdp5jkvfwb4j2ol33abgosvnhxcqphyl3eaq",
                "service_name": "OCI IAD Object Storage"
              }
            ],
            "state": "AVAILABLE",
            "time_created": "2023-09-12 13:34:31.373 +0000 UTC",
            "timeouts": null,
            "vcn_id": "ocid1.vcn.oc1.iad.amaaaaaaxvowp3iat5lm4jvnbeyflsgnkl5etb2774ectag5nxcx2wcmfsnq"
          },
          "sensitive_attributes": [],
          "private": "eyJlMmJmYjczMC1lY2FhLTExZTYtOGY4OC0zNDM2M2JjN2M0YzAiOnsiY3JlYXRlIjoxMjAwMDAwMDAwMDAwLCJkZWxldGUiOjEyMDAwMDAwMDAwMDAsInVwZGF0ZSI6MTIwMDAwMDAwMDAwMH19",
          "dependencies": [
            "data.oci_core_services.services",
            "oci_core_vcn.prod_vcn",
            "oci_identity_compartment.home_compartment",
            "oci_identity_compartment.prod_environment_compartment",
            "oci_identity_compartment.prod_network_compartment"
          ]
        }
      ]
    },
    {
      "mode": "managed",
      "type": "oci_core_subnet",
      "name": "hub_mgmt_subnet",
      "provider": "provider[\"registry.terraform.io/oracle/oci\"]",
      "instances": [
        {
          "schema_version": 0,
          "attributes": {
            "availability_domain": null,
            "cidr_block": "10.0.64.0/22",
            "compartment_id": "ocid1.compartment.oc1..aaaaaaaacr7x7wu5dssnigfwunej3xkh36csqdc3jk3cnzixuds4kjkea5zq",
            "defined_tags": {
              "tag-oci.tag-key-env": "prod",
              "tag-oci.tag-key-reg": "ash",
              "tag-oci.tag-key-stack": "hub"
            },
            "dhcp_options_id": "ocid1.dhcpoptions.oc1.iad.aaaaaaaaoxedmfwi3n2upwoiophmx5n53mgfd57wzqw2bqdls4red7mw4pkq",
            "display_name": "sub-mgmt-hub-iad",
            "dns_label": null,
            "freeform_tags": {},
            "id": "ocid1.subnet.oc1.iad.aaaaaaaas2jlqkqekxfooj4bl33wah7icg6ghiebl5ttq2jfqv6jq27vvpsq",
            "ipv6cidr_block": null,
            "ipv6cidr_blocks": [],
            "ipv6virtual_router_ip": null,
            "prohibit_internet_ingress": true,
            "prohibit_public_ip_on_vnic": true,
            "route_table_id": "ocid1.routetable.oc1.iad.aaaaaaaaof7toxqyhznycopohkonrv3l7nfokozuelqe7x5hxder3c5u6moq",
            "security_list_ids": [
              "ocid1.securitylist.oc1.iad.aaaaaaaa2xtlnmo3yadjnyrkbr5szviao3wna4jbiebpi7c2pucrzhgsyhya"
            ],
            "state": "AVAILABLE",
            "subnet_domain_name": null,
            "time_created": "2023-09-12 13:34:22.907 +0000 UTC",
            "timeouts": null,
            "vcn_id": "ocid1.vcn.oc1.iad.amaaaaaaxvowp3iafaj64rfo2dai5cpqwluke7s4rsj3dzdnxct7adydgn6a",
            "virtual_router_ip": "10.0.64.1",
            "virtual_router_mac": "00:00:17:B9:1B:EB"
          },
          "sensitive_attributes": [],
          "private": "eyJlMmJmYjczMC1lY2FhLTExZTYtOGY4OC0zNDM2M2JjN2M0YzAiOnsiY3JlYXRlIjoxMjAwMDAwMDAwMDAwLCJkZWxldGUiOjEyMDAwMDAwMDAwMDAsInVwZGF0ZSI6MTIwMDAwMDAwMDAwMH19",
          "dependencies": [
            "oci_core_nat_gateway.hub_nat_gateway",
            "oci_core_route_table.hub_mgmt_route_table",
            "oci_core_security_list.hub_mgmt_security_list",
            "oci_core_vcn.hub_vcn",
            "oci_identity_compartment.home_compartment",
            "oci_identity_compartment.hub_compartment",
            "oci_identity_compartment.hub_network_compartment"
          ]
        }
      ]
    },
    {
      "mode": "managed",
      "type": "oci_core_subnet",
      "name": "hub_trt_subnet",
      "provider": "provider[\"registry.terraform.io/oracle/oci\"]",
      "instances": [
        {
          "schema_version": 0,
          "attributes": {
            "availability_domain": null,
            "cidr_block": "10.0.68.0/22",
            "compartment_id": "ocid1.compartment.oc1..aaaaaaaacr7x7wu5dssnigfwunej3xkh36csqdc3jk3cnzixuds4kjkea5zq",
            "defined_tags": {
              "tag-oci.tag-key-env": "prod",
              "tag-oci.tag-key-reg": "ash",
              "tag-oci.tag-key-stack": "hub"
            },
            "dhcp_options_id": "ocid1.dhcpoptions.oc1.iad.aaaaaaaaoxedmfwi3n2upwoiophmx5n53mgfd57wzqw2bqdls4red7mw4pkq",
            "display_name": "sub-trt-hub-iad",
            "dns_label": null,
            "freeform_tags": {},
            "id": "ocid1.subnet.oc1.iad.aaaaaaaauqe6oa3klrrvi4ha2rskq3agv2pe5762f4zuhrlcqaicm2vcb7nq",
            "ipv6cidr_block": null,
            "ipv6cidr_blocks": [],
            "ipv6virtual_router_ip": null,
            "prohibit_internet_ingress": true,
            "prohibit_public_ip_on_vnic": true,
            "route_table_id": "ocid1.routetable.oc1.iad.aaaaaaaaeuhw5jaupllgvk3howuu5pubio3je6u45rek2udowbsoic7tybga",
            "security_list_ids": [
              "ocid1.securitylist.oc1.iad.aaaaaaaauntvpqeaftevh5wlx3w3hbyktol4s44xk5qr747qk2thre3yn6oa"
            ],
            "state": "AVAILABLE",
            "subnet_domain_name": null,
            "time_created": "2023-09-12 13:34:24.226 +0000 UTC",
            "timeouts": null,
            "vcn_id": "ocid1.vcn.oc1.iad.amaaaaaaxvowp3iafaj64rfo2dai5cpqwluke7s4rsj3dzdnxct7adydgn6a",
            "virtual_router_ip": "10.0.68.1",
            "virtual_router_mac": "00:00:17:B9:1B:EB"
          },
          "sensitive_attributes": [],
          "private": "eyJlMmJmYjczMC1lY2FhLTExZTYtOGY4OC0zNDM2M2JjN2M0YzAiOnsiY3JlYXRlIjoxMjAwMDAwMDAwMDAwLCJkZWxldGUiOjEyMDAwMDAwMDAwMDAsInVwZGF0ZSI6MTIwMDAwMDAwMDAwMH19",
          "dependencies": [
            "oci_core_nat_gateway.hub_nat_gateway",
            "oci_core_route_table.hub_trt_route_table",
            "oci_core_security_list.hub_trt_security_list",
            "oci_core_vcn.hub_vcn",
            "oci_identity_compartment.home_compartment",
            "oci_identity_compartment.hub_compartment",
            "oci_identity_compartment.hub_network_compartment"
          ]
        }
      ]
    },
    {
      "mode": "managed",
      "type": "oci_core_subnet",
      "name": "hub_untrt_subnet",
      "provider": "provider[\"registry.terraform.io/oracle/oci\"]",
      "instances": [
        {
          "schema_version": 0,
          "attributes": {
            "availability_domain": null,
            "cidr_block": "10.0.72.0/21",
            "compartment_id": "ocid1.compartment.oc1..aaaaaaaacr7x7wu5dssnigfwunej3xkh36csqdc3jk3cnzixuds4kjkea5zq",
            "defined_tags": {
              "tag-oci.tag-key-env": "prod",
              "tag-oci.tag-key-reg": "ash",
              "tag-oci.tag-key-stack": "hub"
            },
            "dhcp_options_id": "ocid1.dhcpoptions.oc1.iad.aaaaaaaaoxedmfwi3n2upwoiophmx5n53mgfd57wzqw2bqdls4red7mw4pkq",
            "display_name": "sub-untrt-hub-iad",
            "dns_label": null,
            "freeform_tags": {},
            "id": "ocid1.subnet.oc1.iad.aaaaaaaabcdnwu6i5va65itczvhp54nbqlf2gpwrnhdvi35lzrc2cdmn7qcq",
            "ipv6cidr_block": null,
            "ipv6cidr_blocks": [],
            "ipv6virtual_router_ip": null,
            "prohibit_internet_ingress": true,
            "prohibit_public_ip_on_vnic": true,
            "route_table_id": "ocid1.routetable.oc1.iad.aaaaaaaatxklkif5m2uirlxnpw7334hoj7vx7ggagrg5dpumlat7g2eqappq",
            "security_list_ids": [
              "ocid1.securitylist.oc1.iad.aaaaaaaacubvoxjglyqymmdkfno6xgkgohjb5iu33jf2mckoyl6k3v72xgna"
            ],
            "state": "AVAILABLE",
            "subnet_domain_name": null,
            "time_created": "2023-09-12 13:34:23.348 +0000 UTC",
            "timeouts": null,
            "vcn_id": "ocid1.vcn.oc1.iad.amaaaaaaxvowp3iafaj64rfo2dai5cpqwluke7s4rsj3dzdnxct7adydgn6a",
            "virtual_router_ip": "10.0.72.1",
            "virtual_router_mac": "00:00:17:B9:1B:EB"
          },
          "sensitive_attributes": [],
          "private": "eyJlMmJmYjczMC1lY2FhLTExZTYtOGY4OC0zNDM2M2JjN2M0YzAiOnsiY3JlYXRlIjoxMjAwMDAwMDAwMDAwLCJkZWxldGUiOjEyMDAwMDAwMDAwMDAsInVwZGF0ZSI6MTIwMDAwMDAwMDAwMH19",
          "dependencies": [
            "oci_core_nat_gateway.hub_nat_gateway",
            "oci_core_route_table.hub_untrt_route_table",
            "oci_core_security_list.hub_untrt_security_list",
            "oci_core_vcn.hub_vcn",
            "oci_identity_compartment.home_compartment",
            "oci_identity_compartment.hub_compartment",
            "oci_identity_compartment.hub_network_compartment"
          ]
        }
      ]
    },
    {
      "mode": "managed",
      "type": "oci_core_subnet",
      "name": "non_prod_app_subnet",
      "provider": "provider[\"registry.terraform.io/oracle/oci\"].non_prod_reg",
      "instances": [
        {
          "schema_version": 0,
          "attributes": {
            "availability_domain": null,
            "cidr_block": "11.0.0.0/20",
            "compartment_id": "ocid1.compartment.oc1..aaaaaaaab6xzxe5v5sls7inhtote65hzulx5bflt4yewgoe4q24ymnekjopq",
            "defined_tags": {
              "tag-oci.tag-key-env": "non-prod",
              "tag-oci.tag-key-reg": "phx",
              "tag-oci.tag-key-stack": "app"
            },
            "dhcp_options_id": "ocid1.dhcpoptions.oc1.phx.aaaaaaaao6652izho5hgna5wmj773eellrp6hpz5t6xupbp2hekjrj5p5eba",
            "display_name": "sub-app-non-prod-iad",
            "dns_label": null,
            "freeform_tags": {},
            "id": "ocid1.subnet.oc1.phx.aaaaaaaahvhqbibmx57uhmwqbfktg6fimqp65fcl6egbbj2muyxje7vcmpoq",
            "ipv6cidr_block": null,
            "ipv6cidr_blocks": [],
            "ipv6virtual_router_ip": null,
            "prohibit_internet_ingress": true,
            "prohibit_public_ip_on_vnic": true,
            "route_table_id": "ocid1.routetable.oc1.phx.aaaaaaaahv6xzb473kt6swt4qcgdbafscmmirsrtxzrchkptetckwox7sy6a",
            "security_list_ids": [
              "ocid1.securitylist.oc1.phx.aaaaaaaa64se3pc4u353dwzhi7hupn3cc6bnuzemawptiqiboy4jnqvmjcfa"
            ],
            "state": "AVAILABLE",
            "subnet_domain_name": null,
            "time_created": "2023-09-12 13:36:38.873 +0000 UTC",
            "timeouts": null,
            "vcn_id": "ocid1.vcn.oc1.phx.amaaaaaaxvowp3iabzyb5hnidkp4acbs6ss42qrx43csaqaec4um2rusyr7a",
            "virtual_router_ip": "11.0.0.1",
            "virtual_router_mac": "00:00:17:AB:A7:FA"
          },
          "sensitive_attributes": [],
          "private": "eyJlMmJmYjczMC1lY2FhLTExZTYtOGY4OC0zNDM2M2JjN2M0YzAiOnsiY3JlYXRlIjoxMjAwMDAwMDAwMDAwLCJkZWxldGUiOjEyMDAwMDAwMDAwMDAsInVwZGF0ZSI6MTIwMDAwMDAwMDAwMH19",
          "dependencies": [
            "oci_core_nat_gateway.non_prod_nat_gateway",
            "oci_core_route_table.non_prod_app_route_table",
            "oci_core_security_list.non_prod_app_security_list",
            "oci_core_vcn.non_prod_vcn",
            "oci_identity_compartment.home_compartment",
            "oci_identity_compartment.non_prod_environment_compartment",
            "oci_identity_compartment.non_prod_network_compartment"
          ]
        }
      ]
    },
    {
      "mode": "managed",
      "type": "oci_core_subnet",
      "name": "non_prod_db_subnet",
      "provider": "provider[\"registry.terraform.io/oracle/oci\"].non_prod_reg",
      "instances": [
        {
          "schema_version": 0,
          "attributes": {
            "availability_domain": null,
            "cidr_block": "11.0.16.0/20",
            "compartment_id": "ocid1.compartment.oc1..aaaaaaaab6xzxe5v5sls7inhtote65hzulx5bflt4yewgoe4q24ymnekjopq",
            "defined_tags": {
              "tag-oci.tag-key-env": "non-prod",
              "tag-oci.tag-key-reg": "phx",
              "tag-oci.tag-key-stack": "db"
            },
            "dhcp_options_id": "ocid1.dhcpoptions.oc1.phx.aaaaaaaao6652izho5hgna5wmj773eellrp6hpz5t6xupbp2hekjrj5p5eba",
            "display_name": "sub-db-non-prod-iad",
            "dns_label": null,
            "freeform_tags": {},
            "id": "ocid1.subnet.oc1.phx.aaaaaaaaxle3rkrvm3zzkaig456nvyjv56w5me4rk3pxc5qar2dvm23zqu4q",
            "ipv6cidr_block": null,
            "ipv6cidr_blocks": [],
            "ipv6virtual_router_ip": null,
            "prohibit_internet_ingress": true,
            "prohibit_public_ip_on_vnic": true,
            "route_table_id": "ocid1.routetable.oc1.phx.aaaaaaaaarj4asrqtdko3b54l42lddx32azer4dbf2l4n56ddlmkmom7fkza",
            "security_list_ids": [
              "ocid1.securitylist.oc1.phx.aaaaaaaakspabmqqb77scnkeogrwspshcll6phv343kiltifgavsxhzapuaa"
            ],
            "state": "AVAILABLE",
            "subnet_domain_name": null,
            "time_created": "2023-09-12 13:36:39.268 +0000 UTC",
            "timeouts": null,
            "vcn_id": "ocid1.vcn.oc1.phx.amaaaaaaxvowp3iabzyb5hnidkp4acbs6ss42qrx43csaqaec4um2rusyr7a",
            "virtual_router_ip": "11.0.16.1",
            "virtual_router_mac": "00:00:17:AB:A7:FA"
          },
          "sensitive_attributes": [],
          "private": "eyJlMmJmYjczMC1lY2FhLTExZTYtOGY4OC0zNDM2M2JjN2M0YzAiOnsiY3JlYXRlIjoxMjAwMDAwMDAwMDAwLCJkZWxldGUiOjEyMDAwMDAwMDAwMDAsInVwZGF0ZSI6MTIwMDAwMDAwMDAwMH19",
          "dependencies": [
            "oci_core_nat_gateway.non_prod_nat_gateway",
            "oci_core_route_table.non_prod_db_route_table",
            "oci_core_security_list.non_prod_db_security_list",
            "oci_core_vcn.non_prod_vcn",
            "oci_identity_compartment.home_compartment",
            "oci_identity_compartment.non_prod_environment_compartment",
            "oci_identity_compartment.non_prod_network_compartment"
          ]
        }
      ]
    },
    {
      "mode": "managed",
      "type": "oci_core_subnet",
      "name": "non_prod_dmz_subnet",
      "provider": "provider[\"registry.terraform.io/oracle/oci\"].non_prod_reg",
      "instances": [
        {
          "schema_version": 0,
          "attributes": {
            "availability_domain": null,
            "cidr_block": "11.0.80.0/20",
            "compartment_id": "ocid1.compartment.oc1..aaaaaaaab6xzxe5v5sls7inhtote65hzulx5bflt4yewgoe4q24ymnekjopq",
            "defined_tags": {
              "tag-oci.tag-key-env": "non-prod",
              "tag-oci.tag-key-reg": "phx",
              "tag-oci.tag-key-stack": "dmz"
            },
            "dhcp_options_id": "ocid1.dhcpoptions.oc1.phx.aaaaaaaao6652izho5hgna5wmj773eellrp6hpz5t6xupbp2hekjrj5p5eba",
            "display_name": "sub-dmz-non-prod-iad",
            "dns_label": null,
            "freeform_tags": {},
            "id": "ocid1.subnet.oc1.phx.aaaaaaaabm5phtdv4j4qmnv2k6yb7c4zzxyokylmo7iowfblsr42yvlfeula",
            "ipv6cidr_block": null,
            "ipv6cidr_blocks": [],
            "ipv6virtual_router_ip": null,
            "prohibit_internet_ingress": true,
            "prohibit_public_ip_on_vnic": true,
            "route_table_id": "ocid1.routetable.oc1.phx.aaaaaaaaykvgi53o6mcwuc6nmswa2vqmh4cpscmld6xfmawe4xara23jejba",
            "security_list_ids": [
              "ocid1.securitylist.oc1.phx.aaaaaaaakt5cst2jkwpeowzuaqn66mmovr27e7w6cr7jewd5e3br77k5p2ya"
            ],
            "state": "AVAILABLE",
            "subnet_domain_name": null,
            "time_created": "2023-09-12 13:36:38.506 +0000 UTC",
            "timeouts": null,
            "vcn_id": "ocid1.vcn.oc1.phx.amaaaaaaxvowp3iabzyb5hnidkp4acbs6ss42qrx43csaqaec4um2rusyr7a",
            "virtual_router_ip": "11.0.80.1",
            "virtual_router_mac": "00:00:17:AB:A7:FA"
          },
          "sensitive_attributes": [],
          "private": "eyJlMmJmYjczMC1lY2FhLTExZTYtOGY4OC0zNDM2M2JjN2M0YzAiOnsiY3JlYXRlIjoxMjAwMDAwMDAwMDAwLCJkZWxldGUiOjEyMDAwMDAwMDAwMDAsInVwZGF0ZSI6MTIwMDAwMDAwMDAwMH19",
          "dependencies": [
            "oci_core_nat_gateway.non_prod_nat_gateway",
            "oci_core_route_table.non_prod_dmz_route_table",
            "oci_core_security_list.non_prod_dmz_security_list",
            "oci_core_vcn.non_prod_vcn",
            "oci_identity_compartment.home_compartment",
            "oci_identity_compartment.non_prod_environment_compartment",
            "oci_identity_compartment.non_prod_network_compartment"
          ]
        }
      ]
    },
    {
      "mode": "managed",
      "type": "oci_core_subnet",
      "name": "non_prod_exa_subnet",
      "provider": "provider[\"registry.terraform.io/oracle/oci\"].non_prod_reg",
      "instances": [
        {
          "schema_version": 0,
          "attributes": {
            "availability_domain": null,
            "cidr_block": "11.0.64.0/20",
            "compartment_id": "ocid1.compartment.oc1..aaaaaaaab6xzxe5v5sls7inhtote65hzulx5bflt4yewgoe4q24ymnekjopq",
            "defined_tags": {
              "tag-oci.tag-key-env": "non-prod",
              "tag-oci.tag-key-reg": "phx",
              "tag-oci.tag-key-stack": "exa"
            },
            "dhcp_options_id": "ocid1.dhcpoptions.oc1.phx.aaaaaaaao6652izho5hgna5wmj773eellrp6hpz5t6xupbp2hekjrj5p5eba",
            "display_name": "sub-exa-non-prod-iad",
            "dns_label": null,
            "freeform_tags": {},
            "id": "ocid1.subnet.oc1.phx.aaaaaaaajgokhmtv44om3wagpmomt3trqs6hxodxikasv6xcbew45bxt52oa",
            "ipv6cidr_block": null,
            "ipv6cidr_blocks": [],
            "ipv6virtual_router_ip": null,
            "prohibit_internet_ingress": true,
            "prohibit_public_ip_on_vnic": true,
            "route_table_id": "ocid1.routetable.oc1.phx.aaaaaaaasm2kdryvdscjlwocjzczrakj6tdqzvcoko4nxk2wawjqsgcxcbda",
            "security_list_ids": [
              "ocid1.securitylist.oc1.phx.aaaaaaaak2xbfei6oq3vz63vjwmluvcrgbqrijniio3byxjtd32cpglvfqsq"
            ],
            "state": "AVAILABLE",
            "subnet_domain_name": null,
            "time_created": "2023-09-12 13:36:43.858 +0000 UTC",
            "timeouts": null,
            "vcn_id": "ocid1.vcn.oc1.phx.amaaaaaaxvowp3iabzyb5hnidkp4acbs6ss42qrx43csaqaec4um2rusyr7a",
            "virtual_router_ip": "11.0.64.1",
            "virtual_router_mac": "00:00:17:AB:A7:FA"
          },
          "sensitive_attributes": [],
          "private": "eyJlMmJmYjczMC1lY2FhLTExZTYtOGY4OC0zNDM2M2JjN2M0YzAiOnsiY3JlYXRlIjoxMjAwMDAwMDAwMDAwLCJkZWxldGUiOjEyMDAwMDAwMDAwMDAsInVwZGF0ZSI6MTIwMDAwMDAwMDAwMH19",
          "dependencies": [
            "oci_core_nat_gateway.non_prod_nat_gateway",
            "oci_core_route_table.non_prod_exa_route_table",
            "oci_core_security_list.non_prod_exa_security_list",
            "oci_core_vcn.non_prod_vcn",
            "oci_identity_compartment.home_compartment",
            "oci_identity_compartment.non_prod_environment_compartment",
            "oci_identity_compartment.non_prod_network_compartment"
          ]
        }
      ]
    },
    {
      "mode": "managed",
      "type": "oci_core_subnet",
      "name": "non_prod_pub_lb_subnet",
      "provider": "provider[\"registry.terraform.io/oracle/oci\"].non_prod_reg",
      "instances": [
        {
          "schema_version": 0,
          "attributes": {
            "availability_domain": null,
            "cidr_block": "11.0.48.0/20",
            "compartment_id": "ocid1.compartment.oc1..aaaaaaaab6xzxe5v5sls7inhtote65hzulx5bflt4yewgoe4q24ymnekjopq",
            "defined_tags": {
              "tag-oci.tag-key-env": "non-prod",
              "tag-oci.tag-key-reg": "phx",
              "tag-oci.tag-key-stack": "lb"
            },
            "dhcp_options_id": "ocid1.dhcpoptions.oc1.phx.aaaaaaaao6652izho5hgna5wmj773eellrp6hpz5t6xupbp2hekjrj5p5eba",
            "display_name": "sub-pub-lb-non-prod-iad",
            "dns_label": null,
            "freeform_tags": {},
            "id": "ocid1.subnet.oc1.phx.aaaaaaaaw2xkbh7m2eephyrsrq2ofeaslcfgilljykqn4doqekylvikq5pjq",
            "ipv6cidr_block": null,
            "ipv6cidr_blocks": [],
            "ipv6virtual_router_ip": null,
            "prohibit_internet_ingress": true,
            "prohibit_public_ip_on_vnic": true,
            "route_table_id": "ocid1.routetable.oc1.phx.aaaaaaaaruv6ul2tjryxnqvr6jgo3bp4m5lcxp3v6ojcyur4zape5e6jg46q",
            "security_list_ids": [
              "ocid1.securitylist.oc1.phx.aaaaaaaadh5oavdjao4fxcp4jczu4hwdua3udz4ed7374df6534yds2vkp7a"
            ],
            "state": "AVAILABLE",
            "subnet_domain_name": null,
            "time_created": "2023-09-12 13:36:38.067 +0000 UTC",
            "timeouts": null,
            "vcn_id": "ocid1.vcn.oc1.phx.amaaaaaaxvowp3iabzyb5hnidkp4acbs6ss42qrx43csaqaec4um2rusyr7a",
            "virtual_router_ip": "11.0.48.1",
            "virtual_router_mac": "00:00:17:AB:A7:FA"
          },
          "sensitive_attributes": [],
          "private": "eyJlMmJmYjczMC1lY2FhLTExZTYtOGY4OC0zNDM2M2JjN2M0YzAiOnsiY3JlYXRlIjoxMjAwMDAwMDAwMDAwLCJkZWxldGUiOjEyMDAwMDAwMDAwMDAsInVwZGF0ZSI6MTIwMDAwMDAwMDAwMH19",
          "dependencies": [
            "oci_core_nat_gateway.non_prod_nat_gateway",
            "oci_core_route_table.non_prod_pub_lb_route_table",
            "oci_core_security_list.non_prod_pub_lb_security_list",
            "oci_core_vcn.non_prod_vcn",
            "oci_identity_compartment.home_compartment",
            "oci_identity_compartment.non_prod_environment_compartment",
            "oci_identity_compartment.non_prod_network_compartment"
          ]
        }
      ]
    },
    {
      "mode": "managed",
      "type": "oci_core_subnet",
      "name": "non_prod_pvt_lb_subnet",
      "provider": "provider[\"registry.terraform.io/oracle/oci\"].non_prod_reg",
      "instances": [
        {
          "schema_version": 0,
          "attributes": {
            "availability_domain": null,
            "cidr_block": "11.0.32.0/20",
            "compartment_id": "ocid1.compartment.oc1..aaaaaaaab6xzxe5v5sls7inhtote65hzulx5bflt4yewgoe4q24ymnekjopq",
            "defined_tags": {
              "tag-oci.tag-key-env": "non-prod",
              "tag-oci.tag-key-reg": "phx",
              "tag-oci.tag-key-stack": "lb"
            },
            "dhcp_options_id": "ocid1.dhcpoptions.oc1.phx.aaaaaaaao6652izho5hgna5wmj773eellrp6hpz5t6xupbp2hekjrj5p5eba",
            "display_name": "sub-pvt-lb-non-prod-iad",
            "dns_label": null,
            "freeform_tags": {},
            "id": "ocid1.subnet.oc1.phx.aaaaaaaa2wf52urdf6osurfgsl3eha6xsfh7hzybz52ddqdjmisbltzblizq",
            "ipv6cidr_block": null,
            "ipv6cidr_blocks": [],
            "ipv6virtual_router_ip": null,
            "prohibit_internet_ingress": true,
            "prohibit_public_ip_on_vnic": true,
            "route_table_id": "ocid1.routetable.oc1.phx.aaaaaaaaaoz3psuaxfmcase6vwxcpp74q4chljicqrkolgemhtkyar3e2qia",
            "security_list_ids": [
              "ocid1.securitylist.oc1.phx.aaaaaaaasoksaqb64so3x7cxb4pryo2nmha3oixpbvmobpxito7k2fivlrxq"
            ],
            "state": "AVAILABLE",
            "subnet_domain_name": null,
            "time_created": "2023-09-12 13:36:40.199 +0000 UTC",
            "timeouts": null,
            "vcn_id": "ocid1.vcn.oc1.phx.amaaaaaaxvowp3iabzyb5hnidkp4acbs6ss42qrx43csaqaec4um2rusyr7a",
            "virtual_router_ip": "11.0.32.1",
            "virtual_router_mac": "00:00:17:AB:A7:FA"
          },
          "sensitive_attributes": [],
          "private": "eyJlMmJmYjczMC1lY2FhLTExZTYtOGY4OC0zNDM2M2JjN2M0YzAiOnsiY3JlYXRlIjoxMjAwMDAwMDAwMDAwLCJkZWxldGUiOjEyMDAwMDAwMDAwMDAsInVwZGF0ZSI6MTIwMDAwMDAwMDAwMH19",
          "dependencies": [
            "oci_core_nat_gateway.non_prod_nat_gateway",
            "oci_core_route_table.non_prod_pvt_lb_route_table",
            "oci_core_security_list.non_prod_pvt_lb_security_list",
            "oci_core_vcn.non_prod_vcn",
            "oci_identity_compartment.home_compartment",
            "oci_identity_compartment.non_prod_environment_compartment",
            "oci_identity_compartment.non_prod_network_compartment"
          ]
        }
      ]
    },
    {
      "mode": "managed",
      "type": "oci_core_subnet",
      "name": "prod_app_subnet",
      "provider": "provider[\"registry.terraform.io/oracle/oci\"]",
      "instances": [
        {
          "schema_version": 0,
          "attributes": {
            "availability_domain": null,
            "cidr_block": "11.0.0.0/20",
            "compartment_id": "ocid1.compartment.oc1..aaaaaaaafhpn4aq77jvuwt5ih5qojxbawesnvm3hnga3wd5o54mhnzom6lja",
            "defined_tags": {
              "tag-oci.tag-key-env": "prod",
              "tag-oci.tag-key-reg": "ash",
              "tag-oci.tag-key-stack": "app"
            },
            "dhcp_options_id": "ocid1.dhcpoptions.oc1.iad.aaaaaaaavppfmkzp2rocsn6tca5l4nfbpn4inawlh2ogwp6j7zibyv56c7ca",
            "display_name": "sub-app-prod-iad",
            "dns_label": null,
            "freeform_tags": {},
            "id": "ocid1.subnet.oc1.iad.aaaaaaaab2qrkzdvrlgdu6to773sbvcmoafqilkfcqdyz3evkicc3yiwdfwq",
            "ipv6cidr_block": null,
            "ipv6cidr_blocks": [],
            "ipv6virtual_router_ip": null,
            "prohibit_internet_ingress": true,
            "prohibit_public_ip_on_vnic": true,
            "route_table_id": "ocid1.routetable.oc1.iad.aaaaaaaafmnwz7vgyrkew5ix36swjujjeystju7zaa3ouhoaop7ckfcj7jsq",
            "security_list_ids": [
              "ocid1.securitylist.oc1.iad.aaaaaaaamzdxgcy3fbwndky4s4insm5ht64laejxcpoe2u75mw3jtffknmqq"
            ],
            "state": "AVAILABLE",
            "subnet_domain_name": null,
            "time_created": "2023-09-12 13:34:35.559 +0000 UTC",
            "timeouts": null,
            "vcn_id": "ocid1.vcn.oc1.iad.amaaaaaaxvowp3iat5lm4jvnbeyflsgnkl5etb2774ectag5nxcx2wcmfsnq",
            "virtual_router_ip": "11.0.0.1",
            "virtual_router_mac": "00:00:17:CF:14:7F"
          },
          "sensitive_attributes": [],
          "private": "eyJlMmJmYjczMC1lY2FhLTExZTYtOGY4OC0zNDM2M2JjN2M0YzAiOnsiY3JlYXRlIjoxMjAwMDAwMDAwMDAwLCJkZWxldGUiOjEyMDAwMDAwMDAwMDAsInVwZGF0ZSI6MTIwMDAwMDAwMDAwMH19",
          "dependencies": [
            "oci_core_drg.drg",
            "oci_core_route_table.prod_app_route_table",
            "oci_core_security_list.prod_app_security_list",
            "oci_core_vcn.prod_vcn",
            "oci_identity_compartment.home_compartment",
            "oci_identity_compartment.hub_compartment",
            "oci_identity_compartment.hub_network_compartment",
            "oci_identity_compartment.prod_environment_compartment",
            "oci_identity_compartment.prod_network_compartment"
          ]
        }
      ]
    },
    {
      "mode": "managed",
      "type": "oci_core_subnet",
      "name": "prod_db_subnet",
      "provider": "provider[\"registry.terraform.io/oracle/oci\"]",
      "instances": [
        {
          "schema_version": 0,
          "attributes": {
            "availability_domain": null,
            "cidr_block": "11.0.16.0/20",
            "compartment_id": "ocid1.compartment.oc1..aaaaaaaafhpn4aq77jvuwt5ih5qojxbawesnvm3hnga3wd5o54mhnzom6lja",
            "defined_tags": {
              "tag-oci.tag-key-env": "prod",
              "tag-oci.tag-key-reg": "ash",
              "tag-oci.tag-key-stack": "db"
            },
            "dhcp_options_id": "ocid1.dhcpoptions.oc1.iad.aaaaaaaavppfmkzp2rocsn6tca5l4nfbpn4inawlh2ogwp6j7zibyv56c7ca",
            "display_name": "sub-db-prod-iad",
            "dns_label": null,
            "freeform_tags": {},
            "id": "ocid1.subnet.oc1.iad.aaaaaaaadn6qpkd4zy4jwbk6rzr32d2oyo2m5eon2feya44gthfatmujjxna",
            "ipv6cidr_block": null,
            "ipv6cidr_blocks": [],
            "ipv6virtual_router_ip": null,
            "prohibit_internet_ingress": true,
            "prohibit_public_ip_on_vnic": true,
            "route_table_id": "ocid1.routetable.oc1.iad.aaaaaaaabgu2wsvg6oagaphwab3woa634gavdwpg3x23m4dwadns4jzxaiga",
            "security_list_ids": [
              "ocid1.securitylist.oc1.iad.aaaaaaaaitjoerqjx6yitjufkgi46jdt52vwhlksjdwr2ztnwnzjbznkfrlq"
            ],
            "state": "AVAILABLE",
            "subnet_domain_name": null,
            "time_created": "2023-09-12 13:34:40.589 +0000 UTC",
            "timeouts": null,
            "vcn_id": "ocid1.vcn.oc1.iad.amaaaaaaxvowp3iat5lm4jvnbeyflsgnkl5etb2774ectag5nxcx2wcmfsnq",
            "virtual_router_ip": "11.0.16.1",
            "virtual_router_mac": "00:00:17:CF:14:7F"
          },
          "sensitive_attributes": [],
          "private": "eyJlMmJmYjczMC1lY2FhLTExZTYtOGY4OC0zNDM2M2JjN2M0YzAiOnsiY3JlYXRlIjoxMjAwMDAwMDAwMDAwLCJkZWxldGUiOjEyMDAwMDAwMDAwMDAsInVwZGF0ZSI6MTIwMDAwMDAwMDAwMH19",
          "dependencies": [
            "oci_core_drg.drg",
            "oci_core_route_table.prod_db_route_table",
            "oci_core_security_list.prod_db_security_list",
            "oci_core_vcn.prod_vcn",
            "oci_identity_compartment.home_compartment",
            "oci_identity_compartment.hub_compartment",
            "oci_identity_compartment.hub_network_compartment",
            "oci_identity_compartment.prod_environment_compartment",
            "oci_identity_compartment.prod_network_compartment"
          ]
        }
      ]
    },
    {
      "mode": "managed",
      "type": "oci_core_subnet",
      "name": "prod_dmz_subnet",
      "provider": "provider[\"registry.terraform.io/oracle/oci\"]",
      "instances": [
        {
          "schema_version": 0,
          "attributes": {
            "availability_domain": null,
            "cidr_block": "11.0.80.0/20",
            "compartment_id": "ocid1.compartment.oc1..aaaaaaaafhpn4aq77jvuwt5ih5qojxbawesnvm3hnga3wd5o54mhnzom6lja",
            "defined_tags": {
              "tag-oci.tag-key-env": "prod",
              "tag-oci.tag-key-reg": "ash",
              "tag-oci.tag-key-stack": "dmz"
            },
            "dhcp_options_id": "ocid1.dhcpoptions.oc1.iad.aaaaaaaavppfmkzp2rocsn6tca5l4nfbpn4inawlh2ogwp6j7zibyv56c7ca",
            "display_name": "sub-dmz-prod-iad",
            "dns_label": null,
            "freeform_tags": {},
            "id": "ocid1.subnet.oc1.iad.aaaaaaaabzuiw42nnc4jmfo2hamug3dig3qminplhx2ey6qimxfz3doxoymq",
            "ipv6cidr_block": null,
            "ipv6cidr_blocks": [],
            "ipv6virtual_router_ip": null,
            "prohibit_internet_ingress": true,
            "prohibit_public_ip_on_vnic": true,
            "route_table_id": "ocid1.routetable.oc1.iad.aaaaaaaapx2mr4ydhb2ezhfpwv2w4avnr4cp4cefg2icbs5rktboqym7kikq",
            "security_list_ids": [
              "ocid1.securitylist.oc1.iad.aaaaaaaaa6rmmdhiuta5zqz3ouym5cw5v7bvw775kt7jph4k5l2b6h7mh5yq"
            ],
            "state": "AVAILABLE",
            "subnet_domain_name": null,
            "time_created": "2023-09-12 13:34:36.073 +0000 UTC",
            "timeouts": null,
            "vcn_id": "ocid1.vcn.oc1.iad.amaaaaaaxvowp3iat5lm4jvnbeyflsgnkl5etb2774ectag5nxcx2wcmfsnq",
            "virtual_router_ip": "11.0.80.1",
            "virtual_router_mac": "00:00:17:CF:14:7F"
          },
          "sensitive_attributes": [],
          "private": "eyJlMmJmYjczMC1lY2FhLTExZTYtOGY4OC0zNDM2M2JjN2M0YzAiOnsiY3JlYXRlIjoxMjAwMDAwMDAwMDAwLCJkZWxldGUiOjEyMDAwMDAwMDAwMDAsInVwZGF0ZSI6MTIwMDAwMDAwMDAwMH19",
          "dependencies": [
            "oci_core_drg.drg",
            "oci_core_route_table.prod_dmz_route_table",
            "oci_core_security_list.prod_dmz_security_list",
            "oci_core_vcn.prod_vcn",
            "oci_identity_compartment.home_compartment",
            "oci_identity_compartment.hub_compartment",
            "oci_identity_compartment.hub_network_compartment",
            "oci_identity_compartment.prod_environment_compartment",
            "oci_identity_compartment.prod_network_compartment"
          ]
        }
      ]
    },
    {
      "mode": "managed",
      "type": "oci_core_subnet",
      "name": "prod_exa_subnet",
      "provider": "provider[\"registry.terraform.io/oracle/oci\"]",
      "instances": [
        {
          "schema_version": 0,
          "attributes": {
            "availability_domain": null,
            "cidr_block": "11.0.64.0/20",
            "compartment_id": "ocid1.compartment.oc1..aaaaaaaafhpn4aq77jvuwt5ih5qojxbawesnvm3hnga3wd5o54mhnzom6lja",
            "defined_tags": {
              "tag-oci.tag-key-env": "prod",
              "tag-oci.tag-key-reg": "ash",
              "tag-oci.tag-key-stack": "exa"
            },
            "dhcp_options_id": "ocid1.dhcpoptions.oc1.iad.aaaaaaaavppfmkzp2rocsn6tca5l4nfbpn4inawlh2ogwp6j7zibyv56c7ca",
            "display_name": "sub-exa-prod-iad",
            "dns_label": null,
            "freeform_tags": {},
            "id": "ocid1.subnet.oc1.iad.aaaaaaaa5d7pxmymbnaorrs6zp2vl63pd2ctvtkoch5ybabmjxhfcellgvea",
            "ipv6cidr_block": null,
            "ipv6cidr_blocks": [],
            "ipv6virtual_router_ip": null,
            "prohibit_internet_ingress": true,
            "prohibit_public_ip_on_vnic": true,
            "route_table_id": "ocid1.routetable.oc1.iad.aaaaaaaajmudo5ss7ikdpkcadq7rlunklntjuwqpvp34h6grvxsmbxmrx6oa",
            "security_list_ids": [
              "ocid1.securitylist.oc1.iad.aaaaaaaaeboneng6yzpjuw32roxsuotilig3ciz4lme5gz6kp347r32dukua"
            ],
            "state": "AVAILABLE",
            "subnet_domain_name": null,
            "time_created": "2023-09-12 13:34:41.919 +0000 UTC",
            "timeouts": null,
            "vcn_id": "ocid1.vcn.oc1.iad.amaaaaaaxvowp3iat5lm4jvnbeyflsgnkl5etb2774ectag5nxcx2wcmfsnq",
            "virtual_router_ip": "11.0.64.1",
            "virtual_router_mac": "00:00:17:CF:14:7F"
          },
          "sensitive_attributes": [],
          "private": "eyJlMmJmYjczMC1lY2FhLTExZTYtOGY4OC0zNDM2M2JjN2M0YzAiOnsiY3JlYXRlIjoxMjAwMDAwMDAwMDAwLCJkZWxldGUiOjEyMDAwMDAwMDAwMDAsInVwZGF0ZSI6MTIwMDAwMDAwMDAwMH19",
          "dependencies": [
            "oci_core_drg.drg",
            "oci_core_route_table.prod_exa_route_table",
            "oci_core_security_list.prod_exa_security_list",
            "oci_core_vcn.prod_vcn",
            "oci_identity_compartment.home_compartment",
            "oci_identity_compartment.hub_compartment",
            "oci_identity_compartment.hub_network_compartment",
            "oci_identity_compartment.prod_environment_compartment",
            "oci_identity_compartment.prod_network_compartment"
          ]
        }
      ]
    },
    {
      "mode": "managed",
      "type": "oci_core_subnet",
      "name": "prod_pub_lb_subnet",
      "provider": "provider[\"registry.terraform.io/oracle/oci\"]",
      "instances": [
        {
          "schema_version": 0,
          "attributes": {
            "availability_domain": null,
            "cidr_block": "11.0.48.0/20",
            "compartment_id": "ocid1.compartment.oc1..aaaaaaaafhpn4aq77jvuwt5ih5qojxbawesnvm3hnga3wd5o54mhnzom6lja",
            "defined_tags": {
              "tag-oci.tag-key-env": "prod",
              "tag-oci.tag-key-reg": "ash",
              "tag-oci.tag-key-stack": "lb"
            },
            "dhcp_options_id": "ocid1.dhcpoptions.oc1.iad.aaaaaaaavppfmkzp2rocsn6tca5l4nfbpn4inawlh2ogwp6j7zibyv56c7ca",
            "display_name": "sub-pub-lb-prod-iad",
            "dns_label": null,
            "freeform_tags": {},
            "id": "ocid1.subnet.oc1.iad.aaaaaaaajuxkbwo24mffneowpgpsyzgxnbsqocrffm443uy4ejpnkmbrn2ia",
            "ipv6cidr_block": null,
            "ipv6cidr_blocks": [],
            "ipv6virtual_router_ip": null,
            "prohibit_internet_ingress": true,
            "prohibit_public_ip_on_vnic": true,
            "route_table_id": "ocid1.routetable.oc1.iad.aaaaaaaa6d67zb3bluupwgmntqjkis4ek4ddsbezd35iogaqdhdcjc3nmsza",
            "security_list_ids": [
              "ocid1.securitylist.oc1.iad.aaaaaaaaitv5vq6kum6rrs6nuvrzhvm5edysikscuz2fx2zeyzbip7wg5kbq"
            ],
            "state": "AVAILABLE",
            "subnet_domain_name": null,
            "time_created": "2023-09-12 13:34:37.554 +0000 UTC",
            "timeouts": null,
            "vcn_id": "ocid1.vcn.oc1.iad.amaaaaaaxvowp3iat5lm4jvnbeyflsgnkl5etb2774ectag5nxcx2wcmfsnq",
            "virtual_router_ip": "11.0.48.1",
            "virtual_router_mac": "00:00:17:CF:14:7F"
          },
          "sensitive_attributes": [],
          "private": "eyJlMmJmYjczMC1lY2FhLTExZTYtOGY4OC0zNDM2M2JjN2M0YzAiOnsiY3JlYXRlIjoxMjAwMDAwMDAwMDAwLCJkZWxldGUiOjEyMDAwMDAwMDAwMDAsInVwZGF0ZSI6MTIwMDAwMDAwMDAwMH19",
          "dependencies": [
            "oci_core_drg.drg",
            "oci_core_route_table.prod_pub_lb_route_table",
            "oci_core_security_list.prod_pub_lb_security_list",
            "oci_core_vcn.prod_vcn",
            "oci_identity_compartment.home_compartment",
            "oci_identity_compartment.hub_compartment",
            "oci_identity_compartment.hub_network_compartment",
            "oci_identity_compartment.prod_environment_compartment",
            "oci_identity_compartment.prod_network_compartment"
          ]
        }
      ]
    },
    {
      "mode": "managed",
      "type": "oci_core_subnet",
      "name": "prod_pvt_lb_subnet",
      "provider": "provider[\"registry.terraform.io/oracle/oci\"]",
      "instances": [
        {
          "schema_version": 0,
          "attributes": {
            "availability_domain": null,
            "cidr_block": "11.0.32.0/20",
            "compartment_id": "ocid1.compartment.oc1..aaaaaaaafhpn4aq77jvuwt5ih5qojxbawesnvm3hnga3wd5o54mhnzom6lja",
            "defined_tags": {
              "tag-oci.tag-key-env": "prod",
              "tag-oci.tag-key-reg": "ash",
              "tag-oci.tag-key-stack": "lb"
            },
            "dhcp_options_id": "ocid1.dhcpoptions.oc1.iad.aaaaaaaavppfmkzp2rocsn6tca5l4nfbpn4inawlh2ogwp6j7zibyv56c7ca",
            "display_name": "sub-pvt-lb-prod-iad",
            "dns_label": null,
            "freeform_tags": {},
            "id": "ocid1.subnet.oc1.iad.aaaaaaaa7et27eya3dhvswiroasqndoee3wd6gs5tjldvi7ycgppiwm74bua",
            "ipv6cidr_block": null,
            "ipv6cidr_blocks": [],
            "ipv6virtual_router_ip": null,
            "prohibit_internet_ingress": true,
            "prohibit_public_ip_on_vnic": true,
            "route_table_id": "ocid1.routetable.oc1.iad.aaaaaaaan6r2auwwnueiav6dne7umfjs3og7a6mb6xu4qoxqrvjlzvzwhqlq",
            "security_list_ids": [
              "ocid1.securitylist.oc1.iad.aaaaaaaaqfyhb7kfczx3xtzsufe4kf4pwojoznlrlwd4h362kwiz4pkjnhma"
            ],
            "state": "AVAILABLE",
            "subnet_domain_name": null,
            "time_created": "2023-09-12 13:34:36.789 +0000 UTC",
            "timeouts": null,
            "vcn_id": "ocid1.vcn.oc1.iad.amaaaaaaxvowp3iat5lm4jvnbeyflsgnkl5etb2774ectag5nxcx2wcmfsnq",
            "virtual_router_ip": "11.0.32.1",
            "virtual_router_mac": "00:00:17:CF:14:7F"
          },
          "sensitive_attributes": [],
          "private": "eyJlMmJmYjczMC1lY2FhLTExZTYtOGY4OC0zNDM2M2JjN2M0YzAiOnsiY3JlYXRlIjoxMjAwMDAwMDAwMDAwLCJkZWxldGUiOjEyMDAwMDAwMDAwMDAsInVwZGF0ZSI6MTIwMDAwMDAwMDAwMH19",
          "dependencies": [
            "oci_core_drg.drg",
            "oci_core_route_table.prod_pvt_lb_route_table",
            "oci_core_security_list.prod_pvt_lb_security_list",
            "oci_core_vcn.prod_vcn",
            "oci_identity_compartment.home_compartment",
            "oci_identity_compartment.hub_compartment",
            "oci_identity_compartment.hub_network_compartment",
            "oci_identity_compartment.prod_environment_compartment",
            "oci_identity_compartment.prod_network_compartment"
          ]
        }
      ]
    },
    {
      "mode": "managed",
      "type": "oci_core_vcn",
      "name": "hub_vcn",
      "provider": "provider[\"registry.terraform.io/oracle/oci\"]",
      "instances": [
        {
          "schema_version": 0,
          "attributes": {
            "byoipv6cidr_blocks": [],
            "byoipv6cidr_details": [],
            "cidr_block": "10.0.0.0/16",
            "cidr_blocks": [
              "10.0.0.0/16"
            ],
            "compartment_id": "ocid1.compartment.oc1..aaaaaaaacr7x7wu5dssnigfwunej3xkh36csqdc3jk3cnzixuds4kjkea5zq",
            "default_dhcp_options_id": "ocid1.dhcpoptions.oc1.iad.aaaaaaaaoxedmfwi3n2upwoiophmx5n53mgfd57wzqw2bqdls4red7mw4pkq",
            "default_route_table_id": "ocid1.routetable.oc1.iad.aaaaaaaa566uk63u6nh5zj536ojqp4okobxb4axhql3sz4jlp6rf6wivyabq",
            "default_security_list_id": "ocid1.securitylist.oc1.iad.aaaaaaaacygxm4x4mmxdle2tupod7jguhupfazdcmtrv25hlurcumntj6nca",
            "defined_tags": {
              "tag-oci.tag-key-env": "prod",
              "tag-oci.tag-key-reg": "ash",
              "tag-oci.tag-key-stack": "hub"
            },
            "display_name": "vcn-hub-iad",
            "dns_label": null,
            "freeform_tags": {},
            "id": "ocid1.vcn.oc1.iad.amaaaaaaxvowp3iafaj64rfo2dai5cpqwluke7s4rsj3dzdnxct7adydgn6a",
            "ipv6cidr_blocks": [],
            "ipv6private_cidr_blocks": [],
            "is_ipv6enabled": false,
            "is_oracle_gua_allocation_enabled": null,
            "state": "AVAILABLE",
            "time_created": "2023-09-12 13:34:19.696 +0000 UTC",
            "timeouts": null,
            "vcn_domain_name": null
          },
          "sensitive_attributes": [],
          "private": "eyJlMmJmYjczMC1lY2FhLTExZTYtOGY4OC0zNDM2M2JjN2M0YzAiOnsiY3JlYXRlIjoxMjAwMDAwMDAwMDAwLCJkZWxldGUiOjEyMDAwMDAwMDAwMDAsInVwZGF0ZSI6MTIwMDAwMDAwMDAwMH19",
          "dependencies": [
            "oci_identity_compartment.home_compartment",
            "oci_identity_compartment.hub_compartment",
            "oci_identity_compartment.hub_network_compartment"
          ]
        }
      ]
    },
    {
      "mode": "managed",
      "type": "oci_core_vcn",
      "name": "non_prod_vcn",
      "provider": "provider[\"registry.terraform.io/oracle/oci\"].non_prod_reg",
      "instances": [
        {
          "schema_version": 0,
          "attributes": {
            "byoipv6cidr_blocks": [],
            "byoipv6cidr_details": [],
            "cidr_block": "11.0.0.0/16",
            "cidr_blocks": [
              "11.0.0.0/16"
            ],
            "compartment_id": "ocid1.compartment.oc1..aaaaaaaab6xzxe5v5sls7inhtote65hzulx5bflt4yewgoe4q24ymnekjopq",
            "default_dhcp_options_id": "ocid1.dhcpoptions.oc1.phx.aaaaaaaao6652izho5hgna5wmj773eellrp6hpz5t6xupbp2hekjrj5p5eba",
            "default_route_table_id": "ocid1.routetable.oc1.phx.aaaaaaaaveqej3thu3ewiv74injriv7c7v67q6ycmgp4flcegxqdrry7jkwq",
            "default_security_list_id": "ocid1.securitylist.oc1.phx.aaaaaaaawloubieon7g6vfp47jynizeqfhcyux7pjindpuyky27zjkqofwra",
            "defined_tags": {
              "tag-oci.tag-key-env": "non-prod",
              "tag-oci.tag-key-reg": "phx"
            },
            "display_name": "vcn-non-prod-iad",
            "dns_label": null,
            "freeform_tags": {},
            "id": "ocid1.vcn.oc1.phx.amaaaaaaxvowp3iabzyb5hnidkp4acbs6ss42qrx43csaqaec4um2rusyr7a",
            "ipv6cidr_blocks": [],
            "ipv6private_cidr_blocks": [],
            "is_ipv6enabled": false,
            "is_oracle_gua_allocation_enabled": null,
            "state": "AVAILABLE",
            "time_created": "2023-09-12 13:36:32.882 +0000 UTC",
            "timeouts": null,
            "vcn_domain_name": null
          },
          "sensitive_attributes": [],
          "private": "eyJlMmJmYjczMC1lY2FhLTExZTYtOGY4OC0zNDM2M2JjN2M0YzAiOnsiY3JlYXRlIjoxMjAwMDAwMDAwMDAwLCJkZWxldGUiOjEyMDAwMDAwMDAwMDAsInVwZGF0ZSI6MTIwMDAwMDAwMDAwMH19",
          "dependencies": [
            "oci_identity_compartment.home_compartment",
            "oci_identity_compartment.non_prod_environment_compartment",
            "oci_identity_compartment.non_prod_network_compartment"
          ]
        }
      ]
    },
    {
      "mode": "managed",
      "type": "oci_core_vcn",
      "name": "prod_vcn",
      "provider": "provider[\"registry.terraform.io/oracle/oci\"]",
      "instances": [
        {
          "schema_version": 0,
          "attributes": {
            "byoipv6cidr_blocks": [],
            "byoipv6cidr_details": [],
            "cidr_block": "11.0.0.0/16",
            "cidr_blocks": [
              "11.0.0.0/16"
            ],
            "compartment_id": "ocid1.compartment.oc1..aaaaaaaafhpn4aq77jvuwt5ih5qojxbawesnvm3hnga3wd5o54mhnzom6lja",
            "default_dhcp_options_id": "ocid1.dhcpoptions.oc1.iad.aaaaaaaavppfmkzp2rocsn6tca5l4nfbpn4inawlh2ogwp6j7zibyv56c7ca",
            "default_route_table_id": "ocid1.routetable.oc1.iad.aaaaaaaaozeed7tdmb5oyeiwj6gom3tme4v3bycwjrqjnunev5j2hkyn4gbq",
            "default_security_list_id": "ocid1.securitylist.oc1.iad.aaaaaaaa6ebqj6kf2ncbhhk63godfhmyoauwdie6wycua4usct3plktzrw4q",
            "defined_tags": {
              "tag-oci.tag-key-env": "prod",
              "tag-oci.tag-key-reg": "ash"
            },
            "display_name": "vcn-prod-iad",
            "dns_label": null,
            "freeform_tags": {},
            "id": "ocid1.vcn.oc1.iad.amaaaaaaxvowp3iat5lm4jvnbeyflsgnkl5etb2774ectag5nxcx2wcmfsnq",
            "ipv6cidr_blocks": [],
            "ipv6private_cidr_blocks": [],
            "is_ipv6enabled": false,
            "is_oracle_gua_allocation_enabled": null,
            "state": "AVAILABLE",
            "time_created": "2023-09-12 13:34:30.101 +0000 UTC",
            "timeouts": null,
            "vcn_domain_name": null
          },
          "sensitive_attributes": [],
          "private": "eyJlMmJmYjczMC1lY2FhLTExZTYtOGY4OC0zNDM2M2JjN2M0YzAiOnsiY3JlYXRlIjoxMjAwMDAwMDAwMDAwLCJkZWxldGUiOjEyMDAwMDAwMDAwMDAsInVwZGF0ZSI6MTIwMDAwMDAwMDAwMH19",
          "dependencies": [
            "oci_identity_compartment.home_compartment",
            "oci_identity_compartment.prod_environment_compartment",
            "oci_identity_compartment.prod_network_compartment"
          ]
        }
      ]
    },
    {
      "mode": "managed",
      "type": "oci_events_rule",
      "name": "budget_rule",
      "provider": "provider[\"registry.terraform.io/oracle/oci\"]",
      "instances": [
        {
          "schema_version": 0,
          "attributes": {
            "actions": [
              {
                "actions": [
                  {
                    "action_type": "ONS",
                    "description": "",
                    "function_id": "",
                    "id": "ocid1.eventaction.oc1.iad.abuwcljtvh3e4oy5rsl3m5tvzyadischdxujazferc664xbgwsyi4ir2p2rq",
                    "is_enabled": true,
                    "lifecycle_message": "",
                    "state": "ACTIVE",
                    "stream_id": "",
                    "topic_id": "ocid1.onstopic.oc1.iad.aaaaaaaaamasbywolmufcjpbyeiruj5lex3fqly2fnkuiskdaqquady3uobq"
                  }
                ]
              }
            ],
            "compartment_id": "ocid1.compartment.oc1..aaaaaaaasngmebgnyqvnk46o72zd4nvryidpjdxxzzu6avnbtlnmdzigemda",
            "condition": "{\"eventType\":[\"com.oraclecloud.budgets.updatebudget\",\"com.oraclecloud.budgets.deletebudget\",\"com.oraclecloud.budgets.createbudget\"]}",
            "defined_tags": {
              "Oracle-Tags.CreatedBy": "default/gaurav.shirsathe@infosys.com",
              "Oracle-Tags.CreatedOn": "2023-09-12T13:34:10.953Z"
            },
            "description": "OCI Landing Zone Warning Budget Topic",
            "display_name": "Budget_Rule",
            "freeform_tags": {},
            "id": "ocid1.eventrule.oc1.iad.abuwcljtf35wi22kyonx74pmh3dx7czj7chvtkz3moov6s4k46cbyhpm6d5q",
            "is_enabled": true,
            "lifecycle_message": null,
            "state": "ACTIVE",
            "time_created": "2023-09-12 13:34:11.281 +0000 UTC",
            "timeouts": null
          },
          "sensitive_attributes": [],
          "private": "eyJlMmJmYjczMC1lY2FhLTExZTYtOGY4OC0zNDM2M2JjN2M0YzAiOnsiY3JlYXRlIjoxMjAwMDAwMDAwMDAwLCJkZWxldGUiOjEyMDAwMDAwMDAwMDAsInVwZGF0ZSI6MTIwMDAwMDAwMDAwMH19",
          "dependencies": [
            "oci_identity_compartment.home_compartment",
            "oci_identity_compartment.prod_environment_compartment",
            "oci_identity_compartment.prod_security_compartment",
            "oci_ons_notification_topic.budget_notification_topic"
          ]
        }
      ]
    },
    {
      "mode": "managed",
      "type": "oci_events_rule",
      "name": "iam_rule",
      "provider": "provider[\"registry.terraform.io/oracle/oci\"]",
      "instances": [
        {
          "schema_version": 0,
          "attributes": {
            "actions": [
              {
                "actions": [
                  {
                    "action_type": "ONS",
                    "description": "",
                    "function_id": "",
                    "id": "ocid1.eventaction.oc1.iad.abuwcljtgpmcefgco3f2zjqpkhvuhnsncdimw44yz5mc3e2wloyykrw3pmwq",
                    "is_enabled": true,
                    "lifecycle_message": "",
                    "state": "ACTIVE",
                    "stream_id": "",
                    "topic_id": "ocid1.onstopic.oc1.iad.aaaaaaaabmuryb7jpown4fq2pcz3lyfuqi4kg5mh4egc4cpi6aqf7nhhhiga"
                  }
                ]
              }
            ],
            "compartment_id": "ocid1.compartment.oc1..aaaaaaaasngmebgnyqvnk46o72zd4nvryidpjdxxzzu6avnbtlnmdzigemda",
            "condition": "{\"eventType\":[\"com.oraclecloud.identitycontrolplane.addusertogroup\",\"com.oraclecloud.identitycontrolplane.creategroup\",\"com.oraclecloud.identitycontrolplane.deletegroup\",\"com.oraclecloud.identitycontrolplane.removeuserfromgroup\",\"com.oraclecloud.identitycontrolplane.updategroup\",\"com.oraclecloud.identitycontrolplane.createidentityprovider\",\"com.oraclecloud.identitycontrolplane.deleteidentityprovider\",\"com.oraclecloud.identitycontrolplane.updateidentityprovider\",\"com.oraclecloud.identitycontrolplane.createidpgroupmapping\",\"com.oraclecloud.identitycontrolplane.deleteidpgroupmapping\",\"com.oraclecloud.identitycontrolplane.updateidpgroupmapping\",\"com.oraclecloud.identitycontrolplane.createorresetmypasswordrequest\",\"com.oraclecloud.identitycontrolplane.createpolicy\",\"com.oraclecloud.identitycontrolplane.deletepolicy\",\"com.oraclecloud.identitycontrolplane.updatepolicy\",\"com.oraclecloud.identitycontrolplane.createuser\",\"com.oraclecloud.identitycontrolplane.deleteuser\",\"com.oraclecloud.identitycontrolplane.updateuser\",\"com.oraclecloud.identitycontrolplane.updateusercapabilities\"]}",
            "defined_tags": {
              "Oracle-Tags.CreatedBy": "default/gaurav.shirsathe@infosys.com",
              "Oracle-Tags.CreatedOn": "2023-09-12T13:34:10.748Z"
            },
            "description": "OCI Landing Zone Warning IAM Topic",
            "display_name": "IAM_Rule",
            "freeform_tags": {},
            "id": "ocid1.eventrule.oc1.iad.abuwcljtg3jpiahdvvj7qi3et7ujb7veg3xbko7m43iacagjkrvxpq2cuoja",
            "is_enabled": true,
            "lifecycle_message": null,
            "state": "ACTIVE",
            "time_created": "2023-09-12 13:34:11.084 +0000 UTC",
            "timeouts": null
          },
          "sensitive_attributes": [],
          "private": "eyJlMmJmYjczMC1lY2FhLTExZTYtOGY4OC0zNDM2M2JjN2M0YzAiOnsiY3JlYXRlIjoxMjAwMDAwMDAwMDAwLCJkZWxldGUiOjEyMDAwMDAwMDAwMDAsInVwZGF0ZSI6MTIwMDAwMDAwMDAwMH19",
          "dependencies": [
            "oci_identity_compartment.home_compartment",
            "oci_identity_compartment.prod_environment_compartment",
            "oci_identity_compartment.prod_security_compartment",
            "oci_ons_notification_topic.iam_notification_topic"
          ]
        }
      ]
    },
    {
      "mode": "managed",
      "type": "oci_identity_compartment",
      "name": "home_compartment",
      "provider": "provider[\"registry.terraform.io/oracle/oci\"]",
      "instances": [
        {
          "schema_version": 0,
          "attributes": {
            "compartment_id": "ocid1.tenancy.oc1..aaaaaaaavq7mli6vqbhibwzbkywghhu7v233cjudlejd5jgyqwsdsuen77ba",
            "defined_tags": {
              "Oracle-Tags.CreatedBy": "default/gaurav.shirsathe@infosys.com",
              "Oracle-Tags.CreatedOn": "2023-09-12T13:33:22.298Z"
            },
            "description": "OCI Parent Compartment",
            "enable_delete": true,
            "freeform_tags": {},
            "id": "ocid1.compartment.oc1..aaaaaaaaefakcixvn4ovpsjm7buek447a5ucvjh52x7wwy4tuh23lhfxni4a",
            "inactive_state": null,
            "is_accessible": true,
            "name": "INFY_DEMO",
            "state": "ACTIVE",
            "time_created": "2023-09-12 13:33:22.377 +0000 UTC",
            "timeouts": null
          },
          "sensitive_attributes": [],
          "private": "eyJlMmJmYjczMC1lY2FhLTExZTYtOGY4OC0zNDM2M2JjN2M0YzAiOnsiZGVsZXRlIjo1NDAwMDAwMDAwMDAwfX0="
        }
      ]
    },
    {
      "mode": "managed",
      "type": "oci_identity_compartment",
      "name": "hub_compartment",
      "provider": "provider[\"registry.terraform.io/oracle/oci\"]",
      "instances": [
        {
          "schema_version": 0,
          "attributes": {
            "compartment_id": "ocid1.compartment.oc1..aaaaaaaaefakcixvn4ovpsjm7buek447a5ucvjh52x7wwy4tuh23lhfxni4a",
            "defined_tags": {
              "tag-oci.tag-key-stack": "hub"
            },
            "description": "Hub Compartment",
            "enable_delete": true,
            "freeform_tags": {},
            "id": "ocid1.compartment.oc1..aaaaaaaavzyxp5z5c7qyxvdmiqcwfbojykhsieu5y7arkg7gndar4jvorzla",
            "inactive_state": null,
            "is_accessible": true,
            "name": "CMP-HUB-IAD",
            "state": "ACTIVE",
            "time_created": "2023-09-12 13:34:02.255 +0000 UTC",
            "timeouts": null
          },
          "sensitive_attributes": [],
          "private": "eyJlMmJmYjczMC1lY2FhLTExZTYtOGY4OC0zNDM2M2JjN2M0YzAiOnsiZGVsZXRlIjo1NDAwMDAwMDAwMDAwfX0=",
          "dependencies": [
            "oci_identity_compartment.home_compartment"
          ]
        }
      ]
    },
    {
      "mode": "managed",
      "type": "oci_identity_compartment",
      "name": "hub_management_compartment",
      "provider": "provider[\"registry.terraform.io/oracle/oci\"]",
      "instances": [
        {
          "schema_version": 0,
          "attributes": {
            "compartment_id": "ocid1.compartment.oc1..aaaaaaaavzyxp5z5c7qyxvdmiqcwfbojykhsieu5y7arkg7gndar4jvorzla",
            "defined_tags": {
              "tag-oci.tag-key-stack": "hub"
            },
            "description": "Hub Management Compartment",
            "enable_delete": true,
            "freeform_tags": {},
            "id": "ocid1.compartment.oc1..aaaaaaaaa7v2byym23kfkyhdz34a6qsdfzz3xrjsdoihykwqtjspcccjciaa",
            "inactive_state": null,
            "is_accessible": true,
            "name": "CMP-HUB-MGMT-IAD",
            "state": "ACTIVE",
            "time_created": "2023-09-12 13:34:10.945 +0000 UTC",
            "timeouts": null
          },
          "sensitive_attributes": [],
          "private": "eyJlMmJmYjczMC1lY2FhLTExZTYtOGY4OC0zNDM2M2JjN2M0YzAiOnsiZGVsZXRlIjo1NDAwMDAwMDAwMDAwfX0=",
          "dependencies": [
            "oci_identity_compartment.home_compartment",
            "oci_identity_compartment.hub_compartment"
          ]
        }
      ]
    },
    {
      "mode": "managed",
      "type": "oci_identity_compartment",
      "name": "hub_network_compartment",
      "provider": "provider[\"registry.terraform.io/oracle/oci\"]",
      "instances": [
        {
          "schema_version": 0,
          "attributes": {
            "compartment_id": "ocid1.compartment.oc1..aaaaaaaavzyxp5z5c7qyxvdmiqcwfbojykhsieu5y7arkg7gndar4jvorzla",
            "defined_tags": {
              "tag-oci.tag-key-stack": "hub"
            },
            "description": "Hub Network Compartment",
            "enable_delete": true,
            "freeform_tags": {},
            "id": "ocid1.compartment.oc1..aaaaaaaacr7x7wu5dssnigfwunej3xkh36csqdc3jk3cnzixuds4kjkea5zq",
            "inactive_state": null,
            "is_accessible": true,
            "name": "CMP-HUB-NET-IAD",
            "state": "ACTIVE",
            "time_created": "2023-09-12 13:34:11.462 +0000 UTC",
            "timeouts": null
          },
          "sensitive_attributes": [],
          "private": "eyJlMmJmYjczMC1lY2FhLTExZTYtOGY4OC0zNDM2M2JjN2M0YzAiOnsiZGVsZXRlIjo1NDAwMDAwMDAwMDAwfX0=",
          "dependencies": [
            "oci_identity_compartment.home_compartment",
            "oci_identity_compartment.hub_compartment"
          ]
        }
      ]
    },
    {
      "mode": "managed",
      "type": "oci_identity_compartment",
      "name": "hub_security_compartment",
      "provider": "provider[\"registry.terraform.io/oracle/oci\"]",
      "instances": [
        {
          "schema_version": 0,
          "attributes": {
            "compartment_id": "ocid1.compartment.oc1..aaaaaaaavzyxp5z5c7qyxvdmiqcwfbojykhsieu5y7arkg7gndar4jvorzla",
            "defined_tags": {
              "tag-oci.tag-key-stack": "hub"
            },
            "description": "Hub Security Compartment",
            "enable_delete": true,
            "freeform_tags": {},
            "id": "ocid1.compartment.oc1..aaaaaaaajhvn4l7eh2rqejlpevmd2ewcxtaphib2b3ns5oxjftnmg3mfyuva",
            "inactive_state": null,
            "is_accessible": true,
            "name": "CMP-HUB-SEC-IAD",
            "state": "ACTIVE",
            "time_created": "2023-09-12 13:34:11.152 +0000 UTC",
            "timeouts": null
          },
          "sensitive_attributes": [],
          "private": "eyJlMmJmYjczMC1lY2FhLTExZTYtOGY4OC0zNDM2M2JjN2M0YzAiOnsiZGVsZXRlIjo1NDAwMDAwMDAwMDAwfX0=",
          "dependencies": [
            "oci_identity_compartment.home_compartment",
            "oci_identity_compartment.hub_compartment"
          ]
        }
      ]
    },
    {
      "mode": "managed",
      "type": "oci_identity_compartment",
      "name": "non_prod_application_compartment",
      "provider": "provider[\"registry.terraform.io/oracle/oci\"]",
      "instances": [
        {
          "schema_version": 0,
          "attributes": {
            "compartment_id": "ocid1.compartment.oc1..aaaaaaaasrykepozj5rvauzz7aiedyixnhr3hx4ebtdisgsop3aud3gkof5q",
            "defined_tags": {
              "tag-oci.tag-key-env": "non-prod",
              "tag-oci.tag-key-stack": "app"
            },
            "description": "Production Application Compartment",
            "enable_delete": true,
            "freeform_tags": {},
            "id": "ocid1.compartment.oc1..aaaaaaaax3w4e2kdfk3d3t2i3cikl3gfhabocuz6zhilh34dzofav2mnqcsq",
            "inactive_state": null,
            "is_accessible": true,
            "name": "CMP-NP-APP-IAD",
            "state": "ACTIVE",
            "time_created": "2023-09-12 13:34:01.732 +0000 UTC",
            "timeouts": null
          },
          "sensitive_attributes": [],
          "private": "eyJlMmJmYjczMC1lY2FhLTExZTYtOGY4OC0zNDM2M2JjN2M0YzAiOnsiZGVsZXRlIjo1NDAwMDAwMDAwMDAwfX0=",
          "dependencies": [
            "oci_identity_compartment.home_compartment",
            "oci_identity_compartment.non_prod_environment_compartment"
          ]
        }
      ]
    },
    {
      "mode": "managed",
      "type": "oci_identity_compartment",
      "name": "non_prod_database_compartment",
      "provider": "provider[\"registry.terraform.io/oracle/oci\"]",
      "instances": [
        {
          "schema_version": 0,
          "attributes": {
            "compartment_id": "ocid1.compartment.oc1..aaaaaaaasrykepozj5rvauzz7aiedyixnhr3hx4ebtdisgsop3aud3gkof5q",
            "defined_tags": {
              "tag-oci.tag-key-env": "prod",
              "tag-oci.tag-key-stack": "db"
            },
            "description": "Production Database Compartment",
            "enable_delete": true,
            "freeform_tags": {},
            "id": "ocid1.compartment.oc1..aaaaaaaav2irc5wpjjp7nc2ac732uk4mydvbxwdawymuolptkuhzr6lwassq",
            "inactive_state": null,
            "is_accessible": true,
            "name": "CMP-NP-DB-IAD",
            "state": "ACTIVE",
            "time_created": "2023-09-12 13:34:02.642 +0000 UTC",
            "timeouts": null
          },
          "sensitive_attributes": [],
          "private": "eyJlMmJmYjczMC1lY2FhLTExZTYtOGY4OC0zNDM2M2JjN2M0YzAiOnsiZGVsZXRlIjo1NDAwMDAwMDAwMDAwfX0=",
          "dependencies": [
            "oci_identity_compartment.home_compartment",
            "oci_identity_compartment.non_prod_environment_compartment"
          ]
        }
      ]
    },
    {
      "mode": "managed",
      "type": "oci_identity_compartment",
      "name": "non_prod_environment_compartment",
      "provider": "provider[\"registry.terraform.io/oracle/oci\"]",
      "instances": [
        {
          "schema_version": 0,
          "attributes": {
            "compartment_id": "ocid1.compartment.oc1..aaaaaaaaefakcixvn4ovpsjm7buek447a5ucvjh52x7wwy4tuh23lhfxni4a",
            "defined_tags": {
              "tag-oci.tag-key-env": "non-prod"
            },
            "description": "Production Environment Compartment",
            "enable_delete": true,
            "freeform_tags": {},
            "id": "ocid1.compartment.oc1..aaaaaaaasrykepozj5rvauzz7aiedyixnhr3hx4ebtdisgsop3aud3gkof5q",
            "inactive_state": null,
            "is_accessible": true,
            "name": "CMP-NP-IAD",
            "state": "ACTIVE",
            "time_created": "2023-09-12 13:33:40.621 +0000 UTC",
            "timeouts": null
          },
          "sensitive_attributes": [],
          "private": "eyJlMmJmYjczMC1lY2FhLTExZTYtOGY4OC0zNDM2M2JjN2M0YzAiOnsiZGVsZXRlIjo1NDAwMDAwMDAwMDAwfX0=",
          "dependencies": [
            "oci_identity_compartment.home_compartment"
          ]
        }
      ]
    },
    {
      "mode": "managed",
      "type": "oci_identity_compartment",
      "name": "non_prod_network_compartment",
      "provider": "provider[\"registry.terraform.io/oracle/oci\"]",
      "instances": [
        {
          "schema_version": 0,
          "attributes": {
            "compartment_id": "ocid1.compartment.oc1..aaaaaaaasrykepozj5rvauzz7aiedyixnhr3hx4ebtdisgsop3aud3gkof5q",
            "defined_tags": {
              "tag-oci.tag-key-env": "non-prod"
            },
            "description": "Production Network Compartment",
            "enable_delete": true,
            "freeform_tags": {},
            "id": "ocid1.compartment.oc1..aaaaaaaab6xzxe5v5sls7inhtote65hzulx5bflt4yewgoe4q24ymnekjopq",
            "inactive_state": null,
            "is_accessible": true,
            "name": "CMP-NP-NET-IAD",
            "state": "ACTIVE",
            "time_created": "2023-09-12 13:34:01.957 +0000 UTC",
            "timeouts": null
          },
          "sensitive_attributes": [],
          "private": "eyJlMmJmYjczMC1lY2FhLTExZTYtOGY4OC0zNDM2M2JjN2M0YzAiOnsiZGVsZXRlIjo1NDAwMDAwMDAwMDAwfX0=",
          "dependencies": [
            "oci_identity_compartment.home_compartment",
            "oci_identity_compartment.non_prod_environment_compartment"
          ]
        }
      ]
    },
    {
      "mode": "managed",
      "type": "oci_identity_compartment",
      "name": "non_prod_security_compartment",
      "provider": "provider[\"registry.terraform.io/oracle/oci\"]",
      "instances": [
        {
          "schema_version": 0,
          "attributes": {
            "compartment_id": "ocid1.compartment.oc1..aaaaaaaasrykepozj5rvauzz7aiedyixnhr3hx4ebtdisgsop3aud3gkof5q",
            "defined_tags": {
              "tag-oci.tag-key-env": "non-prod"
            },
            "description": "Production Security Compartment",
            "enable_delete": true,
            "freeform_tags": {},
            "id": "ocid1.compartment.oc1..aaaaaaaaa7ib3yvkmqnl6f36ejgrmknv3nezhgwasmwvpkplry5t7rcsvuza",
            "inactive_state": null,
            "is_accessible": true,
            "name": "CMP-NP-SEC-IAD",
            "state": "ACTIVE",
            "time_created": "2023-09-12 13:34:04.595 +0000 UTC",
            "timeouts": null
          },
          "sensitive_attributes": [],
          "private": "eyJlMmJmYjczMC1lY2FhLTExZTYtOGY4OC0zNDM2M2JjN2M0YzAiOnsiZGVsZXRlIjo1NDAwMDAwMDAwMDAwfX0=",
          "dependencies": [
            "oci_identity_compartment.home_compartment",
            "oci_identity_compartment.non_prod_environment_compartment"
          ]
        }
      ]
    },
    {
      "mode": "managed",
      "type": "oci_identity_compartment",
      "name": "prod_application_compartment",
      "provider": "provider[\"registry.terraform.io/oracle/oci\"]",
      "instances": [
        {
          "schema_version": 0,
          "attributes": {
            "compartment_id": "ocid1.compartment.oc1..aaaaaaaa34spguhxptavwlozsflvwama7iwasiuuqpy6qwbmqn5i27r37oua",
            "defined_tags": {
              "tag-oci.tag-key-env": "prod",
              "tag-oci.tag-key-stack": "app"
            },
            "description": "Production Application Compartment",
            "enable_delete": true,
            "freeform_tags": {},
            "id": "ocid1.compartment.oc1..aaaaaaaad7ilqob76cwees5mzejuiunwmviznzj7a5lbigcbwe7utpgayhba",
            "inactive_state": null,
            "is_accessible": true,
            "name": "CMP-P-APP-IAD",
            "state": "ACTIVE",
            "time_created": "2023-09-12 13:33:58.706 +0000 UTC",
            "timeouts": null
          },
          "sensitive_attributes": [],
          "private": "eyJlMmJmYjczMC1lY2FhLTExZTYtOGY4OC0zNDM2M2JjN2M0YzAiOnsiZGVsZXRlIjo1NDAwMDAwMDAwMDAwfX0=",
          "dependencies": [
            "oci_identity_compartment.home_compartment",
            "oci_identity_compartment.prod_environment_compartment"
          ]
        }
      ]
    },
    {
      "mode": "managed",
      "type": "oci_identity_compartment",
      "name": "prod_database_compartment",
      "provider": "provider[\"registry.terraform.io/oracle/oci\"]",
      "instances": [
        {
          "schema_version": 0,
          "attributes": {
            "compartment_id": "ocid1.compartment.oc1..aaaaaaaa34spguhxptavwlozsflvwama7iwasiuuqpy6qwbmqn5i27r37oua",
            "defined_tags": {
              "tag-oci.tag-key-env": "prod",
              "tag-oci.tag-key-stack": "db"
            },
            "description": "Production Database Compartment",
            "enable_delete": true,
            "freeform_tags": {},
            "id": "ocid1.compartment.oc1..aaaaaaaafqrexecgiov3q7wc6q6szbaf4wq7pm6ovhcshe44qlmtb3qzldyq",
            "inactive_state": null,
            "is_accessible": true,
            "name": "CMP-P-DB-IAD",
            "state": "ACTIVE",
            "time_created": "2023-09-12 13:33:58.031 +0000 UTC",
            "timeouts": null
          },
          "sensitive_attributes": [],
          "private": "eyJlMmJmYjczMC1lY2FhLTExZTYtOGY4OC0zNDM2M2JjN2M0YzAiOnsiZGVsZXRlIjo1NDAwMDAwMDAwMDAwfX0=",
          "dependencies": [
            "oci_identity_compartment.home_compartment",
            "oci_identity_compartment.prod_environment_compartment"
          ]
        }
      ]
    },
    {
      "mode": "managed",
      "type": "oci_identity_compartment",
      "name": "prod_environment_compartment",
      "provider": "provider[\"registry.terraform.io/oracle/oci\"]",
      "instances": [
        {
          "schema_version": 0,
          "attributes": {
            "compartment_id": "ocid1.compartment.oc1..aaaaaaaaefakcixvn4ovpsjm7buek447a5ucvjh52x7wwy4tuh23lhfxni4a",
            "defined_tags": {
              "tag-oci.tag-key-env": "prod"
            },
            "description": "Production Environment Compartment",
            "enable_delete": true,
            "freeform_tags": {},
            "id": "ocid1.compartment.oc1..aaaaaaaa34spguhxptavwlozsflvwama7iwasiuuqpy6qwbmqn5i27r37oua",
            "inactive_state": null,
            "is_accessible": true,
            "name": "CMP-P-IAD",
            "state": "ACTIVE",
            "time_created": "2023-09-12 13:33:50.652 +0000 UTC",
            "timeouts": null
          },
          "sensitive_attributes": [],
          "private": "eyJlMmJmYjczMC1lY2FhLTExZTYtOGY4OC0zNDM2M2JjN2M0YzAiOnsiZGVsZXRlIjo1NDAwMDAwMDAwMDAwfX0=",
          "dependencies": [
            "oci_identity_compartment.home_compartment"
          ]
        }
      ]
    },
    {
      "mode": "managed",
      "type": "oci_identity_compartment",
      "name": "prod_network_compartment",
      "provider": "provider[\"registry.terraform.io/oracle/oci\"]",
      "instances": [
        {
          "schema_version": 0,
          "attributes": {
            "compartment_id": "ocid1.compartment.oc1..aaaaaaaa34spguhxptavwlozsflvwama7iwasiuuqpy6qwbmqn5i27r37oua",
            "defined_tags": {
              "tag-oci.tag-key-env": "prod"
            },
            "description": "Production Network Compartment",
            "enable_delete": true,
            "freeform_tags": {},
            "id": "ocid1.compartment.oc1..aaaaaaaafhpn4aq77jvuwt5ih5qojxbawesnvm3hnga3wd5o54mhnzom6lja",
            "inactive_state": null,
            "is_accessible": true,
            "name": "CMP-P-NET-IAD",
            "state": "ACTIVE",
            "time_created": "2023-09-12 13:33:58.245 +0000 UTC",
            "timeouts": null
          },
          "sensitive_attributes": [],
          "private": "eyJlMmJmYjczMC1lY2FhLTExZTYtOGY4OC0zNDM2M2JjN2M0YzAiOnsiZGVsZXRlIjo1NDAwMDAwMDAwMDAwfX0=",
          "dependencies": [
            "oci_identity_compartment.home_compartment",
            "oci_identity_compartment.prod_environment_compartment"
          ]
        }
      ]
    },
    {
      "mode": "managed",
      "type": "oci_identity_compartment",
      "name": "prod_security_compartment",
      "provider": "provider[\"registry.terraform.io/oracle/oci\"]",
      "instances": [
        {
          "schema_version": 0,
          "attributes": {
            "compartment_id": "ocid1.compartment.oc1..aaaaaaaa34spguhxptavwlozsflvwama7iwasiuuqpy6qwbmqn5i27r37oua",
            "defined_tags": {
              "tag-oci.tag-key-env": "prod"
            },
            "description": "Production Security Compartment",
            "enable_delete": true,
            "freeform_tags": {},
            "id": "ocid1.compartment.oc1..aaaaaaaasngmebgnyqvnk46o72zd4nvryidpjdxxzzu6avnbtlnmdzigemda",
            "inactive_state": null,
            "is_accessible": true,
            "name": "CMP-P-SEC-IAD",
            "state": "ACTIVE",
            "time_created": "2023-09-12 13:33:58.538 +0000 UTC",
            "timeouts": null
          },
          "sensitive_attributes": [],
          "private": "eyJlMmJmYjczMC1lY2FhLTExZTYtOGY4OC0zNDM2M2JjN2M0YzAiOnsiZGVsZXRlIjo1NDAwMDAwMDAwMDAwfX0=",
          "dependencies": [
            "oci_identity_compartment.home_compartment",
            "oci_identity_compartment.prod_environment_compartment"
          ]
        }
      ]
    },
    {
      "mode": "managed",
      "type": "oci_identity_group",
      "name": "app_admin_group",
      "provider": "provider[\"registry.terraform.io/oracle/oci\"]",
      "instances": [
        {
          "schema_version": 0,
          "attributes": {
            "compartment_id": "ocid1.tenancy.oc1..aaaaaaaavq7mli6vqbhibwzbkywghhu7v233cjudlejd5jgyqwsdsuen77ba",
            "defined_tags": {
              "Oracle-Tags.CreatedBy": "default/gaurav.shirsathe@infosys.com",
              "Oracle-Tags.CreatedOn": "2023-09-12T13:33:22.423Z"
            },
            "description": "IAM group for Application Admin",
            "freeform_tags": {},
            "id": "ocid1.group.oc1..aaaaaaaaim745a2tr4ex575ha23rwwqxai3sa62onj5latvapz5c24jsr3gq",
            "inactive_state": null,
            "name": "app_admin_grp",
            "state": "ACTIVE",
            "time_created": "2023-09-12 13:33:22.454 +0000 UTC",
            "timeouts": null
          },
          "sensitive_attributes": [],
          "private": "eyJlMmJmYjczMC1lY2FhLTExZTYtOGY4OC0zNDM2M2JjN2M0YzAiOnsiY3JlYXRlIjoxMjAwMDAwMDAwMDAwLCJkZWxldGUiOjEyMDAwMDAwMDAwMDAsInVwZGF0ZSI6MTIwMDAwMDAwMDAwMH19"
        }
      ]
    },
    {
      "mode": "managed",
      "type": "oci_identity_group",
      "name": "db_admin_group",
      "provider": "provider[\"registry.terraform.io/oracle/oci\"]",
      "instances": [
        {
          "schema_version": 0,
          "attributes": {
            "compartment_id": "ocid1.tenancy.oc1..aaaaaaaavq7mli6vqbhibwzbkywghhu7v233cjudlejd5jgyqwsdsuen77ba",
            "defined_tags": {
              "Oracle-Tags.CreatedBy": "default/gaurav.shirsathe@infosys.com",
              "Oracle-Tags.CreatedOn": "2023-09-12T13:33:23.642Z"
            },
            "description": "IAM group for Database Admin",
            "freeform_tags": {},
            "id": "ocid1.group.oc1..aaaaaaaa5z4p5uovbgnc7cqzjnceo6vvdwtc2u6r3fnuzvdngrv6ss7tmqda",
            "inactive_state": null,
            "name": "db_admin_grp",
            "state": "ACTIVE",
            "time_created": "2023-09-12 13:33:23.665 +0000 UTC",
            "timeouts": null
          },
          "sensitive_attributes": [],
          "private": "eyJlMmJmYjczMC1lY2FhLTExZTYtOGY4OC0zNDM2M2JjN2M0YzAiOnsiY3JlYXRlIjoxMjAwMDAwMDAwMDAwLCJkZWxldGUiOjEyMDAwMDAwMDAwMDAsInVwZGF0ZSI6MTIwMDAwMDAwMDAwMH19"
        }
      ]
    },
    {
      "mode": "managed",
      "type": "oci_identity_group",
      "name": "net_admin_group",
      "provider": "provider[\"registry.terraform.io/oracle/oci\"]",
      "instances": [
        {
          "schema_version": 0,
          "attributes": {
            "compartment_id": "ocid1.tenancy.oc1..aaaaaaaavq7mli6vqbhibwzbkywghhu7v233cjudlejd5jgyqwsdsuen77ba",
            "defined_tags": {
              "Oracle-Tags.CreatedBy": "default/gaurav.shirsathe@infosys.com",
              "Oracle-Tags.CreatedOn": "2023-09-12T13:33:22.454Z"
            },
            "description": "IAM group for Network Admin",
            "freeform_tags": {},
            "id": "ocid1.group.oc1..aaaaaaaaa7dkjviusacgyz3tkc3tqzxga4dsinnocfl4o3j625nph7uafnvq",
            "inactive_state": null,
            "name": "net_admin_grp",
            "state": "ACTIVE",
            "time_created": "2023-09-12 13:33:22.478 +0000 UTC",
            "timeouts": null
          },
          "sensitive_attributes": [],
          "private": "eyJlMmJmYjczMC1lY2FhLTExZTYtOGY4OC0zNDM2M2JjN2M0YzAiOnsiY3JlYXRlIjoxMjAwMDAwMDAwMDAwLCJkZWxldGUiOjEyMDAwMDAwMDAwMDAsInVwZGF0ZSI6MTIwMDAwMDAwMDAwMH19"
        }
      ]
    },
    {
      "mode": "managed",
      "type": "oci_identity_group",
      "name": "sec_admin_group",
      "provider": "provider[\"registry.terraform.io/oracle/oci\"]",
      "instances": [
        {
          "schema_version": 0,
          "attributes": {
            "compartment_id": "ocid1.tenancy.oc1..aaaaaaaavq7mli6vqbhibwzbkywghhu7v233cjudlejd5jgyqwsdsuen77ba",
            "defined_tags": {
              "Oracle-Tags.CreatedBy": "default/gaurav.shirsathe@infosys.com",
              "Oracle-Tags.CreatedOn": "2023-09-12T13:33:23.597Z"
            },
            "description": "IAM group for Security Admin",
            "freeform_tags": {},
            "id": "ocid1.group.oc1..aaaaaaaahwdmd7gx5vkjst3l74xmmlhx4nbudt27zdet5nujzr5lehge6maa",
            "inactive_state": null,
            "name": "sec_admin_grp",
            "state": "ACTIVE",
            "time_created": "2023-09-12 13:33:23.62 +0000 UTC",
            "timeouts": null
          },
          "sensitive_attributes": [],
          "private": "eyJlMmJmYjczMC1lY2FhLTExZTYtOGY4OC0zNDM2M2JjN2M0YzAiOnsiY3JlYXRlIjoxMjAwMDAwMDAwMDAwLCJkZWxldGUiOjEyMDAwMDAwMDAwMDAsInVwZGF0ZSI6MTIwMDAwMDAwMDAwMH19"
        }
      ]
    },
    {
      "mode": "managed",
      "type": "oci_identity_policy",
      "name": "app_policy",
      "provider": "provider[\"registry.terraform.io/oracle/oci\"]",
      "instances": [
        {
          "schema_version": 0,
          "attributes": {
            "ETag": "ebc6f30e734e8057f457bc96e660225f0cf6f07f",
            "compartment_id": "ocid1.compartment.oc1..aaaaaaaaa7v2byym23kfkyhdz34a6qsdfzz3xrjsdoihykwqtjspcccjciaa",
            "defined_tags": {
              "Oracle-Tags.CreatedBy": "default/gaurav.shirsathe@infosys.com",
              "Oracle-Tags.CreatedOn": "2023-09-26T10:43:41.736Z"
            },
            "description": "Policy for Application Admin",
            "freeform_tags": {},
            "id": "ocid1.policy.oc1..aaaaaaaaxcxroez6tyibrjhkez2remh7gyss3kafwxneqdv2y6znk62eduga",
            "inactive_state": null,
            "lastUpdateETag": "ebc6f30e734e8057f457bc96e660225f0cf6f07f",
            "name": "APP-POLICY",
            "policyHash": "5821d8953b755baf1eac2a926592e116",
            "state": "ACTIVE",
            "statements": [
              "Allow group 'Default'/'app_admin_grp' to manage all-resources in compartment CMP-HUB-MGMT-IAD"
            ],
            "time_created": "2023-09-26 10:43:41.761 +0000 UTC",
            "timeouts": null,
            "version_date": null
          },
          "sensitive_attributes": [],
          "private": "eyJlMmJmYjczMC1lY2FhLTExZTYtOGY4OC0zNDM2M2JjN2M0YzAiOnsiY3JlYXRlIjoxMjAwMDAwMDAwMDAwLCJkZWxldGUiOjEyMDAwMDAwMDAwMDAsInVwZGF0ZSI6MTIwMDAwMDAwMDAwMH19",
          "dependencies": [
            "oci_identity_compartment.home_compartment",
            "oci_identity_compartment.hub_compartment",
            "oci_identity_compartment.hub_management_compartment",
            "oci_identity_group.app_admin_group"
          ]
        }
      ]
    },
    {
      "mode": "managed",
      "type": "oci_identity_policy",
      "name": "db_policy",
      "provider": "provider[\"registry.terraform.io/oracle/oci\"]",
      "instances": [
        {
          "schema_version": 0,
          "attributes": {
            "ETag": "ea0e0f2eb54b25fe390a531ced49906ac80b7429",
            "compartment_id": "ocid1.compartment.oc1..aaaaaaaaa7v2byym23kfkyhdz34a6qsdfzz3xrjsdoihykwqtjspcccjciaa",
            "defined_tags": {
              "Oracle-Tags.CreatedBy": "default/gaurav.shirsathe@infosys.com",
              "Oracle-Tags.CreatedOn": "2023-09-26T10:43:42.735Z"
            },
            "description": "Policy for Database Admin",
            "freeform_tags": {},
            "id": "ocid1.policy.oc1..aaaaaaaaptmfsljvspurjwvlesi4scqvambithisg4ssaksbdsqhsz5ocmaa",
            "inactive_state": null,
            "lastUpdateETag": "ea0e0f2eb54b25fe390a531ced49906ac80b7429",
            "name": "DB-POLICY",
            "policyHash": "e321790163e2b1125c78836444953efd",
            "state": "ACTIVE",
            "statements": [
              "Allow group 'Default'/'db_admin_grp' to manage all-resources in compartment CMP-HUB-MGMT-IAD"
            ],
            "time_created": "2023-09-26 10:43:42.805 +0000 UTC",
            "timeouts": null,
            "version_date": null
          },
          "sensitive_attributes": [],
          "private": "eyJlMmJmYjczMC1lY2FhLTExZTYtOGY4OC0zNDM2M2JjN2M0YzAiOnsiY3JlYXRlIjoxMjAwMDAwMDAwMDAwLCJkZWxldGUiOjEyMDAwMDAwMDAwMDAsInVwZGF0ZSI6MTIwMDAwMDAwMDAwMH19",
          "dependencies": [
            "oci_identity_compartment.home_compartment",
            "oci_identity_compartment.hub_compartment",
            "oci_identity_compartment.hub_management_compartment",
            "oci_identity_group.db_admin_group"
          ]
        }
      ]
    },
    {
      "mode": "managed",
      "type": "oci_identity_policy",
      "name": "net_policy",
      "provider": "provider[\"registry.terraform.io/oracle/oci\"]",
      "instances": [
        {
          "schema_version": 0,
          "attributes": {
            "ETag": "da9261fff6ea2a47203576236f7f6d94bfc875d8",
            "compartment_id": "ocid1.compartment.oc1..aaaaaaaacr7x7wu5dssnigfwunej3xkh36csqdc3jk3cnzixuds4kjkea5zq",
            "defined_tags": {
              "Oracle-Tags.CreatedBy": "default/gaurav.shirsathe@infosys.com",
              "Oracle-Tags.CreatedOn": "2023-09-26T10:45:45.163Z"
            },
            "description": "Policy for Netwotk Admin",
            "freeform_tags": {},
            "id": "ocid1.policy.oc1..aaaaaaaahmsw2o546z6zugsv4tqdtcbf7hf3h7fmxq47pxvom4bmv76ef2kq",
            "inactive_state": null,
            "lastUpdateETag": "da9261fff6ea2a47203576236f7f6d94bfc875d8",
            "name": "NET-POLICY",
            "policyHash": "67e63a3696869ab330ce94edf0429174",
            "state": "ACTIVE",
            "statements": [
              "Allow group 'Default'/'net_admin_grp' to manage all-resources in compartment CMP-HUB-NET-IAD"
            ],
            "time_created": "2023-09-26 10:45:45.178 +0000 UTC",
            "timeouts": null,
            "version_date": null
          },
          "sensitive_attributes": [],
          "private": "eyJlMmJmYjczMC1lY2FhLTExZTYtOGY4OC0zNDM2M2JjN2M0YzAiOnsiY3JlYXRlIjoxMjAwMDAwMDAwMDAwLCJkZWxldGUiOjEyMDAwMDAwMDAwMDAsInVwZGF0ZSI6MTIwMDAwMDAwMDAwMH19",
          "dependencies": [
            "oci_identity_compartment.home_compartment",
            "oci_identity_compartment.hub_compartment",
            "oci_identity_compartment.hub_network_compartment",
            "oci_identity_group.net_admin_group"
          ]
        }
      ]
    },
    {
      "mode": "managed",
      "type": "oci_identity_policy",
      "name": "sec_policy",
      "provider": "provider[\"registry.terraform.io/oracle/oci\"]",
      "instances": [
        {
          "schema_version": 0,
          "attributes": {
            "ETag": "cd568fbe0e1864c3724afe08e9b2b6729d8f1d57",
            "compartment_id": "ocid1.compartment.oc1..aaaaaaaajhvn4l7eh2rqejlpevmd2ewcxtaphib2b3ns5oxjftnmg3mfyuva",
            "defined_tags": {
              "Oracle-Tags.CreatedBy": "default/gaurav.shirsathe@infosys.com",
              "Oracle-Tags.CreatedOn": "2023-09-26T10:43:41.757Z"
            },
            "description": "Policy for Security Admin",
            "freeform_tags": {},
            "id": "ocid1.policy.oc1..aaaaaaaa5hpc7pvfifm567o2dsgdewv2zatuxozpvwbd56c2ej2dtexfovga",
            "inactive_state": null,
            "lastUpdateETag": "cd568fbe0e1864c3724afe08e9b2b6729d8f1d57",
            "name": "SEC-POLICY",
            "policyHash": "488ae6343477931d1902ecb10ac82f16",
            "state": "ACTIVE",
            "statements": [
              "Allow group 'Default'/'sec_admin_grp' to manage all-resources in compartment CMP-HUB-SEC-IAD"
            ],
            "time_created": "2023-09-26 10:43:42.098 +0000 UTC",
            "timeouts": null,
            "version_date": null
          },
          "sensitive_attributes": [],
          "private": "eyJlMmJmYjczMC1lY2FhLTExZTYtOGY4OC0zNDM2M2JjN2M0YzAiOnsiY3JlYXRlIjoxMjAwMDAwMDAwMDAwLCJkZWxldGUiOjEyMDAwMDAwMDAwMDAsInVwZGF0ZSI6MTIwMDAwMDAwMDAwMH19",
          "dependencies": [
            "oci_identity_compartment.home_compartment",
            "oci_identity_compartment.hub_compartment",
            "oci_identity_compartment.hub_security_compartment",
            "oci_identity_group.sec_admin_group"
          ]
        }
      ]
    },
    {
      "mode": "managed",
      "type": "oci_identity_tag",
      "name": "tag-key-env",
      "provider": "provider[\"registry.terraform.io/oracle/oci\"]",
      "instances": [
        {
          "schema_version": 0,
          "attributes": {
            "defined_tags": {
              "Oracle-Tags.CreatedBy": "default/gaurav.shirsathe@infosys.com",
              "Oracle-Tags.CreatedOn": "2023-09-12T13:33:32.267Z"
            },
            "description": "To Identify Environment",
            "freeform_tags": {},
            "id": "ocid1.tagdefinition.oc1..aaaaaaaaaeicqq4ljyq6ixpolldgvu3zae2hhrryxuhicanft5z7ff6m4lsq",
            "is_cost_tracking": false,
            "is_retired": false,
            "name": "tag-key-env",
            "state": "ACTIVE",
            "tag_namespace_id": "ocid1.tagnamespace.oc1..aaaaaaaafx7wsi7zjroqohnlplio4or34qhx5742rb7kqam33d3w2ogfbqdq",
            "time_created": "2023-09-12 13:33:32.998 +0000 UTC",
            "timeouts": null,
            "validator": [
              {
                "validator_type": "ENUM",
                "values": [
                  "prod",
                  "non-prod"
                ]
              }
            ]
          },
          "sensitive_attributes": [],
          "private": "eyJlMmJmYjczMC1lY2FhLTExZTYtOGY4OC0zNDM2M2JjN2M0YzAiOnsiY3JlYXRlIjo5MDAwMDAwMDAwMDAsImRlbGV0ZSI6NDMyMDAwMDAwMDAwMDAsInVwZGF0ZSI6OTAwMDAwMDAwMDAwfX0=",
          "dependencies": [
            "oci_identity_compartment.home_compartment",
            "oci_identity_tag_namespace.tag"
          ]
        }
      ]
    },
    {
      "mode": "managed",
      "type": "oci_identity_tag",
      "name": "tag-key-reg",
      "provider": "provider[\"registry.terraform.io/oracle/oci\"]",
      "instances": [
        {
          "schema_version": 0,
          "attributes": {
            "defined_tags": {
              "Oracle-Tags.CreatedBy": "default/gaurav.shirsathe@infosys.com",
              "Oracle-Tags.CreatedOn": "2023-09-12T13:33:32.267Z"
            },
            "description": "To Identify Region",
            "freeform_tags": {},
            "id": "ocid1.tagdefinition.oc1..aaaaaaaakj6fdbqgme7veosxy2xnlo7scy22oudtmd5goansibnmia7wnyza",
            "is_cost_tracking": false,
            "is_retired": false,
            "name": "tag-key-reg",
            "state": "ACTIVE",
            "tag_namespace_id": "ocid1.tagnamespace.oc1..aaaaaaaafx7wsi7zjroqohnlplio4or34qhx5742rb7kqam33d3w2ogfbqdq",
            "time_created": "2023-09-12 13:33:33.175 +0000 UTC",
            "timeouts": null,
            "validator": [
              {
                "validator_type": "ENUM",
                "values": [
                  "ash",
                  "phx"
                ]
              }
            ]
          },
          "sensitive_attributes": [],
          "private": "eyJlMmJmYjczMC1lY2FhLTExZTYtOGY4OC0zNDM2M2JjN2M0YzAiOnsiY3JlYXRlIjo5MDAwMDAwMDAwMDAsImRlbGV0ZSI6NDMyMDAwMDAwMDAwMDAsInVwZGF0ZSI6OTAwMDAwMDAwMDAwfX0=",
          "dependencies": [
            "oci_identity_compartment.home_compartment",
            "oci_identity_tag_namespace.tag"
          ]
        }
      ]
    },
    {
      "mode": "managed",
      "type": "oci_identity_tag",
      "name": "tag-key-stack",
      "provider": "provider[\"registry.terraform.io/oracle/oci\"]",
      "instances": [
        {
          "schema_version": 0,
          "attributes": {
            "defined_tags": {
              "Oracle-Tags.CreatedBy": "default/gaurav.shirsathe@infosys.com",
              "Oracle-Tags.CreatedOn": "2023-09-12T13:33:32.267Z"
            },
            "description": "Track Application and Database",
            "freeform_tags": {},
            "id": "ocid1.tagdefinition.oc1..aaaaaaaah3esvfagptc5evhwdawtdlu6v24a4gk24g52fotvuqy7bpxevdla",
            "is_cost_tracking": false,
            "is_retired": false,
            "name": "tag-key-stack",
            "state": "ACTIVE",
            "tag_namespace_id": "ocid1.tagnamespace.oc1..aaaaaaaafx7wsi7zjroqohnlplio4or34qhx5742rb7kqam33d3w2ogfbqdq",
            "time_created": "2023-09-12 13:33:34.099 +0000 UTC",
            "timeouts": null,
            "validator": [
              {
                "validator_type": "ENUM",
                "values": [
                  "app",
                  "db",
                  "lb",
                  "exa",
                  "dmz",
                  "hub"
                ]
              }
            ]
          },
          "sensitive_attributes": [],
          "private": "eyJlMmJmYjczMC1lY2FhLTExZTYtOGY4OC0zNDM2M2JjN2M0YzAiOnsiY3JlYXRlIjo5MDAwMDAwMDAwMDAsImRlbGV0ZSI6NDMyMDAwMDAwMDAwMDAsInVwZGF0ZSI6OTAwMDAwMDAwMDAwfX0=",
          "dependencies": [
            "oci_identity_compartment.home_compartment",
            "oci_identity_tag_namespace.tag"
          ]
        }
      ]
    },
    {
      "mode": "managed",
      "type": "oci_identity_tag_namespace",
      "name": "tag",
      "provider": "provider[\"registry.terraform.io/oracle/oci\"]",
      "instances": [
        {
          "schema_version": 0,
          "attributes": {
            "compartment_id": "ocid1.compartment.oc1..aaaaaaaaefakcixvn4ovpsjm7buek447a5ucvjh52x7wwy4tuh23lhfxni4a",
            "defined_tags": {
              "Oracle-Tags.CreatedBy": "default/gaurav.shirsathe@infosys.com",
              "Oracle-Tags.CreatedOn": "2023-09-12T13:33:32.267Z"
            },
            "description": "Tagging Options",
            "freeform_tags": {},
            "id": "ocid1.tagnamespace.oc1..aaaaaaaafx7wsi7zjroqohnlplio4or34qhx5742rb7kqam33d3w2ogfbqdq",
            "is_retired": false,
            "name": "tag-oci",
            "state": "ACTIVE",
            "time_created": "2023-09-12 13:33:32.45 +0000 UTC",
            "timeouts": null
          },
          "sensitive_attributes": [],
          "private": "eyJlMmJmYjczMC1lY2FhLTExZTYtOGY4OC0zNDM2M2JjN2M0YzAiOnsiY3JlYXRlIjoxMjAwMDAwMDAwMDAwLCJkZWxldGUiOjEyMDAwMDAwMDAwMDAsInVwZGF0ZSI6MTIwMDAwMDAwMDAwMH19",
          "dependencies": [
            "oci_identity_compartment.home_compartment"
          ]
        }
      ]
    },
    {
      "mode": "managed",
      "type": "oci_identity_user",
      "name": "app_admin",
      "provider": "provider[\"registry.terraform.io/oracle/oci\"]",
      "instances": [
        {
          "schema_version": 0,
          "attributes": {
            "capabilities": [
              {
                "can_use_api_keys": true,
                "can_use_auth_tokens": true,
                "can_use_console_password": true,
                "can_use_customer_secret_keys": true,
                "can_use_db_credentials": true,
                "can_use_oauth2client_credentials": true,
                "can_use_smtp_credentials": true
              }
            ],
            "compartment_id": "ocid1.tenancy.oc1..aaaaaaaavq7mli6vqbhibwzbkywghhu7v233cjudlejd5jgyqwsdsuen77ba",
            "db_user_name": null,
            "defined_tags": {
              "Oracle-Tags.CreatedBy": "default/gaurav.shirsathe@infosys.com",
              "Oracle-Tags.CreatedOn": "2023-09-12T13:33:22.424Z"
            },
            "description": "IAM User for Application Admin",
            "email": "appadmin@example.com",
            "email_verified": false,
            "external_identifier": "e5cb2a6f96ff4bfa94de9c6be3fc3d95",
            "freeform_tags": {},
            "id": "ocid1.user.oc1..aaaaaaaajctajrwlo3cbxtsq257mn5hhdpx5o4s76grhzbok7awkurkrxlna",
            "identity_provider_id": null,
            "inactive_state": null,
            "last_successful_login_time": null,
            "name": "app_admin",
            "previous_successful_login_time": null,
            "state": "ACTIVE",
            "time_created": "2023-09-12 13:33:22.45 +0000 UTC",
            "timeouts": null
          },
          "sensitive_attributes": [],
          "private": "eyJlMmJmYjczMC1lY2FhLTExZTYtOGY4OC0zNDM2M2JjN2M0YzAiOnsiY3JlYXRlIjoxMjAwMDAwMDAwMDAwLCJkZWxldGUiOjEyMDAwMDAwMDAwMDAsInVwZGF0ZSI6MTIwMDAwMDAwMDAwMH19"
        }
      ]
    },
    {
      "mode": "managed",
      "type": "oci_identity_user",
      "name": "db_admin",
      "provider": "provider[\"registry.terraform.io/oracle/oci\"]",
      "instances": [
        {
          "schema_version": 0,
          "attributes": {
            "capabilities": [
              {
                "can_use_api_keys": true,
                "can_use_auth_tokens": true,
                "can_use_console_password": true,
                "can_use_customer_secret_keys": true,
                "can_use_db_credentials": true,
                "can_use_oauth2client_credentials": true,
                "can_use_smtp_credentials": true
              }
            ],
            "compartment_id": "ocid1.tenancy.oc1..aaaaaaaavq7mli6vqbhibwzbkywghhu7v233cjudlejd5jgyqwsdsuen77ba",
            "db_user_name": null,
            "defined_tags": {
              "Oracle-Tags.CreatedBy": "default/gaurav.shirsathe@infosys.com",
              "Oracle-Tags.CreatedOn": "2023-09-12T13:33:23.590Z"
            },
            "description": "IAM User for Database Admin",
            "email": "dbadmin@example.com",
            "email_verified": false,
            "external_identifier": "0dd21f9dbfcd4f10ae801ac6bfec61a5",
            "freeform_tags": {},
            "id": "ocid1.user.oc1..aaaaaaaaz3xti5o2tcwe5vfhnnx2cu5npfd7ptk75iqqbse2iikdk5adolgq",
            "identity_provider_id": null,
            "inactive_state": null,
            "last_successful_login_time": null,
            "name": "db_admin",
            "previous_successful_login_time": null,
            "state": "ACTIVE",
            "time_created": "2023-09-12 13:33:23.647 +0000 UTC",
            "timeouts": null
          },
          "sensitive_attributes": [],
          "private": "eyJlMmJmYjczMC1lY2FhLTExZTYtOGY4OC0zNDM2M2JjN2M0YzAiOnsiY3JlYXRlIjoxMjAwMDAwMDAwMDAwLCJkZWxldGUiOjEyMDAwMDAwMDAwMDAsInVwZGF0ZSI6MTIwMDAwMDAwMDAwMH19"
        }
      ]
    },
    {
      "mode": "managed",
      "type": "oci_identity_user",
      "name": "net_admin",
      "provider": "provider[\"registry.terraform.io/oracle/oci\"]",
      "instances": [
        {
          "schema_version": 0,
          "attributes": {
            "capabilities": [
              {
                "can_use_api_keys": true,
                "can_use_auth_tokens": true,
                "can_use_console_password": true,
                "can_use_customer_secret_keys": true,
                "can_use_db_credentials": true,
                "can_use_oauth2client_credentials": true,
                "can_use_smtp_credentials": true
              }
            ],
            "compartment_id": "ocid1.tenancy.oc1..aaaaaaaavq7mli6vqbhibwzbkywghhu7v233cjudlejd5jgyqwsdsuen77ba",
            "db_user_name": null,
            "defined_tags": {
              "Oracle-Tags.CreatedBy": "default/gaurav.shirsathe@infosys.com",
              "Oracle-Tags.CreatedOn": "2023-09-12T13:33:22.384Z"
            },
            "description": "IAM User for Network Admin",
            "email": "netadmin@example.com",
            "email_verified": false,
            "external_identifier": "29685b745a8346c9be0e7b3c55f6d91d",
            "freeform_tags": {},
            "id": "ocid1.user.oc1..aaaaaaaawi5f4mrim5fi6fboqsb4lbdnw7re5ms5c3b54r7nx65rdxpwx5fa",
            "identity_provider_id": null,
            "inactive_state": null,
            "last_successful_login_time": null,
            "name": "net_admin",
            "previous_successful_login_time": null,
            "state": "ACTIVE",
            "time_created": "2023-09-12 13:33:22.414 +0000 UTC",
            "timeouts": null
          },
          "sensitive_attributes": [],
          "private": "eyJlMmJmYjczMC1lY2FhLTExZTYtOGY4OC0zNDM2M2JjN2M0YzAiOnsiY3JlYXRlIjoxMjAwMDAwMDAwMDAwLCJkZWxldGUiOjEyMDAwMDAwMDAwMDAsInVwZGF0ZSI6MTIwMDAwMDAwMDAwMH19"
        }
      ]
    },
    {
      "mode": "managed",
      "type": "oci_identity_user",
      "name": "sec_admin",
      "provider": "provider[\"registry.terraform.io/oracle/oci\"]",
      "instances": [
        {
          "schema_version": 0,
          "attributes": {
            "capabilities": [
              {
                "can_use_api_keys": true,
                "can_use_auth_tokens": true,
                "can_use_console_password": true,
                "can_use_customer_secret_keys": true,
                "can_use_db_credentials": true,
                "can_use_oauth2client_credentials": true,
                "can_use_smtp_credentials": true
              }
            ],
            "compartment_id": "ocid1.tenancy.oc1..aaaaaaaavq7mli6vqbhibwzbkywghhu7v233cjudlejd5jgyqwsdsuen77ba",
            "db_user_name": null,
            "defined_tags": {
              "Oracle-Tags.CreatedBy": "default/gaurav.shirsathe@infosys.com",
              "Oracle-Tags.CreatedOn": "2023-09-12T13:33:22.523Z"
            },
            "description": "IAM User for Security Admin",
            "email": "secadmin@example.com",
            "email_verified": false,
            "external_identifier": "efc535194efd4389a85a052b3214eb21",
            "freeform_tags": {},
            "id": "ocid1.user.oc1..aaaaaaaa3vbxlmbuqobr47335wcycxiwlajii7ozcvpish63l6lkea4acahq",
            "identity_provider_id": null,
            "inactive_state": null,
            "last_successful_login_time": null,
            "name": "sec-admin",
            "previous_successful_login_time": null,
            "state": "ACTIVE",
            "time_created": "2023-09-12 13:33:22.546 +0000 UTC",
            "timeouts": null
          },
          "sensitive_attributes": [],
          "private": "eyJlMmJmYjczMC1lY2FhLTExZTYtOGY4OC0zNDM2M2JjN2M0YzAiOnsiY3JlYXRlIjoxMjAwMDAwMDAwMDAwLCJkZWxldGUiOjEyMDAwMDAwMDAwMDAsInVwZGF0ZSI6MTIwMDAwMDAwMDAwMH19"
        }
      ]
    },
    {
      "mode": "managed",
      "type": "oci_monitoring_alarm",
      "name": "compute_test_alarm",
      "provider": "provider[\"registry.terraform.io/oracle/oci\"]",
      "instances": [
        {
          "schema_version": 0,
          "attributes": {
            "body": "This is alarm",
            "compartment_id": "ocid1.compartment.oc1..aaaaaaaasngmebgnyqvnk46o72zd4nvryidpjdxxzzu6avnbtlnmdzigemda",
            "defined_tags": {
              "Oracle-Tags.CreatedBy": "default/gaurav.shirsathe@infosys.com",
              "Oracle-Tags.CreatedOn": "2023-09-26T11:25:45.605Z",
              "tag-oci.tag-key-env": "non-prod",
              "tag-oci.tag-key-reg": "phx"
            },
            "destinations": [
              "ocid1.onstopic.oc1.iad.aaaaaaaakv7tvolrww5lu2nwz5vvxzzo2nawf7tt6buptfuspbzwyi45iotq"
            ],
            "display_name": "compute_demo_alarm",
            "freeform_tags": {},
            "id": "ocid1.alarm.oc1.iad.aaaaaaaa4cinnsq3uzjaqegml25zhr7vu435cnjisb437qu72impjxeqedna",
            "is_enabled": true,
            "is_notifications_per_metric_dimension_enabled": false,
            "message_format": "RAW",
            "metric_compartment_id": "ocid1.compartment.oc1..aaaaaaaasngmebgnyqvnk46o72zd4nvryidpjdxxzzu6avnbtlnmdzigemda",
            "metric_compartment_id_in_subtree": false,
            "namespace": "oci_computeagent",
            "pending_duration": "PT1M",
            "query": "CpuUtilization[1m].mean() \u003e 80",
            "repeat_notification_duration": null,
            "resolution": "1m",
            "resource_group": null,
            "severity": "CRITICAL",
            "state": "ACTIVE",
            "suppression": [],
            "time_created": "2023-09-26 11:25:46.614 +0000 UTC",
            "time_updated": "2023-09-26 11:25:46.614 +0000 UTC",
            "timeouts": null
          },
          "sensitive_attributes": [],
          "private": "eyJlMmJmYjczMC1lY2FhLTExZTYtOGY4OC0zNDM2M2JjN2M0YzAiOnsiY3JlYXRlIjoxMjAwMDAwMDAwMDAwLCJkZWxldGUiOjEyMDAwMDAwMDAwMDAsInVwZGF0ZSI6MTIwMDAwMDAwMDAwMH19",
          "dependencies": [
            "oci_identity_compartment.prod_security_compartment",
            "oci_ons_notification_topic.compute_notification_topic"
          ]
        }
      ]
    },
    {
      "mode": "managed",
      "type": "oci_ons_notification_topic",
      "name": "budget_notification_topic",
      "provider": "provider[\"registry.terraform.io/oracle/oci\"]",
      "instances": [
        {
          "schema_version": 0,
          "attributes": {
            "api_endpoint": "https://cell1.notification.us-ashburn-1.oci.oraclecloud.com",
            "compartment_id": "ocid1.compartment.oc1..aaaaaaaasngmebgnyqvnk46o72zd4nvryidpjdxxzzu6avnbtlnmdzigemda",
            "defined_tags": {
              "Oracle-Tags.CreatedBy": "default/gaurav.shirsathe@infosys.com",
              "Oracle-Tags.CreatedOn": "2023-09-12T13:34:10.376Z"
            },
            "description": "budget_demo_topic",
            "etag": "3147a605",
            "freeform_tags": {},
            "id": "ocid1.onstopic.oc1.iad.aaaaaaaaamasbywolmufcjpbyeiruj5lex3fqly2fnkuiskdaqquady3uobq",
            "name": "budget_demo_topic",
            "short_topic_id": null,
            "state": "ACTIVE",
            "time_created": "2023-09-12 13:34:10.7 +0000 UTC",
            "timeouts": null,
            "topic_id": "ocid1.onstopic.oc1.iad.aaaaaaaaamasbywolmufcjpbyeiruj5lex3fqly2fnkuiskdaqquady3uobq"
          },
          "sensitive_attributes": [],
          "private": "eyJlMmJmYjczMC1lY2FhLTExZTYtOGY4OC0zNDM2M2JjN2M0YzAiOnsiY3JlYXRlIjo5MDAwMDAwMDAwMDAsImRlbGV0ZSI6OTAwMDAwMDAwMDAwMCwidXBkYXRlIjo5MDAwMDAwMDAwMDB9fQ==",
          "dependencies": [
            "oci_identity_compartment.home_compartment",
            "oci_identity_compartment.prod_environment_compartment",
            "oci_identity_compartment.prod_security_compartment"
          ]
        }
      ]
    },
    {
      "mode": "managed",
      "type": "oci_ons_notification_topic",
      "name": "compute_notification_topic",
      "provider": "provider[\"registry.terraform.io/oracle/oci\"]",
      "instances": [
        {
          "schema_version": 0,
          "attributes": {
            "api_endpoint": "https://cell1.notification.us-ashburn-1.oci.oraclecloud.com",
            "compartment_id": "ocid1.compartment.oc1..aaaaaaaasngmebgnyqvnk46o72zd4nvryidpjdxxzzu6avnbtlnmdzigemda",
            "defined_tags": {
              "Oracle-Tags.CreatedBy": "default/gaurav.shirsathe@infosys.com",
              "Oracle-Tags.CreatedOn": "2023-09-26T11:25:44.584Z"
            },
            "description": "compute_demo_topic",
            "etag": "cc18920c",
            "freeform_tags": {},
            "id": "ocid1.onstopic.oc1.iad.aaaaaaaakv7tvolrww5lu2nwz5vvxzzo2nawf7tt6buptfuspbzwyi45iotq",
            "name": "compute_demo_topic",
            "short_topic_id": null,
            "state": "ACTIVE",
            "time_created": "2023-09-26 11:25:45.002 +0000 UTC",
            "timeouts": null,
            "topic_id": "ocid1.onstopic.oc1.iad.aaaaaaaakv7tvolrww5lu2nwz5vvxzzo2nawf7tt6buptfuspbzwyi45iotq"
          },
          "sensitive_attributes": [],
          "private": "eyJlMmJmYjczMC1lY2FhLTExZTYtOGY4OC0zNDM2M2JjN2M0YzAiOnsiY3JlYXRlIjo5MDAwMDAwMDAwMDAsImRlbGV0ZSI6OTAwMDAwMDAwMDAwMCwidXBkYXRlIjo5MDAwMDAwMDAwMDB9fQ==",
          "dependencies": [
            "oci_identity_compartment.prod_security_compartment"
          ]
        }
      ]
    },
    {
      "mode": "managed",
      "type": "oci_ons_notification_topic",
      "name": "iam_notification_topic",
      "provider": "provider[\"registry.terraform.io/oracle/oci\"]",
      "instances": [
        {
          "schema_version": 0,
          "attributes": {
            "api_endpoint": "https://cell1.notification.us-ashburn-1.oci.oraclecloud.com",
            "compartment_id": "ocid1.compartment.oc1..aaaaaaaasngmebgnyqvnk46o72zd4nvryidpjdxxzzu6avnbtlnmdzigemda",
            "defined_tags": {
              "Oracle-Tags.CreatedBy": "default/gaurav.shirsathe@infosys.com",
              "Oracle-Tags.CreatedOn": "2023-09-12T13:34:10.367Z"
            },
            "description": "iam_demo_topic",
            "etag": "4a6fd949",
            "freeform_tags": {},
            "id": "ocid1.onstopic.oc1.iad.aaaaaaaabmuryb7jpown4fq2pcz3lyfuqi4kg5mh4egc4cpi6aqf7nhhhiga",
            "name": "iam_demo_topic",
            "short_topic_id": null,
            "state": "ACTIVE",
            "time_created": "2023-09-12 13:34:10.544 +0000 UTC",
            "timeouts": null,
            "topic_id": "ocid1.onstopic.oc1.iad.aaaaaaaabmuryb7jpown4fq2pcz3lyfuqi4kg5mh4egc4cpi6aqf7nhhhiga"
          },
          "sensitive_attributes": [],
          "private": "eyJlMmJmYjczMC1lY2FhLTExZTYtOGY4OC0zNDM2M2JjN2M0YzAiOnsiY3JlYXRlIjo5MDAwMDAwMDAwMDAsImRlbGV0ZSI6OTAwMDAwMDAwMDAwMCwidXBkYXRlIjo5MDAwMDAwMDAwMDB9fQ==",
          "dependencies": [
            "oci_identity_compartment.home_compartment",
            "oci_identity_compartment.prod_environment_compartment",
            "oci_identity_compartment.prod_security_compartment"
          ]
        }
      ]
    },
    {
      "mode": "managed",
      "type": "oci_ons_subscription",
      "name": "budget_subscription_service",
      "provider": "provider[\"registry.terraform.io/oracle/oci\"]",
      "instances": [
        {
          "schema_version": 0,
          "attributes": {
            "compartment_id": "ocid1.compartment.oc1..aaaaaaaasngmebgnyqvnk46o72zd4nvryidpjdxxzzu6avnbtlnmdzigemda",
            "created_time": "1695727544819",
            "defined_tags": {
              "Oracle-Tags.CreatedBy": "default/gaurav.shirsathe@infosys.com",
              "Oracle-Tags.CreatedOn": "2023-09-26T11:25:44.675Z"
            },
            "delivery_policy": "{\"maxReceiveRatePerSecond\":0,\"backoffRetryPolicy\":{\"initialDelayInFailureRetry\":60000,\"maxRetryDuration\":7200000,\"policyType\":\"EXPONENTIAL\"}}",
            "endpoint": "gaurav.shirsathe@infosys.com",
            "etag": "82aebef2",
            "freeform_tags": {},
            "id": "ocid1.onssubscription.oc1.iad.aaaaaaaaowwzu4ycngwg2ycpstaljhj4mx6brdvpy2zk4vii4allezardxdq",
            "protocol": "EMAIL",
            "state": "PENDING",
            "timeouts": null,
            "topic_id": "ocid1.onstopic.oc1.iad.aaaaaaaaamasbywolmufcjpbyeiruj5lex3fqly2fnkuiskdaqquady3uobq"
          },
          "sensitive_attributes": [],
          "private": "eyJlMmJmYjczMC1lY2FhLTExZTYtOGY4OC0zNDM2M2JjN2M0YzAiOnsiY3JlYXRlIjoxMjAwMDAwMDAwMDAwLCJkZWxldGUiOjEyMDAwMDAwMDAwMDAsInVwZGF0ZSI6MTIwMDAwMDAwMDAwMH19",
          "dependencies": [
            "oci_identity_compartment.prod_security_compartment",
            "oci_ons_notification_topic.budget_notification_topic"
          ]
        }
      ]
    },
    {
      "mode": "managed",
      "type": "oci_ons_subscription",
      "name": "compute_subscription_service",
      "provider": "provider[\"registry.terraform.io/oracle/oci\"]",
      "instances": [
        {
          "schema_version": 0,
          "attributes": {
            "compartment_id": "ocid1.compartment.oc1..aaaaaaaasngmebgnyqvnk46o72zd4nvryidpjdxxzzu6avnbtlnmdzigemda",
            "created_time": "1695727545173",
            "defined_tags": {
              "Oracle-Tags.CreatedBy": "default/gaurav.shirsathe@infosys.com",
              "Oracle-Tags.CreatedOn": "2023-09-26T11:25:44.591Z"
            },
            "delivery_policy": "{\"maxReceiveRatePerSecond\":0,\"backoffRetryPolicy\":{\"initialDelayInFailureRetry\":60000,\"maxRetryDuration\":7200000,\"policyType\":\"EXPONENTIAL\"}}",
            "endpoint": "gaurav.shirsathe@infosys.com",
            "etag": "d186ad0b",
            "freeform_tags": {},
            "id": "ocid1.onssubscription.oc1.iad.aaaaaaaaupcloie6yhm26qklufprteke6ozgejidqzlr44eh6tv4qhh4d52q",
            "protocol": "EMAIL",
            "state": "PENDING",
            "timeouts": null,
            "topic_id": "ocid1.onstopic.oc1.iad.aaaaaaaakv7tvolrww5lu2nwz5vvxzzo2nawf7tt6buptfuspbzwyi45iotq"
          },
          "sensitive_attributes": [],
          "private": "eyJlMmJmYjczMC1lY2FhLTExZTYtOGY4OC0zNDM2M2JjN2M0YzAiOnsiY3JlYXRlIjoxMjAwMDAwMDAwMDAwLCJkZWxldGUiOjEyMDAwMDAwMDAwMDAsInVwZGF0ZSI6MTIwMDAwMDAwMDAwMH19",
          "dependencies": [
            "oci_identity_compartment.prod_security_compartment",
            "oci_ons_notification_topic.compute_notification_topic"
          ]
        }
      ]
    },
    {
      "mode": "managed",
      "type": "oci_ons_subscription",
      "name": "iam_subscription_service",
      "provider": "provider[\"registry.terraform.io/oracle/oci\"]",
      "instances": [
        {
          "schema_version": 0,
          "attributes": {
            "compartment_id": "ocid1.compartment.oc1..aaaaaaaasngmebgnyqvnk46o72zd4nvryidpjdxxzzu6avnbtlnmdzigemda",
            "created_time": "1695727544726",
            "defined_tags": {
              "Oracle-Tags.CreatedBy": "default/gaurav.shirsathe@infosys.com",
              "Oracle-Tags.CreatedOn": "2023-09-26T11:25:44.591Z"
            },
            "delivery_policy": "{\"maxReceiveRatePerSecond\":0,\"backoffRetryPolicy\":{\"initialDelayInFailureRetry\":60000,\"maxRetryDuration\":7200000,\"policyType\":\"EXPONENTIAL\"}}",
            "endpoint": "gaurav.shirsathe@infosys.com",
            "etag": "db9ccc19",
            "freeform_tags": {},
            "id": "ocid1.onssubscription.oc1.iad.aaaaaaaak3l4k54gsyxqjfdncxh4e54v2iuuysjzwtp7si4alsdaufhuer5q",
            "protocol": "EMAIL",
            "state": "PENDING",
            "timeouts": null,
            "topic_id": "ocid1.onstopic.oc1.iad.aaaaaaaabmuryb7jpown4fq2pcz3lyfuqi4kg5mh4egc4cpi6aqf7nhhhiga"
          },
          "sensitive_attributes": [],
          "private": "eyJlMmJmYjczMC1lY2FhLTExZTYtOGY4OC0zNDM2M2JjN2M0YzAiOnsiY3JlYXRlIjoxMjAwMDAwMDAwMDAwLCJkZWxldGUiOjEyMDAwMDAwMDAwMDAsInVwZGF0ZSI6MTIwMDAwMDAwMDAwMH19",
          "dependencies": [
            "oci_identity_compartment.prod_security_compartment",
            "oci_ons_notification_topic.iam_notification_topic"
          ]
        }
      ]
    },
    {
      "mode": "managed",
      "type": "oci_vulnerability_scanning_host_scan_recipe",
      "name": "test_host_scan_recipe",
      "provider": "provider[\"registry.terraform.io/oracle/oci\"]",
      "instances": [
        {
          "schema_version": 0,
          "attributes": {
            "agent_settings": [
              {
                "agent_configuration": [
                  {
                    "cis_benchmark_settings": [
                      {
                        "scan_level": "NONE"
                      }
                    ],
                    "endpoint_protection_settings": [],
                    "should_un_install": false,
                    "vault_secret_id": "",
                    "vendor": "OCI",
                    "vendor_type": "OCI"
                  }
                ],
                "scan_level": "STANDARD"
              }
            ],
            "application_settings": [
              {
                "application_scan_recurrence": "FREQ=WEEKLY;WKST=SU",
                "folders_to_scan": [
                  {
                    "folder": "/",
                    "operatingsystem": "LINUX"
                  }
                ],
                "is_enabled": true
              }
            ],
            "compartment_id": "ocid1.compartment.oc1..aaaaaaaaefakcixvn4ovpsjm7buek447a5ucvjh52x7wwy4tuh23lhfxni4a",
            "defined_tags": {
              "Oracle-Tags.CreatedBy": "default/gaurav.shirsathe@infosys.com",
              "Oracle-Tags.CreatedOn": "2023-09-25T14:08:45.502Z"
            },
            "display_name": "HostScanRecipe-1695650925",
            "freeform_tags": {},
            "id": "ocid1.vsshostscanrecipe.oc1.iad.aaaaaaaa3habfrlkgxawuketd54q6erwool2d355k2w7pmvfwcw7n6dmpylq",
            "port_settings": [
              {
                "scan_level": "STANDARD"
              }
            ],
            "schedule": [
              {
                "day_of_week": "SUNDAY",
                "type": "DAILY"
              }
            ],
            "state": "ACTIVE",
            "system_tags": {},
            "time_created": "2023-09-25 14:08:45.781 +0000 UTC",
            "time_updated": "2023-09-25 14:08:45.794 +0000 UTC",
            "timeouts": null
          },
          "sensitive_attributes": [],
          "private": "eyJlMmJmYjczMC1lY2FhLTExZTYtOGY4OC0zNDM2M2JjN2M0YzAiOnsiY3JlYXRlIjoxMjAwMDAwMDAwMDAwLCJkZWxldGUiOjEyMDAwMDAwMDAwMDAsInVwZGF0ZSI6MTIwMDAwMDAwMDAwMH19",
          "dependencies": [
            "oci_identity_compartment.home_compartment"
          ]
        }
      ]
    },
    {
      "mode": "managed",
      "type": "oci_vulnerability_scanning_host_scan_target",
      "name": "test_host_scan_target",
      "provider": "provider[\"registry.terraform.io/oracle/oci\"]",
      "instances": [
        {
          "schema_version": 0,
          "attributes": {
            "compartment_id": "ocid1.compartment.oc1..aaaaaaaaefakcixvn4ovpsjm7buek447a5ucvjh52x7wwy4tuh23lhfxni4a",
            "defined_tags": {
              "Oracle-Tags.CreatedBy": "default/gaurav.shirsathe@infosys.com",
              "Oracle-Tags.CreatedOn": "2023-09-25T14:08:46.011Z"
            },
            "description": null,
            "display_name": "HostScanTarget-1695650926",
            "freeform_tags": {},
            "host_scan_recipe_id": "ocid1.vsshostscanrecipe.oc1.iad.aaaaaaaa3habfrlkgxawuketd54q6erwool2d355k2w7pmvfwcw7n6dmpylq",
            "id": "ocid1.vsshostscantarget.oc1.iad.aaaaaaaa4lonvr7xwbegcrospxqkkcuxdy2bpvafb2alz7o53msn6ejvpqia",
            "instance_ids": [],
            "state": "ACTIVE",
            "system_tags": {},
            "target_compartment_id": "ocid1.compartment.oc1..aaaaaaaaefakcixvn4ovpsjm7buek447a5ucvjh52x7wwy4tuh23lhfxni4a",
            "time_created": "2023-09-25 14:08:46.463 +0000 UTC",
            "time_updated": "2023-09-25 14:09:03.943 +0000 UTC",
            "timeouts": null
          },
          "sensitive_attributes": [],
          "private": "eyJlMmJmYjczMC1lY2FhLTExZTYtOGY4OC0zNDM2M2JjN2M0YzAiOnsiY3JlYXRlIjoxMjAwMDAwMDAwMDAwLCJkZWxldGUiOjEyMDAwMDAwMDAwMDAsInVwZGF0ZSI6MTIwMDAwMDAwMDAwMH19",
          "dependencies": [
            "oci_identity_compartment.home_compartment",
            "oci_vulnerability_scanning_host_scan_recipe.test_host_scan_recipe"
          ]
        }
      ]
    }
  ],
  "check_results": null
}
